
Microsoft Visual Studio Solution File, Format Version 12.00
# Visual Studio 15
VisualStudioVersion = 15.0.26124.0
MinimumVisualStudioVersion = 15.0.26124.0
Project("{9A19103F-16F7-4668-BE54-9A1E7A4F7556}") = "R5T.Capua.Construction", "R5T.Capua.Construction\R5T.Capua.Construction.csproj", "{4A28B41B-AD4C-4B21-81C6-A302E4D3D890}"
EndProject
Project("{9A19103F-16F7-4668-BE54-9A1E7A4F7556}") = "R5T.Capua", "R5T.Capua\R5T.Capua.csproj", "{94991CD4-229B-4683-A284-FD091FFEB900}"
EndProject
Project("{9A19103F-16F7-4668-BE54-9A1E7A4F7556}") = "R5T.Capua.Testing", "R5T.Capua.Testing\R5T.Capua.Testing.csproj", "{6F20BB50-5073-42C3-BC70-3559BFF40987}"
EndProject
Project("{2150E333-8FDC-42A3-9474-1A3956D46DE8}") = "_Dependencies", "_Dependencies", "{B587CCD7-BC41-41B9-AF4F-D1255BDF8F29}"
EndProject
Project("{9A19103F-16F7-4668-BE54-9A1E7A4F7556}") = "R5T.Liverpool.HostedServiceProgram", "..\..\R5T.Liverpool\source\R5T.Liverpool.HostedServiceProgram\R5T.Liverpool.HostedServiceProgram.csproj", "{D32563E5-02B2-43FA-ADBE-D3CEA9C656FF}"
EndProject
Project("{9A19103F-16F7-4668-BE54-9A1E7A4F7556}") = "R5T.Liverpool.Host", "..\..\R5T.Liverpool\source\R5T.Liverpool.Host\R5T.Liverpool.Host.csproj", "{163C29A4-E164-40ED-B4FE-0A32A00EDB57}"
EndProject
Project("{9A19103F-16F7-4668-BE54-9A1E7A4F7556}") = "R5T.Liverpool.Host.Types", "..\..\R5T.Liverpool\source\R5T.Liverpool.Host.Types\R5T.Liverpool.Host.Types.csproj", "{57EB4DDA-0444-482C-9339-B3F762FC56C2}"
EndProject
Project("{9A19103F-16F7-4668-BE54-9A1E7A4F7556}") = "R5T.Harstad", "..\..\R5T.Harstad\source\R5T.Harstad\R5T.Harstad.csproj", "{672871A3-1EEA-4026-B7AF-6147FCC59BFA}"
EndProject
Project("{9A19103F-16F7-4668-BE54-9A1E7A4F7556}") = "R5T.Liverpool.Types", "..\..\R5T.Liverpool\source\R5T.Liverpool.Types\R5T.Liverpool.Types.csproj", "{067A7C02-D041-45E7-828A-FF76AE580776}"
EndProject
Project("{9A19103F-16F7-4668-BE54-9A1E7A4F7556}") = "R5T.Chamavia.Extensions", "..\..\R5T.Chamavia.Extensions\source\R5T.Chamavia.Extensions\R5T.Chamavia.Extensions.csproj", "{AEFDB310-0CF8-4373-9C01-CB291F34B811}"
EndProject
Project("{9A19103F-16F7-4668-BE54-9A1E7A4F7556}") = "R5T.Chamavia", "..\..\R5T.Chamavia\source\R5T.Chamavia\R5T.Chamavia.csproj", "{573B2211-F37C-4AB2-815B-9A43D732D055}"
EndProject
Project("{9A19103F-16F7-4668-BE54-9A1E7A4F7556}") = "R5T.Dacia", "..\..\R5T.Dacia\source\R5T.Dacia\R5T.Dacia.csproj", "{F34E19C9-3786-49A3-98BB-A6358663D2F2}"
EndProject
Project("{9A19103F-16F7-4668-BE54-9A1E7A4F7556}") = "R5T.Liverpool.Abstractions", "..\..\R5T.Liverpool\source\R5T.Liverpool.Abstractions\R5T.Liverpool.Abstractions.csproj", "{55EB72C6-48DE-4468-A281-90099206D643}"
EndProject
Project("{9A19103F-16F7-4668-BE54-9A1E7A4F7556}") = "R5T.Liverpool.Startup", "..\..\R5T.Liverpool\source\R5T.Liverpool.Startup\R5T.Liverpool.Startup.csproj", "{7689755A-21F3-46FD-836C-CE6D4F175BE4}"
EndProject
Project("{9A19103F-16F7-4668-BE54-9A1E7A4F7556}") = "R5T.Exeter", "..\..\R5T.Exeter\source\R5T.Exeter\R5T.Exeter.csproj", "{0CA16489-C1DC-4028-8CC6-A381BC7CEF93}"
EndProject
Project("{9A19103F-16F7-4668-BE54-9A1E7A4F7556}") = "R5T.Dacia.Extensions", "..\..\R5T.Dacia.Extensions\source\R5T.Dacia.Extensions\R5T.Dacia.Extensions.csproj", "{0353EA03-BC2F-4E99-A64F-A57B1C231FCA}"
EndProject
Project("{9A19103F-16F7-4668-BE54-9A1E7A4F7556}") = "R5T.Langobard.Extensions", "..\..\R5T.Langobard.Extensions\source\R5T.Langobard.Extensions\R5T.Langobard.Extensions.csproj", "{2C4C9291-5837-499A-A909-2FC7AA9B2EBB}"
EndProject
Project("{9A19103F-16F7-4668-BE54-9A1E7A4F7556}") = "R5T.Langobard", "..\..\R5T.Langobard\source\R5T.Langobard\R5T.Langobard.csproj", "{3D5A052C-ABD6-4522-AFB4-C7C1E4FAED53}"
EndProject
Project("{9A19103F-16F7-4668-BE54-9A1E7A4F7556}") = "R5T.Liverpool.Startup.Core", "..\..\R5T.Liverpool\source\R5T.Liverpool.Startup.Core\R5T.Liverpool.Startup.Core.csproj", "{682661E1-3E2F-497E-89D9-500174D8F6AE}"
EndProject
Project("{9A19103F-16F7-4668-BE54-9A1E7A4F7556}") = "R5T.Richmond.Abstractions", "..\..\R5T.Richmond.Abstractions\source\R5T.Richmond.Abstractions\R5T.Richmond.Abstractions.csproj", "{8AE3F893-B018-44E3-ACC5-C084D9B7DE7D}"
EndProject
Project("{9A19103F-16F7-4668-BE54-9A1E7A4F7556}") = "R5T.Richmond.Types", "..\..\R5T.Richmond.Types\source\R5T.Richmond.Types\R5T.Richmond.Types.csproj", "{5C4B8DE2-59D9-496D-A249-AD9B3FA959FF}"
EndProject
Global
	GlobalSection(SolutionConfigurationPlatforms) = preSolution
		Debug|Any CPU = Debug|Any CPU
		Debug|x64 = Debug|x64
		Debug|x86 = Debug|x86
		Release|Any CPU = Release|Any CPU
		Release|x64 = Release|x64
		Release|x86 = Release|x86
	EndGlobalSection
	GlobalSection(ProjectConfigurationPlatforms) = postSolution
		{4A28B41B-AD4C-4B21-81C6-A302E4D3D890}.Debug|Any CPU.ActiveCfg = Debug|Any CPU
		{4A28B41B-AD4C-4B21-81C6-A302E4D3D890}.Debug|Any CPU.Build.0 = Debug|Any CPU
		{4A28B41B-AD4C-4B21-81C6-A302E4D3D890}.Debug|x64.ActiveCfg = Debug|Any CPU
		{4A28B41B-AD4C-4B21-81C6-A302E4D3D890}.Debug|x64.Build.0 = Debug|Any CPU
		{4A28B41B-AD4C-4B21-81C6-A302E4D3D890}.Debug|x86.ActiveCfg = Debug|Any CPU
		{4A28B41B-AD4C-4B21-81C6-A302E4D3D890}.Debug|x86.Build.0 = Debug|Any CPU
		{4A28B41B-AD4C-4B21-81C6-A302E4D3D890}.Release|Any CPU.ActiveCfg = Release|Any CPU
		{4A28B41B-AD4C-4B21-81C6-A302E4D3D890}.Release|Any CPU.Build.0 = Release|Any CPU
		{4A28B41B-AD4C-4B21-81C6-A302E4D3D890}.Release|x64.ActiveCfg = Release|Any CPU
		{4A28B41B-AD4C-4B21-81C6-A302E4D3D890}.Release|x64.Build.0 = Release|Any CPU
		{4A28B41B-AD4C-4B21-81C6-A302E4D3D890}.Release|x86.ActiveCfg = Release|Any CPU
		{4A28B41B-AD4C-4B21-81C6-A302E4D3D890}.Release|x86.Build.0 = Release|Any CPU
		{94991CD4-229B-4683-A284-FD091FFEB900}.Debug|Any CPU.ActiveCfg = Debug|Any CPU
		{94991CD4-229B-4683-A284-FD091FFEB900}.Debug|Any CPU.Build.0 = Debug|Any CPU
		{94991CD4-229B-4683-A284-FD091FFEB900}.Debug|x64.ActiveCfg = Debug|Any CPU
		{94991CD4-229B-4683-A284-FD091FFEB900}.Debug|x64.Build.0 = Debug|Any CPU
		{94991CD4-229B-4683-A284-FD091FFEB900}.Debug|x86.ActiveCfg = Debug|Any CPU
		{94991CD4-229B-4683-A284-FD091FFEB900}.Debug|x86.Build.0 = Debug|Any CPU
		{94991CD4-229B-4683-A284-FD091FFEB900}.Release|Any CPU.ActiveCfg = Release|Any CPU
		{94991CD4-229B-4683-A284-FD091FFEB900}.Release|Any CPU.Build.0 = Release|Any CPU
		{94991CD4-229B-4683-A284-FD091FFEB900}.Release|x64.ActiveCfg = Release|Any CPU
		{94991CD4-229B-4683-A284-FD091FFEB900}.Release|x64.Build.0 = Release|Any CPU
		{94991CD4-229B-4683-A284-FD091FFEB900}.Release|x86.ActiveCfg = Release|Any CPU
		{94991CD4-229B-4683-A284-FD091FFEB900}.Release|x86.Build.0 = Release|Any CPU
		{6F20BB50-5073-42C3-BC70-3559BFF40987}.Debug|Any CPU.ActiveCfg = Debug|Any CPU
		{6F20BB50-5073-42C3-BC70-3559BFF40987}.Debug|Any CPU.Build.0 = Debug|Any CPU
		{6F20BB50-5073-42C3-BC70-3559BFF40987}.Debug|x64.ActiveCfg = Debug|Any CPU
		{6F20BB50-5073-42C3-BC70-3559BFF40987}.Debug|x64.Build.0 = Debug|Any CPU
		{6F20BB50-5073-42C3-BC70-3559BFF40987}.Debug|x86.ActiveCfg = Debug|Any CPU
		{6F20BB50-5073-42C3-BC70-3559BFF40987}.Debug|x86.Build.0 = Debug|Any CPU
		{6F20BB50-5073-42C3-BC70-3559BFF40987}.Release|Any CPU.ActiveCfg = Release|Any CPU
		{6F20BB50-5073-42C3-BC70-3559BFF40987}.Release|Any CPU.Build.0 = Release|Any CPU
		{6F20BB50-5073-42C3-BC70-3559BFF40987}.Release|x64.ActiveCfg = Release|Any CPU
		{6F20BB50-5073-42C3-BC70-3559BFF40987}.Release|x64.Build.0 = Release|Any CPU
		{6F20BB50-5073-42C3-BC70-3559BFF40987}.Release|x86.ActiveCfg = Release|Any CPU
		{6F20BB50-5073-42C3-BC70-3559BFF40987}.Release|x86.Build.0 = Release|Any CPU
		{D32563E5-02B2-43FA-ADBE-D3CEA9C656FF}.Debug|Any CPU.ActiveCfg = Debug|Any CPU
		{D32563E5-02B2-43FA-ADBE-D3CEA9C656FF}.Debug|Any CPU.Build.0 = Debug|Any CPU
		{D32563E5-02B2-43FA-ADBE-D3CEA9C656FF}.Debug|x64.ActiveCfg = Debug|Any CPU
		{D32563E5-02B2-43FA-ADBE-D3CEA9C656FF}.Debug|x64.Build.0 = Debug|Any CPU
		{D32563E5-02B2-43FA-ADBE-D3CEA9C656FF}.Debug|x86.ActiveCfg = Debug|Any CPU
		{D32563E5-02B2-43FA-ADBE-D3CEA9C656FF}.Debug|x86.Build.0 = Debug|Any CPU
		{D32563E5-02B2-43FA-ADBE-D3CEA9C656FF}.Release|Any CPU.ActiveCfg = Release|Any CPU
		{D32563E5-02B2-43FA-ADBE-D3CEA9C656FF}.Release|Any CPU.Build.0 = Release|Any CPU
		{D32563E5-02B2-43FA-ADBE-D3CEA9C656FF}.Release|x64.ActiveCfg = Release|Any CPU
		{D32563E5-02B2-43FA-ADBE-D3CEA9C656FF}.Release|x64.Build.0 = Release|Any CPU
		{D32563E5-02B2-43FA-ADBE-D3CEA9C656FF}.Release|x86.ActiveCfg = Release|Any CPU
		{D32563E5-02B2-43FA-ADBE-D3CEA9C656FF}.Release|x86.Build.0 = Release|Any CPU
		{163C29A4-E164-40ED-B4FE-0A32A00EDB57}.Debug|Any CPU.ActiveCfg = Debug|Any CPU
		{163C29A4-E164-40ED-B4FE-0A32A00EDB57}.Debug|Any CPU.Build.0 = Debug|Any CPU
		{163C29A4-E164-40ED-B4FE-0A32A00EDB57}.Debug|x64.ActiveCfg = Debug|Any CPU
		{163C29A4-E164-40ED-B4FE-0A32A00EDB57}.Debug|x64.Build.0 = Debug|Any CPU
		{163C29A4-E164-40ED-B4FE-0A32A00EDB57}.Debug|x86.ActiveCfg = Debug|Any CPU
		{163C29A4-E164-40ED-B4FE-0A32A00EDB57}.Debug|x86.Build.0 = Debug|Any CPU
		{163C29A4-E164-40ED-B4FE-0A32A00EDB57}.Release|Any CPU.ActiveCfg = Release|Any CPU
		{163C29A4-E164-40ED-B4FE-0A32A00EDB57}.Release|Any CPU.Build.0 = Release|Any CPU
		{163C29A4-E164-40ED-B4FE-0A32A00EDB57}.Release|x64.ActiveCfg = Release|Any CPU
		{163C29A4-E164-40ED-B4FE-0A32A00EDB57}.Release|x64.Build.0 = Release|Any CPU
		{163C29A4-E164-40ED-B4FE-0A32A00EDB57}.Release|x86.ActiveCfg = Release|Any CPU
		{163C29A4-E164-40ED-B4FE-0A32A00EDB57}.Release|x86.Build.0 = Release|Any CPU
		{57EB4DDA-0444-482C-9339-B3F762FC56C2}.Debug|Any CPU.ActiveCfg = Debug|Any CPU
		{57EB4DDA-0444-482C-9339-B3F762FC56C2}.Debug|Any CPU.Build.0 = Debug|Any CPU
		{57EB4DDA-0444-482C-9339-B3F762FC56C2}.Debug|x64.ActiveCfg = Debug|Any CPU
		{57EB4DDA-0444-482C-9339-B3F762FC56C2}.Debug|x64.Build.0 = Debug|Any CPU
		{57EB4DDA-0444-482C-9339-B3F762FC56C2}.Debug|x86.ActiveCfg = Debug|Any CPU
		{57EB4DDA-0444-482C-9339-B3F762FC56C2}.Debug|x86.Build.0 = Debug|Any CPU
		{57EB4DDA-0444-482C-9339-B3F762FC56C2}.Release|Any CPU.ActiveCfg = Release|Any CPU
		{57EB4DDA-0444-482C-9339-B3F762FC56C2}.Release|Any CPU.Build.0 = Release|Any CPU
		{57EB4DDA-0444-482C-9339-B3F762FC56C2}.Release|x64.ActiveCfg = Release|Any CPU
		{57EB4DDA-0444-482C-9339-B3F762FC56C2}.Release|x64.Build.0 = Release|Any CPU
		{57EB4DDA-0444-482C-9339-B3F762FC56C2}.Release|x86.ActiveCfg = Release|Any CPU
		{57EB4DDA-0444-482C-9339-B3F762FC56C2}.Release|x86.Build.0 = Release|Any CPU
		{672871A3-1EEA-4026-B7AF-6147FCC59BFA}.Debug|Any CPU.ActiveCfg = Debug|Any CPU
		{672871A3-1EEA-4026-B7AF-6147FCC59BFA}.Debug|Any CPU.Build.0 = Debug|Any CPU
		{672871A3-1EEA-4026-B7AF-6147FCC59BFA}.Debug|x64.ActiveCfg = Debug|Any CPU
		{672871A3-1EEA-4026-B7AF-6147FCC59BFA}.Debug|x64.Build.0 = Debug|Any CPU
		{672871A3-1EEA-4026-B7AF-6147FCC59BFA}.Debug|x86.ActiveCfg = Debug|Any CPU
		{672871A3-1EEA-4026-B7AF-6147FCC59BFA}.Debug|x86.Build.0 = Debug|Any CPU
		{672871A3-1EEA-4026-B7AF-6147FCC59BFA}.Release|Any CPU.ActiveCfg = Release|Any CPU
		{672871A3-1EEA-4026-B7AF-6147FCC59BFA}.Release|Any CPU.Build.0 = Release|Any CPU
		{672871A3-1EEA-4026-B7AF-6147FCC59BFA}.Release|x64.ActiveCfg = Release|Any CPU
		{672871A3-1EEA-4026-B7AF-6147FCC59BFA}.Release|x64.Build.0 = Release|Any CPU
		{672871A3-1EEA-4026-B7AF-6147FCC59BFA}.Release|x86.ActiveCfg = Release|Any CPU
		{672871A3-1EEA-4026-B7AF-6147FCC59BFA}.Release|x86.Build.0 = Release|Any CPU
		{067A7C02-D041-45E7-828A-FF76AE580776}.Debug|Any CPU.ActiveCfg = Debug|Any CPU
		{067A7C02-D041-45E7-828A-FF76AE580776}.Debug|Any CPU.Build.0 = Debug|Any CPU
		{067A7C02-D041-45E7-828A-FF76AE580776}.Debug|x64.ActiveCfg = Debug|Any CPU
		{067A7C02-D041-45E7-828A-FF76AE580776}.Debug|x64.Build.0 = Debug|Any CPU
		{067A7C02-D041-45E7-828A-FF76AE580776}.Debug|x86.ActiveCfg = Debug|Any CPU
		{067A7C02-D041-45E7-828A-FF76AE580776}.Debug|x86.Build.0 = Debug|Any CPU
		{067A7C02-D041-45E7-828A-FF76AE580776}.Release|Any CPU.ActiveCfg = Release|Any CPU
		{067A7C02-D041-45E7-828A-FF76AE580776}.Release|Any CPU.Build.0 = Release|Any CPU
		{067A7C02-D041-45E7-828A-FF76AE580776}.Release|x64.ActiveCfg = Release|Any CPU
		{067A7C02-D041-45E7-828A-FF76AE580776}.Release|x64.Build.0 = Release|Any CPU
		{067A7C02-D041-45E7-828A-FF76AE580776}.Release|x86.ActiveCfg = Release|Any CPU
		{067A7C02-D041-45E7-828A-FF76AE580776}.Release|x86.Build.0 = Release|Any CPU
		{AEFDB310-0CF8-4373-9C01-CB291F34B811}.Debug|Any CPU.ActiveCfg = Debug|Any CPU
		{AEFDB310-0CF8-4373-9C01-CB291F34B811}.Debug|Any CPU.Build.0 = Debug|Any CPU
		{AEFDB310-0CF8-4373-9C01-CB291F34B811}.Debug|x64.ActiveCfg = Debug|Any CPU
		{AEFDB310-0CF8-4373-9C01-CB291F34B811}.Debug|x64.Build.0 = Debug|Any CPU
		{AEFDB310-0CF8-4373-9C01-CB291F34B811}.Debug|x86.ActiveCfg = Debug|Any CPU
		{AEFDB310-0CF8-4373-9C01-CB291F34B811}.Debug|x86.Build.0 = Debug|Any CPU
		{AEFDB310-0CF8-4373-9C01-CB291F34B811}.Release|Any CPU.ActiveCfg = Release|Any CPU
		{AEFDB310-0CF8-4373-9C01-CB291F34B811}.Release|Any CPU.Build.0 = Release|Any CPU
		{AEFDB310-0CF8-4373-9C01-CB291F34B811}.Release|x64.ActiveCfg = Release|Any CPU
		{AEFDB310-0CF8-4373-9C01-CB291F34B811}.Release|x64.Build.0 = Release|Any CPU
		{AEFDB310-0CF8-4373-9C01-CB291F34B811}.Release|x86.ActiveCfg = Release|Any CPU
		{AEFDB310-0CF8-4373-9C01-CB291F34B811}.Release|x86.Build.0 = Release|Any CPU
		{573B2211-F37C-4AB2-815B-9A43D732D055}.Debug|Any CPU.ActiveCfg = Debug|Any CPU
		{573B2211-F37C-4AB2-815B-9A43D732D055}.Debug|Any CPU.Build.0 = Debug|Any CPU
		{573B2211-F37C-4AB2-815B-9A43D732D055}.Debug|x64.ActiveCfg = Debug|Any CPU
		{573B2211-F37C-4AB2-815B-9A43D732D055}.Debug|x64.Build.0 = Debug|Any CPU
		{573B2211-F37C-4AB2-815B-9A43D732D055}.Debug|x86.ActiveCfg = Debug|Any CPU
		{573B2211-F37C-4AB2-815B-9A43D732D055}.Debug|x86.Build.0 = Debug|Any CPU
		{573B2211-F37C-4AB2-815B-9A43D732D055}.Release|Any CPU.ActiveCfg = Release|Any CPU
		{573B2211-F37C-4AB2-815B-9A43D732D055}.Release|Any CPU.Build.0 = Release|Any CPU
		{573B2211-F37C-4AB2-815B-9A43D732D055}.Release|x64.ActiveCfg = Release|Any CPU
		{573B2211-F37C-4AB2-815B-9A43D732D055}.Release|x64.Build.0 = Release|Any CPU
		{573B2211-F37C-4AB2-815B-9A43D732D055}.Release|x86.ActiveCfg = Release|Any CPU
		{573B2211-F37C-4AB2-815B-9A43D732D055}.Release|x86.Build.0 = Release|Any CPU
		{F34E19C9-3786-49A3-98BB-A6358663D2F2}.Debug|Any CPU.ActiveCfg = Debug|Any CPU
		{F34E19C9-3786-49A3-98BB-A6358663D2F2}.Debug|Any CPU.Build.0 = Debug|Any CPU
		{F34E19C9-3786-49A3-98BB-A6358663D2F2}.Debug|x64.ActiveCfg = Debug|Any CPU
		{F34E19C9-3786-49A3-98BB-A6358663D2F2}.Debug|x64.Build.0 = Debug|Any CPU
		{F34E19C9-3786-49A3-98BB-A6358663D2F2}.Debug|x86.ActiveCfg = Debug|Any CPU
		{F34E19C9-3786-49A3-98BB-A6358663D2F2}.Debug|x86.Build.0 = Debug|Any CPU
		{F34E19C9-3786-49A3-98BB-A6358663D2F2}.Release|Any CPU.ActiveCfg = Release|Any CPU
		{F34E19C9-3786-49A3-98BB-A6358663D2F2}.Release|Any CPU.Build.0 = Release|Any CPU
		{F34E19C9-3786-49A3-98BB-A6358663D2F2}.Release|x64.ActiveCfg = Release|Any CPU
		{F34E19C9-3786-49A3-98BB-A6358663D2F2}.Release|x64.Build.0 = Release|Any CPU
		{F34E19C9-3786-49A3-98BB-A6358663D2F2}.Release|x86.ActiveCfg = Release|Any CPU
		{F34E19C9-3786-49A3-98BB-A6358663D2F2}.Release|x86.Build.0 = Release|Any CPU
		{55EB72C6-48DE-4468-A281-90099206D643}.Debug|Any CPU.ActiveCfg = Debug|Any CPU
		{55EB72C6-48DE-4468-A281-90099206D643}.Debug|Any CPU.Build.0 = Debug|Any CPU
		{55EB72C6-48DE-4468-A281-90099206D643}.Debug|x64.ActiveCfg = Debug|Any CPU
		{55EB72C6-48DE-4468-A281-90099206D643}.Debug|x64.Build.0 = Debug|Any CPU
		{55EB72C6-48DE-4468-A281-90099206D643}.Debug|x86.ActiveCfg = Debug|Any CPU
		{55EB72C6-48DE-4468-A281-90099206D643}.Debug|x86.Build.0 = Debug|Any CPU
		{55EB72C6-48DE-4468-A281-90099206D643}.Release|Any CPU.ActiveCfg = Release|Any CPU
		{55EB72C6-48DE-4468-A281-90099206D643}.Release|Any CPU.Build.0 = Release|Any CPU
		{55EB72C6-48DE-4468-A281-90099206D643}.Release|x64.ActiveCfg = Release|Any CPU
		{55EB72C6-48DE-4468-A281-90099206D643}.Release|x64.Build.0 = Release|Any CPU
		{55EB72C6-48DE-4468-A281-90099206D643}.Release|x86.ActiveCfg = Release|Any CPU
		{55EB72C6-48DE-4468-A281-90099206D643}.Release|x86.Build.0 = Release|Any CPU
		{7689755A-21F3-46FD-836C-CE6D4F175BE4}.Debug|Any CPU.ActiveCfg = Debug|Any CPU
		{7689755A-21F3-46FD-836C-CE6D4F175BE4}.Debug|Any CPU.Build.0 = Debug|Any CPU
		{7689755A-21F3-46FD-836C-CE6D4F175BE4}.Debug|x64.ActiveCfg = Debug|Any CPU
		{7689755A-21F3-46FD-836C-CE6D4F175BE4}.Debug|x64.Build.0 = Debug|Any CPU
		{7689755A-21F3-46FD-836C-CE6D4F175BE4}.Debug|x86.ActiveCfg = Debug|Any CPU
		{7689755A-21F3-46FD-836C-CE6D4F175BE4}.Debug|x86.Build.0 = Debug|Any CPU
		{7689755A-21F3-46FD-836C-CE6D4F175BE4}.Release|Any CPU.ActiveCfg = Release|Any CPU
		{7689755A-21F3-46FD-836C-CE6D4F175BE4}.Release|Any CPU.Build.0 = Release|Any CPU
		{7689755A-21F3-46FD-836C-CE6D4F175BE4}.Release|x64.ActiveCfg = Release|Any CPU
		{7689755A-21F3-46FD-836C-CE6D4F175BE4}.Release|x64.Build.0 = Release|Any CPU
		{7689755A-21F3-46FD-836C-CE6D4F175BE4}.Release|x86.ActiveCfg = Release|Any CPU
		{7689755A-21F3-46FD-836C-CE6D4F175BE4}.Release|x86.Build.0 = Release|Any CPU
		{0CA16489-C1DC-4028-8CC6-A381BC7CEF93}.Debug|Any CPU.ActiveCfg = Debug|Any CPU
		{0CA16489-C1DC-4028-8CC6-A381BC7CEF93}.Debug|Any CPU.Build.0 = Debug|Any CPU
		{0CA16489-C1DC-4028-8CC6-A381BC7CEF93}.Debug|x64.ActiveCfg = Debug|Any CPU
		{0CA16489-C1DC-4028-8CC6-A381BC7CEF93}.Debug|x64.Build.0 = Debug|Any CPU
		{0CA16489-C1DC-4028-8CC6-A381BC7CEF93}.Debug|x86.ActiveCfg = Debug|Any CPU
		{0CA16489-C1DC-4028-8CC6-A381BC7CEF93}.Debug|x86.Build.0 = Debug|Any CPU
		{0CA16489-C1DC-4028-8CC6-A381BC7CEF93}.Release|Any CPU.ActiveCfg = Release|Any CPU
		{0CA16489-C1DC-4028-8CC6-A381BC7CEF93}.Release|Any CPU.Build.0 = Release|Any CPU
		{0CA16489-C1DC-4028-8CC6-A381BC7CEF93}.Release|x64.ActiveCfg = Release|Any CPU
		{0CA16489-C1DC-4028-8CC6-A381BC7CEF93}.Release|x64.Build.0 = Release|Any CPU
		{0CA16489-C1DC-4028-8CC6-A381BC7CEF93}.Release|x86.ActiveCfg = Release|Any CPU
		{0CA16489-C1DC-4028-8CC6-A381BC7CEF93}.Release|x86.Build.0 = Release|Any CPU
		{0353EA03-BC2F-4E99-A64F-A57B1C231FCA}.Debug|Any CPU.ActiveCfg = Debug|Any CPU
		{0353EA03-BC2F-4E99-A64F-A57B1C231FCA}.Debug|Any CPU.Build.0 = Debug|Any CPU
		{0353EA03-BC2F-4E99-A64F-A57B1C231FCA}.Debug|x64.ActiveCfg = Debug|Any CPU
		{0353EA03-BC2F-4E99-A64F-A57B1C231FCA}.Debug|x64.Build.0 = Debug|Any CPU
		{0353EA03-BC2F-4E99-A64F-A57B1C231FCA}.Debug|x86.ActiveCfg = Debug|Any CPU
		{0353EA03-BC2F-4E99-A64F-A57B1C231FCA}.Debug|x86.Build.0 = Debug|Any CPU
		{0353EA03-BC2F-4E99-A64F-A57B1C231FCA}.Release|Any CPU.ActiveCfg = Release|Any CPU
		{0353EA03-BC2F-4E99-A64F-A57B1C231FCA}.Release|Any CPU.Build.0 = Release|Any CPU
		{0353EA03-BC2F-4E99-A64F-A57B1C231FCA}.Release|x64.ActiveCfg = Release|Any CPU
		{0353EA03-BC2F-4E99-A64F-A57B1C231FCA}.Release|x64.Build.0 = Release|Any CPU
		{0353EA03-BC2F-4E99-A64F-A57B1C231FCA}.Release|x86.ActiveCfg = Release|Any CPU
		{0353EA03-BC2F-4E99-A64F-A57B1C231FCA}.Release|x86.Build.0 = Release|Any CPU
		{2C4C9291-5837-499A-A909-2FC7AA9B2EBB}.Debug|Any CPU.ActiveCfg = Debug|Any CPU
		{2C4C9291-5837-499A-A909-2FC7AA9B2EBB}.Debug|Any CPU.Build.0 = Debug|Any CPU
		{2C4C9291-5837-499A-A909-2FC7AA9B2EBB}.Debug|x64.ActiveCfg = Debug|Any CPU
		{2C4C9291-5837-499A-A909-2FC7AA9B2EBB}.Debug|x64.Build.0 = Debug|Any CPU
		{2C4C9291-5837-499A-A909-2FC7AA9B2EBB}.Debug|x86.ActiveCfg = Debug|Any CPU
		{2C4C9291-5837-499A-A909-2FC7AA9B2EBB}.Debug|x86.Build.0 = Debug|Any CPU
		{2C4C9291-5837-499A-A909-2FC7AA9B2EBB}.Release|Any CPU.ActiveCfg = Release|Any CPU
		{2C4C9291-5837-499A-A909-2FC7AA9B2EBB}.Release|Any CPU.Build.0 = Release|Any CPU
		{2C4C9291-5837-499A-A909-2FC7AA9B2EBB}.Release|x64.ActiveCfg = Release|Any CPU
		{2C4C9291-5837-499A-A909-2FC7AA9B2EBB}.Release|x64.Build.0 = Release|Any CPU
		{2C4C9291-5837-499A-A909-2FC7AA9B2EBB}.Release|x86.ActiveCfg = Release|Any CPU
		{2C4C9291-5837-499A-A909-2FC7AA9B2EBB}.Release|x86.Build.0 = Release|Any CPU
		{3D5A052C-ABD6-4522-AFB4-C7C1E4FAED53}.Debug|Any CPU.ActiveCfg = Debug|Any CPU
		{3D5A052C-ABD6-4522-AFB4-C7C1E4FAED53}.Debug|Any CPU.Build.0 = Debug|Any CPU
		{3D5A052C-ABD6-4522-AFB4-C7C1E4FAED53}.Debug|x64.ActiveCfg = Debug|Any CPU
		{3D5A052C-ABD6-4522-AFB4-C7C1E4FAED53}.Debug|x64.Build.0 = Debug|Any CPU
		{3D5A052C-ABD6-4522-AFB4-C7C1E4FAED53}.Debug|x86.ActiveCfg = Debug|Any CPU
		{3D5A052C-ABD6-4522-AFB4-C7C1E4FAED53}.Debug|x86.Build.0 = Debug|Any CPU
		{3D5A052C-ABD6-4522-AFB4-C7C1E4FAED53}.Release|Any CPU.ActiveCfg = Release|Any CPU
		{3D5A052C-ABD6-4522-AFB4-C7C1E4FAED53}.Release|Any CPU.Build.0 = Release|Any CPU
		{3D5A052C-ABD6-4522-AFB4-C7C1E4FAED53}.Release|x64.ActiveCfg = Release|Any CPU
		{3D5A052C-ABD6-4522-AFB4-C7C1E4FAED53}.Release|x64.Build.0 = Release|Any CPU
		{3D5A052C-ABD6-4522-AFB4-C7C1E4FAED53}.Release|x86.ActiveCfg = Release|Any CPU
		{3D5A052C-ABD6-4522-AFB4-C7C1E4FAED53}.Release|x86.Build.0 = Release|Any CPU
		{682661E1-3E2F-497E-89D9-500174D8F6AE}.Debug|Any CPU.ActiveCfg = Debug|Any CPU
		{682661E1-3E2F-497E-89D9-500174D8F6AE}.Debug|Any CPU.Build.0 = Debug|Any CPU
		{682661E1-3E2F-497E-89D9-500174D8F6AE}.Debug|x64.ActiveCfg = Debug|Any CPU
		{682661E1-3E2F-497E-89D9-500174D8F6AE}.Debug|x64.Build.0 = Debug|Any CPU
		{682661E1-3E2F-497E-89D9-500174D8F6AE}.Debug|x86.ActiveCfg = Debug|Any CPU
		{682661E1-3E2F-497E-89D9-500174D8F6AE}.Debug|x86.Build.0 = Debug|Any CPU
		{682661E1-3E2F-497E-89D9-500174D8F6AE}.Release|Any CPU.ActiveCfg = Release|Any CPU
		{682661E1-3E2F-497E-89D9-500174D8F6AE}.Release|Any CPU.Build.0 = Release|Any CPU
		{682661E1-3E2F-497E-89D9-500174D8F6AE}.Release|x64.ActiveCfg = Release|Any CPU
		{682661E1-3E2F-497E-89D9-500174D8F6AE}.Release|x64.Build.0 = Release|Any CPU
		{682661E1-3E2F-497E-89D9-500174D8F6AE}.Release|x86.ActiveCfg = Release|Any CPU
		{682661E1-3E2F-497E-89D9-500174D8F6AE}.Release|x86.Build.0 = Release|Any CPU
		{8AE3F893-B018-44E3-ACC5-C084D9B7DE7D}.Debug|Any CPU.ActiveCfg = Debug|Any CPU
		{8AE3F893-B018-44E3-ACC5-C084D9B7DE7D}.Debug|Any CPU.Build.0 = Debug|Any CPU
		{8AE3F893-B018-44E3-ACC5-C084D9B7DE7D}.Debug|x64.ActiveCfg = Debug|Any CPU
		{8AE3F893-B018-44E3-ACC5-C084D9B7DE7D}.Debug|x64.Build.0 = Debug|Any CPU
		{8AE3F893-B018-44E3-ACC5-C084D9B7DE7D}.Debug|x86.ActiveCfg = Debug|Any CPU
		{8AE3F893-B018-44E3-ACC5-C084D9B7DE7D}.Debug|x86.Build.0 = Debug|Any CPU
		{8AE3F893-B018-44E3-ACC5-C084D9B7DE7D}.Release|Any CPU.ActiveCfg = Release|Any CPU
		{8AE3F893-B018-44E3-ACC5-C084D9B7DE7D}.Release|Any CPU.Build.0 = Release|Any CPU
		{8AE3F893-B018-44E3-ACC5-C084D9B7DE7D}.Release|x64.ActiveCfg = Release|Any CPU
		{8AE3F893-B018-44E3-ACC5-C084D9B7DE7D}.Release|x64.Build.0 = Release|Any CPU
		{8AE3F893-B018-44E3-ACC5-C084D9B7DE7D}.Release|x86.ActiveCfg = Release|Any CPU
		{8AE3F893-B018-44E3-ACC5-C084D9B7DE7D}.Release|x86.Build.0 = Release|Any CPU
		{5C4B8DE2-59D9-496D-A249-AD9B3FA959FF}.Debug|Any CPU.ActiveCfg = Debug|Any CPU
		{5C4B8DE2-59D9-496D-A249-AD9B3FA959FF}.Debug|Any CPU.Build.0 = Debug|Any CPU
		{5C4B8DE2-59D9-496D-A249-AD9B3FA959FF}.Debug|x64.ActiveCfg = Debug|Any CPU
		{5C4B8DE2-59D9-496D-A249-AD9B3FA959FF}.Debug|x64.Build.0 = Debug|Any CPU
		{5C4B8DE2-59D9-496D-A249-AD9B3FA959FF}.Debug|x86.ActiveCfg = Debug|Any CPU
		{5C4B8DE2-59D9-496D-A249-AD9B3FA959FF}.Debug|x86.Build.0 = Debug|Any CPU
		{5C4B8DE2-59D9-496D-A249-AD9B3FA959FF}.Release|Any CPU.ActiveCfg = Release|Any CPU
		{5C4B8DE2-59D9-496D-A249-AD9B3FA959FF}.Release|Any CPU.Build.0 = Release|Any CPU
		{5C4B8DE2-59D9-496D-A249-AD9B3FA959FF}.Release|x64.ActiveCfg = Release|Any CPU
		{5C4B8DE2-59D9-496D-A249-AD9B3FA959FF}.Release|x64.Build.0 = Release|Any CPU
		{5C4B8DE2-59D9-496D-A249-AD9B3FA959FF}.Release|x86.ActiveCfg = Release|Any CPU
		{5C4B8DE2-59D9-496D-A249-AD9B3FA959FF}.Release|x86.Build.0 = Release|Any CPU
	EndGlobalSection
	GlobalSection(SolutionProperties) = preSolution
		HideSolutionNode = FALSE
	EndGlobalSection
	GlobalSection(NestedProjects) = preSolution
		{D32563E5-02B2-43FA-ADBE-D3CEA9C656FF} = {B587CCD7-BC41-41B9-AF4F-D1255BDF8F29}
		{163C29A4-E164-40ED-B4FE-0A32A00EDB57} = {B587CCD7-BC41-41B9-AF4F-D1255BDF8F29}
		{57EB4DDA-0444-482C-9339-B3F762FC56C2} = {B587CCD7-BC41-41B9-AF4F-D1255BDF8F29}
		{672871A3-1EEA-4026-B7AF-6147FCC59BFA} = {B587CCD7-BC41-41B9-AF4F-D1255BDF8F29}
		{067A7C02-D041-45E7-828A-FF76AE580776} = {B587CCD7-BC41-41B9-AF4F-D1255BDF8F29}
		{AEFDB310-0CF8-4373-9C01-CB291F34B811} = {B587CCD7-BC41-41B9-AF4F-D1255BDF8F29}
		{573B2211-F37C-4AB2-815B-9A43D732D055} = {B587CCD7-BC41-41B9-AF4F-D1255BDF8F29}
		{F34E19C9-3786-49A3-98BB-A6358663D2F2} = {B587CCD7-BC41-41B9-AF4F-D1255BDF8F29}
		{55EB72C6-48DE-4468-A281-90099206D643} = {B587CCD7-BC41-41B9-AF4F-D1255BDF8F29}
		{7689755A-21F3-46FD-836C-CE6D4F175BE4} = {B587CCD7-BC41-41B9-AF4F-D1255BDF8F29}
		{0CA16489-C1DC-4028-8CC6-A381BC7CEF93} = {B587CCD7-BC41-41B9-AF4F-D1255BDF8F29}
		{0353EA03-BC2F-4E99-A64F-A57B1C231FCA} = {B587CCD7-BC41-41B9-AF4F-D1255BDF8F29}
		{2C4C9291-5837-499A-A909-2FC7AA9B2EBB} = {B587CCD7-BC41-41B9-AF4F-D1255BDF8F29}
		{3D5A052C-ABD6-4522-AFB4-C7C1E4FAED53} = {B587CCD7-BC41-41B9-AF4F-D1255BDF8F29}
		{682661E1-3E2F-497E-89D9-500174D8F6AE} = {B587CCD7-BC41-41B9-AF4F-D1255BDF8F29}
		{8AE3F893-B018-44E3-ACC5-C084D9B7DE7D} = {B587CCD7-BC41-41B9-AF4F-D1255BDF8F29}
		{5C4B8DE2-59D9-496D-A249-AD9B3FA959FF} = {B587CCD7-BC41-41B9-AF4F-D1255BDF8F29}
	EndGlobalSection
	GlobalSection(ExtensibilityGlobals) = postSolution
		SolutionGuid = {BEFE43C5-EABD-4BA6-AE5A-F18EFCF8DD1C}
	EndGlobalSection
EndGlobal
