
Microsoft Visual Studio Solution File, Format Version 12.00
# Visual Studio 15
VisualStudioVersion = 15.0.26124.0
MinimumVisualStudioVersion = 15.0.26124.0
Project("{FAE04EC0-301F-11D3-BF4B-00C04F79EFBC}") = "R5T.Capua.Construction", "R5T.Capua.Construction\R5T.Capua.Construction.csproj", "{4A28B41B-AD4C-4B21-81C6-A302E4D3D890}"
EndProject
Project("{FAE04EC0-301F-11D3-BF4B-00C04F79EFBC}") = "R5T.Capua", "R5T.Capua\R5T.Capua.csproj", "{94991CD4-229B-4683-A284-FD091FFEB900}"
EndProject
Project("{FAE04EC0-301F-11D3-BF4B-00C04F79EFBC}") = "R5T.Capua.Testing", "R5T.Capua.Testing\R5T.Capua.Testing.csproj", "{6F20BB50-5073-42C3-BC70-3559BFF40987}"
EndProject
Global
	GlobalSection(SolutionConfigurationPlatforms) = preSolution
		Debug|Any CPU = Debug|Any CPU
		Debug|x64 = Debug|x64
		Debug|x86 = Debug|x86
		Release|Any CPU = Release|Any CPU
		Release|x64 = Release|x64
		Release|x86 = Release|x86
	EndGlobalSection
	GlobalSection(SolutionProperties) = preSolution
		HideSolutionNode = FALSE
	EndGlobalSection
	GlobalSection(ProjectConfigurationPlatforms) = postSolution
		{4A28B41B-AD4C-4B21-81C6-A302E4D3D890}.Debug|Any CPU.ActiveCfg = Debug|Any CPU
		{4A28B41B-AD4C-4B21-81C6-A302E4D3D890}.Debug|Any CPU.Build.0 = Debug|Any CPU
		{4A28B41B-AD4C-4B21-81C6-A302E4D3D890}.Debug|x64.ActiveCfg = Debug|Any CPU
		{4A28B41B-AD4C-4B21-81C6-A302E4D3D890}.Debug|x64.Build.0 = Debug|Any CPU
		{4A28B41B-AD4C-4B21-81C6-A302E4D3D890}.Debug|x86.ActiveCfg = Debug|Any CPU
		{4A28B41B-AD4C-4B21-81C6-A302E4D3D890}.Debug|x86.Build.0 = Debug|Any CPU
		{4A28B41B-AD4C-4B21-81C6-A302E4D3D890}.Release|Any CPU.ActiveCfg = Release|Any CPU
		{4A28B41B-AD4C-4B21-81C6-A302E4D3D890}.Release|Any CPU.Build.0 = Release|Any CPU
		{4A28B41B-AD4C-4B21-81C6-A302E4D3D890}.Release|x64.ActiveCfg = Release|Any CPU
		{4A28B41B-AD4C-4B21-81C6-A302E4D3D890}.Release|x64.Build.0 = Release|Any CPU
		{4A28B41B-AD4C-4B21-81C6-A302E4D3D890}.Release|x86.ActiveCfg = Release|Any CPU
		{4A28B41B-AD4C-4B21-81C6-A302E4D3D890}.Release|x86.Build.0 = Release|Any CPU
		{94991CD4-229B-4683-A284-FD091FFEB900}.Debug|Any CPU.ActiveCfg = Debug|Any CPU
		{94991CD4-229B-4683-A284-FD091FFEB900}.Debug|Any CPU.Build.0 = Debug|Any CPU
		{94991CD4-229B-4683-A284-FD091FFEB900}.Debug|x64.ActiveCfg = Debug|Any CPU
		{94991CD4-229B-4683-A284-FD091FFEB900}.Debug|x64.Build.0 = Debug|Any CPU
		{94991CD4-229B-4683-A284-FD091FFEB900}.Debug|x86.ActiveCfg = Debug|Any CPU
		{94991CD4-229B-4683-A284-FD091FFEB900}.Debug|x86.Build.0 = Debug|Any CPU
		{94991CD4-229B-4683-A284-FD091FFEB900}.Release|Any CPU.ActiveCfg = Release|Any CPU
		{94991CD4-229B-4683-A284-FD091FFEB900}.Release|Any CPU.Build.0 = Release|Any CPU
		{94991CD4-229B-4683-A284-FD091FFEB900}.Release|x64.ActiveCfg = Release|Any CPU
		{94991CD4-229B-4683-A284-FD091FFEB900}.Release|x64.Build.0 = Release|Any CPU
		{94991CD4-229B-4683-A284-FD091FFEB900}.Release|x86.ActiveCfg = Release|Any CPU
		{94991CD4-229B-4683-A284-FD091FFEB900}.Release|x86.Build.0 = Release|Any CPU
		{6F20BB50-5073-42C3-BC70-3559BFF40987}.Debug|Any CPU.ActiveCfg = Debug|Any CPU
		{6F20BB50-5073-42C3-BC70-3559BFF40987}.Debug|Any CPU.Build.0 = Debug|Any CPU
		{6F20BB50-5073-42C3-BC70-3559BFF40987}.Debug|x64.ActiveCfg = Debug|Any CPU
		{6F20BB50-5073-42C3-BC70-3559BFF40987}.Debug|x64.Build.0 = Debug|Any CPU
		{6F20BB50-5073-42C3-BC70-3559BFF40987}.Debug|x86.ActiveCfg = Debug|Any CPU
		{6F20BB50-5073-42C3-BC70-3559BFF40987}.Debug|x86.Build.0 = Debug|Any CPU
		{6F20BB50-5073-42C3-BC70-3559BFF40987}.Release|Any CPU.ActiveCfg = Release|Any CPU
		{6F20BB50-5073-42C3-BC70-3559BFF40987}.Release|Any CPU.Build.0 = Release|Any CPU
		{6F20BB50-5073-42C3-BC70-3559BFF40987}.Release|x64.ActiveCfg = Release|Any CPU
		{6F20BB50-5073-42C3-BC70-3559BFF40987}.Release|x64.Build.0 = Release|Any CPU
		{6F20BB50-5073-42C3-BC70-3559BFF40987}.Release|x86.ActiveCfg = Release|Any CPU
		{6F20BB50-5073-42C3-BC70-3559BFF40987}.Release|x86.Build.0 = Release|Any CPU
	EndGlobalSection
EndGlobal
