
Microsoft Visual Studio Solution File, Format Version 12.00
# Visual Studio 15
VisualStudioVersion = 15.0.26124.0
MinimumVisualStudioVersion = 15.0.26124.0
Project("{9A19103F-16F7-4668-BE54-9A1E7A4F7556}") = "R5T.Capua.Construction", "R5T.Capua.Construction\R5T.Capua.Construction.csproj", "{4A28B41B-AD4C-4B21-81C6-A302E4D3D890}"
EndProject
Project("{9A19103F-16F7-4668-BE54-9A1E7A4F7556}") = "R5T.Capua", "R5T.Capua\R5T.Capua.csproj", "{94991CD4-229B-4683-A284-FD091FFEB900}"
EndProject
Project("{9A19103F-16F7-4668-BE54-9A1E7A4F7556}") = "R5T.Capua.Testing", "R5T.Capua.Testing\R5T.Capua.Testing.csproj", "{6F20BB50-5073-42C3-BC70-3559BFF40987}"
EndProject
Project("{2150E333-8FDC-42A3-9474-1A3956D46DE8}") = "_Dependencies", "_Dependencies", "{B587CCD7-BC41-41B9-AF4F-D1255BDF8F29}"
EndProject
Project("{9A19103F-16F7-4668-BE54-9A1E7A4F7556}") = "R5T.Liverpool.HostedServiceProgram", "..\..\R5T.Liverpool\source\R5T.Liverpool.HostedServiceProgram\R5T.Liverpool.HostedServiceProgram.csproj", "{D32563E5-02B2-43FA-ADBE-D3CEA9C656FF}"
EndProject
Project("{9A19103F-16F7-4668-BE54-9A1E7A4F7556}") = "R5T.Liverpool.Host", "..\..\R5T.Liverpool\source\R5T.Liverpool.Host\R5T.Liverpool.Host.csproj", "{163C29A4-E164-40ED-B4FE-0A32A00EDB57}"
EndProject
Project("{9A19103F-16F7-4668-BE54-9A1E7A4F7556}") = "R5T.Liverpool.Host.Types", "..\..\R5T.Liverpool\source\R5T.Liverpool.Host.Types\R5T.Liverpool.Host.Types.csproj", "{57EB4DDA-0444-482C-9339-B3F762FC56C2}"
EndProject
Project("{9A19103F-16F7-4668-BE54-9A1E7A4F7556}") = "R5T.Harstad", "..\..\R5T.Harstad\source\R5T.Harstad\R5T.Harstad.csproj", "{672871A3-1EEA-4026-B7AF-6147FCC59BFA}"
EndProject
Project("{9A19103F-16F7-4668-BE54-9A1E7A4F7556}") = "R5T.Liverpool.Types", "..\..\R5T.Liverpool\source\R5T.Liverpool.Types\R5T.Liverpool.Types.csproj", "{067A7C02-D041-45E7-828A-FF76AE580776}"
EndProject
Project("{9A19103F-16F7-4668-BE54-9A1E7A4F7556}") = "R5T.Chamavia.Extensions", "..\..\R5T.Chamavia.Extensions\source\R5T.Chamavia.Extensions\R5T.Chamavia.Extensions.csproj", "{AEFDB310-0CF8-4373-9C01-CB291F34B811}"
EndProject
Project("{9A19103F-16F7-4668-BE54-9A1E7A4F7556}") = "R5T.Chamavia", "..\..\R5T.Chamavia\source\R5T.Chamavia\R5T.Chamavia.csproj", "{573B2211-F37C-4AB2-815B-9A43D732D055}"
EndProject
Project("{9A19103F-16F7-4668-BE54-9A1E7A4F7556}") = "R5T.Dacia", "..\..\R5T.Dacia\source\R5T.Dacia\R5T.Dacia.csproj", "{F34E19C9-3786-49A3-98BB-A6358663D2F2}"
EndProject
Project("{9A19103F-16F7-4668-BE54-9A1E7A4F7556}") = "R5T.Liverpool.Abstractions", "..\..\R5T.Liverpool\source\R5T.Liverpool.Abstractions\R5T.Liverpool.Abstractions.csproj", "{55EB72C6-48DE-4468-A281-90099206D643}"
EndProject
Project("{9A19103F-16F7-4668-BE54-9A1E7A4F7556}") = "R5T.Liverpool.Startup", "..\..\R5T.Liverpool\source\R5T.Liverpool.Startup\R5T.Liverpool.Startup.csproj", "{7689755A-21F3-46FD-836C-CE6D4F175BE4}"
EndProject
Project("{9A19103F-16F7-4668-BE54-9A1E7A4F7556}") = "R5T.Exeter", "..\..\R5T.Exeter\source\R5T.Exeter\R5T.Exeter.csproj", "{0CA16489-C1DC-4028-8CC6-A381BC7CEF93}"
EndProject
Project("{9A19103F-16F7-4668-BE54-9A1E7A4F7556}") = "R5T.Dacia.Extensions", "..\..\R5T.Dacia.Extensions\source\R5T.Dacia.Extensions\R5T.Dacia.Extensions.csproj", "{0353EA03-BC2F-4E99-A64F-A57B1C231FCA}"
EndProject
Project("{9A19103F-16F7-4668-BE54-9A1E7A4F7556}") = "R5T.Langobard.Extensions", "..\..\R5T.Langobard.Extensions\source\R5T.Langobard.Extensions\R5T.Langobard.Extensions.csproj", "{2C4C9291-5837-499A-A909-2FC7AA9B2EBB}"
EndProject
Project("{9A19103F-16F7-4668-BE54-9A1E7A4F7556}") = "R5T.Langobard", "..\..\R5T.Langobard\source\R5T.Langobard\R5T.Langobard.csproj", "{3D5A052C-ABD6-4522-AFB4-C7C1E4FAED53}"
EndProject
Project("{9A19103F-16F7-4668-BE54-9A1E7A4F7556}") = "R5T.Liverpool.Startup.Core", "..\..\R5T.Liverpool\source\R5T.Liverpool.Startup.Core\R5T.Liverpool.Startup.Core.csproj", "{682661E1-3E2F-497E-89D9-500174D8F6AE}"
EndProject
Project("{9A19103F-16F7-4668-BE54-9A1E7A4F7556}") = "R5T.Richmond.Abstractions", "..\..\R5T.Richmond.Abstractions\source\R5T.Richmond.Abstractions\R5T.Richmond.Abstractions.csproj", "{8AE3F893-B018-44E3-ACC5-C084D9B7DE7D}"
EndProject
Project("{9A19103F-16F7-4668-BE54-9A1E7A4F7556}") = "R5T.Richmond.Types", "..\..\R5T.Richmond.Types\source\R5T.Richmond.Types\R5T.Richmond.Types.csproj", "{5C4B8DE2-59D9-496D-A249-AD9B3FA959FF}"
EndProject
Project("{9A19103F-16F7-4668-BE54-9A1E7A4F7556}") = "R5T.Gepidia.Local.Standard", "..\..\R5T.Gepidia.Local.Standard\source\R5T.Gepidia.Local.Standard\R5T.Gepidia.Local.Standard.csproj", "{7A8CFF4C-A242-4D2A-802A-BB46364FC808}"
EndProject
Project("{9A19103F-16F7-4668-BE54-9A1E7A4F7556}") = "R5T.Gepidia.Local", "..\..\R5T.Gepidia.Local\source\R5T.Gepidia.Local\R5T.Gepidia.Local.csproj", "{A3EBF889-2BD5-487D-894B-1CE0E96DAFE3}"
EndProject
Project("{9A19103F-16F7-4668-BE54-9A1E7A4F7556}") = "R5T.Gepidia.Base", "..\..\R5T.Gepidia.Base\source\R5T.Gepidia.Base\R5T.Gepidia.Base.csproj", "{756D0E48-31DC-40D8-8900-FF5AE0D19F35}"
EndProject
Project("{9A19103F-16F7-4668-BE54-9A1E7A4F7556}") = "R5T.Lombardy.Base", "..\..\R5T.Lombardy.Base\source\R5T.Lombardy.Base\R5T.Lombardy.Base.csproj", "{E06B3C48-990E-4D7B-8169-2427F9BC4F43}"
EndProject
Project("{9A19103F-16F7-4668-BE54-9A1E7A4F7556}") = "R5T.Lombardy.Gepidia", "..\..\R5T.Lombardy.Gepidia\source\R5T.Lombardy.Gepidia\R5T.Lombardy.Gepidia.csproj", "{74984D12-D12E-4D2F-9BD2-BA9EDF25FA1E}"
EndProject
Project("{9A19103F-16F7-4668-BE54-9A1E7A4F7556}") = "R5T.Magyar", "..\..\R5T.Magyar\source\R5T.Magyar\R5T.Magyar.csproj", "{377CD740-CCFB-40E5-B37A-E79A9AEDA680}"
EndProject
Project("{9A19103F-16F7-4668-BE54-9A1E7A4F7556}") = "R5T.Lombardy.Standard", "..\..\R5T.Lombardy.Standard\source\R5T.Lombardy.Standard\R5T.Lombardy.Standard.csproj", "{AD4B3F26-2A3E-402B-AE66-ACECF23CF754}"
EndProject
Project("{9A19103F-16F7-4668-BE54-9A1E7A4F7556}") = "R5T.Lombardy", "..\..\R5T.Lombardy\source\R5T.Lombardy\R5T.Lombardy.csproj", "{DD0E455A-DA47-44C6-9ECC-34F891C999E6}"
EndProject
Project("{9A19103F-16F7-4668-BE54-9A1E7A4F7556}") = "R5T.Cherusci", "..\..\R5T.Cherusci\source\R5T.Cherusci\R5T.Cherusci.csproj", "{FDA06A8E-E363-4151-B506-49A53D97FCBC}"
EndProject
Project("{9A19103F-16F7-4668-BE54-9A1E7A4F7556}") = "R5T.Rugia", "..\..\R5T.Rugia\source\R5T.Rugia\R5T.Rugia.csproj", "{876EC800-AEAE-44EA-AA3F-17DC805702E8}"
EndProject
Project("{9A19103F-16F7-4668-BE54-9A1E7A4F7556}") = "R5T.Rugia.Base", "..\..\R5T.Rugia.Base\source\R5T.Rugia.Base\R5T.Rugia.Base.csproj", "{A784D19D-1513-46C7-9CCD-183702BF5BD6}"
EndProject
Project("{9A19103F-16F7-4668-BE54-9A1E7A4F7556}") = "R5T.Teutonia.Standard", "..\..\R5T.Teutonia.Standard\source\R5T.Teutonia.Standard\R5T.Teutonia.Standard.csproj", "{47B5B356-753B-44BE-A5D6-8FFB5E4581B4}"
EndProject
Project("{9A19103F-16F7-4668-BE54-9A1E7A4F7556}") = "R5T.Teutonia.Default", "..\..\R5T.Teutonia.Default\source\R5T.Teutonia.Default\R5T.Teutonia.Default.csproj", "{85C9B4B3-3EDD-41E3-9E75-626E8C5E3B31}"
EndProject
Project("{9A19103F-16F7-4668-BE54-9A1E7A4F7556}") = "R5T.Gepidia.Lombardy", "..\..\R5T.Gepidia.Lombardy\source\R5T.Gepidia.Lombardy\R5T.Gepidia.Lombardy.csproj", "{C6EEE547-08F1-41D9-867E-CC633CA09C06}"
EndProject
Project("{9A19103F-16F7-4668-BE54-9A1E7A4F7556}") = "R5T.Teutonia.Base", "..\..\R5T.Teutonia.Base\source\R5T.Teutonia.Base\R5T.Teutonia.Base.csproj", "{C4C329CB-B76B-4E87-9FA9-4C7EEE921668}"
EndProject
Project("{9A19103F-16F7-4668-BE54-9A1E7A4F7556}") = "R5T.Alamania.Standard", "..\..\R5T.Alamania.Standard\source\R5T.Alamania.Standard\R5T.Alamania.Standard.csproj", "{E92519C8-0F2F-4412-AF77-1A24265A2002}"
EndProject
Project("{9A19103F-16F7-4668-BE54-9A1E7A4F7556}") = "R5T.Alamania.Bulgaria", "..\..\R5T.Alamania.Bulgaria\source\R5T.Alamania.Bulgaria\R5T.Alamania.Bulgaria.csproj", "{14D885C2-8D53-4053-82BF-864A2AE493ED}"
EndProject
Project("{9A19103F-16F7-4668-BE54-9A1E7A4F7556}") = "R5T.Alamania.Base", "..\..\R5T.Alamania.Base\source\R5T.Alamania.Base\R5T.Alamania.Base.csproj", "{C6B214D2-3908-40A5-BF89-F04FDE379F05}"
EndProject
Project("{9A19103F-16F7-4668-BE54-9A1E7A4F7556}") = "R5T.Bulgaria.Base", "..\..\R5T.Bulgaria.Base\source\R5T.Bulgaria.Base\R5T.Bulgaria.Base.csproj", "{8FDE976D-D004-40FC-BF0E-176206925D51}"
EndProject
Project("{9A19103F-16F7-4668-BE54-9A1E7A4F7556}") = "R5T.Costobocia.Base", "..\..\R5T.Costobocia.Base\source\R5T.Costobocia.Base\R5T.Costobocia.Base.csproj", "{840C9FAA-4480-40B5-9382-99FADCDAFB91}"
EndProject
Project("{9A19103F-16F7-4668-BE54-9A1E7A4F7556}") = "R5T.Ostrogothia", "..\..\R5T.Ostrogothia\source\R5T.Ostrogothia\R5T.Ostrogothia.csproj", "{F349E346-BCCC-493F-9EB1-64B419805093}"
EndProject
Project("{9A19103F-16F7-4668-BE54-9A1E7A4F7556}") = "R5T.Ostrogothia.Rivet", "..\..\R5T.Ostrogothia.Rivet\source\R5T.Ostrogothia.Rivet\R5T.Ostrogothia.Rivet.csproj", "{7D38691D-19E7-4D85-B474-FE272FFED25E}"
EndProject
Project("{9A19103F-16F7-4668-BE54-9A1E7A4F7556}") = "R5T.Bulgaria.UserProfileDirectory", "..\..\R5T.Bulgaria.UserProfileDirectory\source\R5T.Bulgaria.UserProfileDirectory\R5T.Bulgaria.UserProfileDirectory.csproj", "{BA69C9EA-5146-46B1-9F9B-F91AACC34AF4}"
EndProject
Project("{9A19103F-16F7-4668-BE54-9A1E7A4F7556}") = "R5T.Bulgaria.Visigothia", "..\..\R5T.Bulgaria.Visigothia\source\R5T.Bulgaria.Visigothia\R5T.Bulgaria.Visigothia.csproj", "{D5DE4763-3F97-4DE5-A9FE-C6920EFE33E9}"
EndProject
Project("{9A19103F-16F7-4668-BE54-9A1E7A4F7556}") = "R5T.Peristeria.Base", "..\..\R5T.Peristeria.Base\source\R5T.Peristeria.Base\R5T.Peristeria.Base.csproj", "{23DE0001-1C1A-445F-8033-79E05B5713C6}"
EndProject
Project("{9A19103F-16F7-4668-BE54-9A1E7A4F7556}") = "R5T.Visigothia.Base", "..\..\R5T.Visigothia.Base\source\R5T.Visigothia.Base\R5T.Visigothia.Base.csproj", "{3568C949-3100-4774-87B9-0E5431C221A6}"
EndProject
Project("{9A19103F-16F7-4668-BE54-9A1E7A4F7556}") = "R5T.Peristeria.Standard", "..\..\R5T.Peristeria.Standard\source\R5T.Peristeria.Standard\R5T.Peristeria.Standard.csproj", "{3D4DC0F4-70A6-4616-9C29-8441CD5A6747}"
EndProject
Project("{9A19103F-16F7-4668-BE54-9A1E7A4F7556}") = "R5T.Peristeria.Default", "..\..\R5T.Peristeria.Default\source\R5T.Peristeria.Default\R5T.Peristeria.Default.csproj", "{7F6E215A-9A0A-44DA-BCC0-041D7A566FD4}"
EndProject
Project("{9A19103F-16F7-4668-BE54-9A1E7A4F7556}") = "R5T.Visigothia.Standard", "..\..\R5T.Visigothia.Standard\source\R5T.Visigothia.Standard\R5T.Visigothia.Standard.csproj", "{23FBF243-4295-4918-B73C-B3B7FF7B9238}"
EndProject
Project("{9A19103F-16F7-4668-BE54-9A1E7A4F7556}") = "R5T.Visigothia.Local.Standard", "..\..\R5T.Visigothia.Local.Standard\source\R5T.Visigothia.Local.Standard\R5T.Visigothia.Local.Standard.csproj", "{F9EB6678-E21C-4B33-A90E-CC1CA95BE9FC}"
EndProject
Project("{9A19103F-16F7-4668-BE54-9A1E7A4F7556}") = "R5T.Visigothia.Local.Default", "..\..\R5T.Visigothia.Local.Default\source\R5T.Visigothia.Local.Default\R5T.Visigothia.Local.Default.csproj", "{DF04C99D-1557-45CE-AB8E-F07EA6B8B4DF}"
EndProject
Project("{9A19103F-16F7-4668-BE54-9A1E7A4F7556}") = "R5T.Costobocia.Standard", "..\..\R5T.Costobocia.Standard\source\R5T.Costobocia.Standard\R5T.Costobocia.Standard.csproj", "{D9D33793-A024-4247-86C0-2553C6EEF79C}"
EndProject
Project("{9A19103F-16F7-4668-BE54-9A1E7A4F7556}") = "R5T.Costobocia.Default", "..\..\R5T.Costobocia.Default\source\R5T.Costobocia.Default\R5T.Costobocia.Default.csproj", "{8CDDABAB-017C-408F-A485-DD759EA9B701}"
EndProject
Project("{9A19103F-16F7-4668-BE54-9A1E7A4F7556}") = "R5T.Shrewsbury.Extensions", "..\..\R5T.Shrewsbury.Extensions\source\R5T.Shrewsbury.Extensions\R5T.Shrewsbury.Extensions.csproj", "{A94821A6-537D-48CA-9E92-5631270FEDF8}"
EndProject
Project("{9A19103F-16F7-4668-BE54-9A1E7A4F7556}") = "R5T.Shrewsbury.Base", "..\..\R5T.Shrewsbury.Base\source\R5T.Shrewsbury.Base\R5T.Shrewsbury.Base.csproj", "{6F8F57F2-86A6-428F-9954-CDDBADA106C2}"
EndProject
Project("{9A19103F-16F7-4668-BE54-9A1E7A4F7556}") = "R5T.Shrewsbury", "..\..\R5T.Shrewsbury\source\R5T.Shrewsbury\R5T.Shrewsbury.csproj", "{B3AFAF5C-F6BF-4DE0-8804-7C519A8D1C21}"
EndProject
Project("{9A19103F-16F7-4668-BE54-9A1E7A4F7556}") = "R5T.Sardinia", "..\..\R5T.Sardinia\source\R5T.Sardinia\R5T.Sardinia.csproj", "{E81FEF04-9DD7-401A-B378-E1E11C5B0A8F}"
EndProject
Project("{9A19103F-16F7-4668-BE54-9A1E7A4F7556}") = "R5T.Opatia", "..\..\R5T.Opatia\source\R5T.Opatia\R5T.Opatia.csproj", "{1DCF2D3F-4321-45CC-AB5C-0CE1AEF75EC7}"
EndProject
Project("{9A19103F-16F7-4668-BE54-9A1E7A4F7556}") = "R5T.Capua.Base", "R5T.Capua.Base\R5T.Capua.Base.csproj", "{50DA1BDB-6BFB-4995-84DA-0202B0BC9B98}"
EndProject
Project("{9A19103F-16F7-4668-BE54-9A1E7A4F7556}") = "R5T.Capua.Teutonia", "R5T.Capua.Teutonia\R5T.Capua.Teutonia.csproj", "{82102D92-68B2-48E4-A1F3-72BAE03E614F}"
EndProject
Project("{9A19103F-16F7-4668-BE54-9A1E7A4F7556}") = "R5T.Gepidia.Source.Base", "R5T.Gepidia.Source.Base\R5T.Gepidia.Source.Base.csproj", "{B5ECB826-1B42-4305-AF2F-446EAA196AC7}"
EndProject
Project("{9A19103F-16F7-4668-BE54-9A1E7A4F7556}") = "R5T.Gepidia.Types", "..\..\R5T.Gepidia.Types\source\R5T.Gepidia.Types\R5T.Gepidia.Types.csproj", "{63E0C910-37B1-4E11-A525-060AA9A2E6E6}"
EndProject
Project("{9A19103F-16F7-4668-BE54-9A1E7A4F7556}") = "R5T.Gepidia.Destination.Base", "R5T.Gepidia.Destination.Base\R5T.Gepidia.Destination.Base.csproj", "{06F054EB-C0D5-4223-8427-4A8B274AB57A}"
EndProject
Project("{9A19103F-16F7-4668-BE54-9A1E7A4F7556}") = "R5T.Capua.Source.Base", "R5T.Capua.Source.Base\R5T.Capua.Source.Base.csproj", "{7A5F5F9C-F00A-431A-8F70-778E2BD5F292}"
EndProject
Project("{9A19103F-16F7-4668-BE54-9A1E7A4F7556}") = "R5T.Capua.Destination.Base", "R5T.Capua.Destination.Base\R5T.Capua.Destination.Base.csproj", "{8C9EED18-BF4F-45D1-885E-E624C75EE267}"
EndProject
Project("{9A19103F-16F7-4668-BE54-9A1E7A4F7556}") = "R5T.Capua.Source.Default", "R5T.Capua.Source.Default\R5T.Capua.Source.Default.csproj", "{544641AD-09D9-4292-8B1F-B6E23773B0D4}"
EndProject
Project("{9A19103F-16F7-4668-BE54-9A1E7A4F7556}") = "R5T.Capua.Common.Base", "R5T.Capua.Common.Base\R5T.Capua.Common.Base.csproj", "{398C7C4D-E29B-40FA-B2CF-7181B4AA24A4}"
EndProject
Project("{9A19103F-16F7-4668-BE54-9A1E7A4F7556}") = "R5T.Capua.Destination.Default", "R5T.Capua.Destination.Default\R5T.Capua.Destination.Default.csproj", "{F56E874E-F1C2-49B4-A6B1-AE7A2FA6086C}"
EndProject
Project("{2150E333-8FDC-42A3-9474-1A3956D46DE8}") = "_Testing", "_Testing", "{5E961B02-5046-4F57-A52E-6A28C0DE54E7}"
EndProject
Project("{9A19103F-16F7-4668-BE54-9A1E7A4F7556}") = "R5T.Capua.Default", "R5T.Capua.Default\R5T.Capua.Default.csproj", "{03AB2F8D-D5F6-4645-9B8F-DC0B30272B4F}"
EndProject
Project("{9A19103F-16F7-4668-BE54-9A1E7A4F7556}") = "R5T.Capua.Standard", "R5T.Capua.Standard\R5T.Capua.Standard.csproj", "{9B4671F6-1CFD-4C23-8874-C752B6C24EE7}"
EndProject
Project("{9A19103F-16F7-4668-BE54-9A1E7A4F7556}") = "R5T.Palembang.Standard", "..\..\R5T.Palembang.Standard\source\R5T.Palembang.Standard\R5T.Palembang.Standard.csproj", "{1C641923-C319-40FF-8A9C-70F007F75243}"
EndProject
Project("{9A19103F-16F7-4668-BE54-9A1E7A4F7556}") = "R5T.Palembang.Default", "..\..\R5T.Palembang.Default\source\R5T.Palembang.Default\R5T.Palembang.Default.csproj", "{5607270A-986B-4EEC-9535-4D02503FDD36}"
EndProject
Project("{9A19103F-16F7-4668-BE54-9A1E7A4F7556}") = "R5T.Angleterria", "..\..\R5T.Angleterria\source\R5T.Angleterria\R5T.Angleterria.csproj", "{0CCCA0ED-79F6-45B9-8E77-B020A51ADC76}"
EndProject
Project("{9A19103F-16F7-4668-BE54-9A1E7A4F7556}") = "R5T.Palembang.Base", "..\..\R5T.Palembang.Base\source\R5T.Palembang.Base\R5T.Palembang.Base.csproj", "{5AE2C394-1EE7-495E-9C39-59CF05B40B09}"
EndProject
Global
	GlobalSection(SolutionConfigurationPlatforms) = preSolution
		Debug|Any CPU = Debug|Any CPU
		Debug|x64 = Debug|x64
		Debug|x86 = Debug|x86
		Release|Any CPU = Release|Any CPU
		Release|x64 = Release|x64
		Release|x86 = Release|x86
	EndGlobalSection
	GlobalSection(ProjectConfigurationPlatforms) = postSolution
		{4A28B41B-AD4C-4B21-81C6-A302E4D3D890}.Debug|Any CPU.ActiveCfg = Debug|Any CPU
		{4A28B41B-AD4C-4B21-81C6-A302E4D3D890}.Debug|Any CPU.Build.0 = Debug|Any CPU
		{4A28B41B-AD4C-4B21-81C6-A302E4D3D890}.Debug|x64.ActiveCfg = Debug|Any CPU
		{4A28B41B-AD4C-4B21-81C6-A302E4D3D890}.Debug|x64.Build.0 = Debug|Any CPU
		{4A28B41B-AD4C-4B21-81C6-A302E4D3D890}.Debug|x86.ActiveCfg = Debug|Any CPU
		{4A28B41B-AD4C-4B21-81C6-A302E4D3D890}.Debug|x86.Build.0 = Debug|Any CPU
		{4A28B41B-AD4C-4B21-81C6-A302E4D3D890}.Release|Any CPU.ActiveCfg = Release|Any CPU
		{4A28B41B-AD4C-4B21-81C6-A302E4D3D890}.Release|Any CPU.Build.0 = Release|Any CPU
		{4A28B41B-AD4C-4B21-81C6-A302E4D3D890}.Release|x64.ActiveCfg = Release|Any CPU
		{4A28B41B-AD4C-4B21-81C6-A302E4D3D890}.Release|x64.Build.0 = Release|Any CPU
		{4A28B41B-AD4C-4B21-81C6-A302E4D3D890}.Release|x86.ActiveCfg = Release|Any CPU
		{4A28B41B-AD4C-4B21-81C6-A302E4D3D890}.Release|x86.Build.0 = Release|Any CPU
		{94991CD4-229B-4683-A284-FD091FFEB900}.Debug|Any CPU.ActiveCfg = Debug|Any CPU
		{94991CD4-229B-4683-A284-FD091FFEB900}.Debug|Any CPU.Build.0 = Debug|Any CPU
		{94991CD4-229B-4683-A284-FD091FFEB900}.Debug|x64.ActiveCfg = Debug|Any CPU
		{94991CD4-229B-4683-A284-FD091FFEB900}.Debug|x64.Build.0 = Debug|Any CPU
		{94991CD4-229B-4683-A284-FD091FFEB900}.Debug|x86.ActiveCfg = Debug|Any CPU
		{94991CD4-229B-4683-A284-FD091FFEB900}.Debug|x86.Build.0 = Debug|Any CPU
		{94991CD4-229B-4683-A284-FD091FFEB900}.Release|Any CPU.ActiveCfg = Release|Any CPU
		{94991CD4-229B-4683-A284-FD091FFEB900}.Release|Any CPU.Build.0 = Release|Any CPU
		{94991CD4-229B-4683-A284-FD091FFEB900}.Release|x64.ActiveCfg = Release|Any CPU
		{94991CD4-229B-4683-A284-FD091FFEB900}.Release|x64.Build.0 = Release|Any CPU
		{94991CD4-229B-4683-A284-FD091FFEB900}.Release|x86.ActiveCfg = Release|Any CPU
		{94991CD4-229B-4683-A284-FD091FFEB900}.Release|x86.Build.0 = Release|Any CPU
		{6F20BB50-5073-42C3-BC70-3559BFF40987}.Debug|Any CPU.ActiveCfg = Debug|Any CPU
		{6F20BB50-5073-42C3-BC70-3559BFF40987}.Debug|Any CPU.Build.0 = Debug|Any CPU
		{6F20BB50-5073-42C3-BC70-3559BFF40987}.Debug|x64.ActiveCfg = Debug|Any CPU
		{6F20BB50-5073-42C3-BC70-3559BFF40987}.Debug|x64.Build.0 = Debug|Any CPU
		{6F20BB50-5073-42C3-BC70-3559BFF40987}.Debug|x86.ActiveCfg = Debug|Any CPU
		{6F20BB50-5073-42C3-BC70-3559BFF40987}.Debug|x86.Build.0 = Debug|Any CPU
		{6F20BB50-5073-42C3-BC70-3559BFF40987}.Release|Any CPU.ActiveCfg = Release|Any CPU
		{6F20BB50-5073-42C3-BC70-3559BFF40987}.Release|Any CPU.Build.0 = Release|Any CPU
		{6F20BB50-5073-42C3-BC70-3559BFF40987}.Release|x64.ActiveCfg = Release|Any CPU
		{6F20BB50-5073-42C3-BC70-3559BFF40987}.Release|x64.Build.0 = Release|Any CPU
		{6F20BB50-5073-42C3-BC70-3559BFF40987}.Release|x86.ActiveCfg = Release|Any CPU
		{6F20BB50-5073-42C3-BC70-3559BFF40987}.Release|x86.Build.0 = Release|Any CPU
		{D32563E5-02B2-43FA-ADBE-D3CEA9C656FF}.Debug|Any CPU.ActiveCfg = Debug|Any CPU
		{D32563E5-02B2-43FA-ADBE-D3CEA9C656FF}.Debug|Any CPU.Build.0 = Debug|Any CPU
		{D32563E5-02B2-43FA-ADBE-D3CEA9C656FF}.Debug|x64.ActiveCfg = Debug|Any CPU
		{D32563E5-02B2-43FA-ADBE-D3CEA9C656FF}.Debug|x64.Build.0 = Debug|Any CPU
		{D32563E5-02B2-43FA-ADBE-D3CEA9C656FF}.Debug|x86.ActiveCfg = Debug|Any CPU
		{D32563E5-02B2-43FA-ADBE-D3CEA9C656FF}.Debug|x86.Build.0 = Debug|Any CPU
		{D32563E5-02B2-43FA-ADBE-D3CEA9C656FF}.Release|Any CPU.ActiveCfg = Release|Any CPU
		{D32563E5-02B2-43FA-ADBE-D3CEA9C656FF}.Release|Any CPU.Build.0 = Release|Any CPU
		{D32563E5-02B2-43FA-ADBE-D3CEA9C656FF}.Release|x64.ActiveCfg = Release|Any CPU
		{D32563E5-02B2-43FA-ADBE-D3CEA9C656FF}.Release|x64.Build.0 = Release|Any CPU
		{D32563E5-02B2-43FA-ADBE-D3CEA9C656FF}.Release|x86.ActiveCfg = Release|Any CPU
		{D32563E5-02B2-43FA-ADBE-D3CEA9C656FF}.Release|x86.Build.0 = Release|Any CPU
		{163C29A4-E164-40ED-B4FE-0A32A00EDB57}.Debug|Any CPU.ActiveCfg = Debug|Any CPU
		{163C29A4-E164-40ED-B4FE-0A32A00EDB57}.Debug|Any CPU.Build.0 = Debug|Any CPU
		{163C29A4-E164-40ED-B4FE-0A32A00EDB57}.Debug|x64.ActiveCfg = Debug|Any CPU
		{163C29A4-E164-40ED-B4FE-0A32A00EDB57}.Debug|x64.Build.0 = Debug|Any CPU
		{163C29A4-E164-40ED-B4FE-0A32A00EDB57}.Debug|x86.ActiveCfg = Debug|Any CPU
		{163C29A4-E164-40ED-B4FE-0A32A00EDB57}.Debug|x86.Build.0 = Debug|Any CPU
		{163C29A4-E164-40ED-B4FE-0A32A00EDB57}.Release|Any CPU.ActiveCfg = Release|Any CPU
		{163C29A4-E164-40ED-B4FE-0A32A00EDB57}.Release|Any CPU.Build.0 = Release|Any CPU
		{163C29A4-E164-40ED-B4FE-0A32A00EDB57}.Release|x64.ActiveCfg = Release|Any CPU
		{163C29A4-E164-40ED-B4FE-0A32A00EDB57}.Release|x64.Build.0 = Release|Any CPU
		{163C29A4-E164-40ED-B4FE-0A32A00EDB57}.Release|x86.ActiveCfg = Release|Any CPU
		{163C29A4-E164-40ED-B4FE-0A32A00EDB57}.Release|x86.Build.0 = Release|Any CPU
		{57EB4DDA-0444-482C-9339-B3F762FC56C2}.Debug|Any CPU.ActiveCfg = Debug|Any CPU
		{57EB4DDA-0444-482C-9339-B3F762FC56C2}.Debug|Any CPU.Build.0 = Debug|Any CPU
		{57EB4DDA-0444-482C-9339-B3F762FC56C2}.Debug|x64.ActiveCfg = Debug|Any CPU
		{57EB4DDA-0444-482C-9339-B3F762FC56C2}.Debug|x64.Build.0 = Debug|Any CPU
		{57EB4DDA-0444-482C-9339-B3F762FC56C2}.Debug|x86.ActiveCfg = Debug|Any CPU
		{57EB4DDA-0444-482C-9339-B3F762FC56C2}.Debug|x86.Build.0 = Debug|Any CPU
		{57EB4DDA-0444-482C-9339-B3F762FC56C2}.Release|Any CPU.ActiveCfg = Release|Any CPU
		{57EB4DDA-0444-482C-9339-B3F762FC56C2}.Release|Any CPU.Build.0 = Release|Any CPU
		{57EB4DDA-0444-482C-9339-B3F762FC56C2}.Release|x64.ActiveCfg = Release|Any CPU
		{57EB4DDA-0444-482C-9339-B3F762FC56C2}.Release|x64.Build.0 = Release|Any CPU
		{57EB4DDA-0444-482C-9339-B3F762FC56C2}.Release|x86.ActiveCfg = Release|Any CPU
		{57EB4DDA-0444-482C-9339-B3F762FC56C2}.Release|x86.Build.0 = Release|Any CPU
		{672871A3-1EEA-4026-B7AF-6147FCC59BFA}.Debug|Any CPU.ActiveCfg = Debug|Any CPU
		{672871A3-1EEA-4026-B7AF-6147FCC59BFA}.Debug|Any CPU.Build.0 = Debug|Any CPU
		{672871A3-1EEA-4026-B7AF-6147FCC59BFA}.Debug|x64.ActiveCfg = Debug|Any CPU
		{672871A3-1EEA-4026-B7AF-6147FCC59BFA}.Debug|x64.Build.0 = Debug|Any CPU
		{672871A3-1EEA-4026-B7AF-6147FCC59BFA}.Debug|x86.ActiveCfg = Debug|Any CPU
		{672871A3-1EEA-4026-B7AF-6147FCC59BFA}.Debug|x86.Build.0 = Debug|Any CPU
		{672871A3-1EEA-4026-B7AF-6147FCC59BFA}.Release|Any CPU.ActiveCfg = Release|Any CPU
		{672871A3-1EEA-4026-B7AF-6147FCC59BFA}.Release|Any CPU.Build.0 = Release|Any CPU
		{672871A3-1EEA-4026-B7AF-6147FCC59BFA}.Release|x64.ActiveCfg = Release|Any CPU
		{672871A3-1EEA-4026-B7AF-6147FCC59BFA}.Release|x64.Build.0 = Release|Any CPU
		{672871A3-1EEA-4026-B7AF-6147FCC59BFA}.Release|x86.ActiveCfg = Release|Any CPU
		{672871A3-1EEA-4026-B7AF-6147FCC59BFA}.Release|x86.Build.0 = Release|Any CPU
		{067A7C02-D041-45E7-828A-FF76AE580776}.Debug|Any CPU.ActiveCfg = Debug|Any CPU
		{067A7C02-D041-45E7-828A-FF76AE580776}.Debug|Any CPU.Build.0 = Debug|Any CPU
		{067A7C02-D041-45E7-828A-FF76AE580776}.Debug|x64.ActiveCfg = Debug|Any CPU
		{067A7C02-D041-45E7-828A-FF76AE580776}.Debug|x64.Build.0 = Debug|Any CPU
		{067A7C02-D041-45E7-828A-FF76AE580776}.Debug|x86.ActiveCfg = Debug|Any CPU
		{067A7C02-D041-45E7-828A-FF76AE580776}.Debug|x86.Build.0 = Debug|Any CPU
		{067A7C02-D041-45E7-828A-FF76AE580776}.Release|Any CPU.ActiveCfg = Release|Any CPU
		{067A7C02-D041-45E7-828A-FF76AE580776}.Release|Any CPU.Build.0 = Release|Any CPU
		{067A7C02-D041-45E7-828A-FF76AE580776}.Release|x64.ActiveCfg = Release|Any CPU
		{067A7C02-D041-45E7-828A-FF76AE580776}.Release|x64.Build.0 = Release|Any CPU
		{067A7C02-D041-45E7-828A-FF76AE580776}.Release|x86.ActiveCfg = Release|Any CPU
		{067A7C02-D041-45E7-828A-FF76AE580776}.Release|x86.Build.0 = Release|Any CPU
		{AEFDB310-0CF8-4373-9C01-CB291F34B811}.Debug|Any CPU.ActiveCfg = Debug|Any CPU
		{AEFDB310-0CF8-4373-9C01-CB291F34B811}.Debug|Any CPU.Build.0 = Debug|Any CPU
		{AEFDB310-0CF8-4373-9C01-CB291F34B811}.Debug|x64.ActiveCfg = Debug|Any CPU
		{AEFDB310-0CF8-4373-9C01-CB291F34B811}.Debug|x64.Build.0 = Debug|Any CPU
		{AEFDB310-0CF8-4373-9C01-CB291F34B811}.Debug|x86.ActiveCfg = Debug|Any CPU
		{AEFDB310-0CF8-4373-9C01-CB291F34B811}.Debug|x86.Build.0 = Debug|Any CPU
		{AEFDB310-0CF8-4373-9C01-CB291F34B811}.Release|Any CPU.ActiveCfg = Release|Any CPU
		{AEFDB310-0CF8-4373-9C01-CB291F34B811}.Release|Any CPU.Build.0 = Release|Any CPU
		{AEFDB310-0CF8-4373-9C01-CB291F34B811}.Release|x64.ActiveCfg = Release|Any CPU
		{AEFDB310-0CF8-4373-9C01-CB291F34B811}.Release|x64.Build.0 = Release|Any CPU
		{AEFDB310-0CF8-4373-9C01-CB291F34B811}.Release|x86.ActiveCfg = Release|Any CPU
		{AEFDB310-0CF8-4373-9C01-CB291F34B811}.Release|x86.Build.0 = Release|Any CPU
		{573B2211-F37C-4AB2-815B-9A43D732D055}.Debug|Any CPU.ActiveCfg = Debug|Any CPU
		{573B2211-F37C-4AB2-815B-9A43D732D055}.Debug|Any CPU.Build.0 = Debug|Any CPU
		{573B2211-F37C-4AB2-815B-9A43D732D055}.Debug|x64.ActiveCfg = Debug|Any CPU
		{573B2211-F37C-4AB2-815B-9A43D732D055}.Debug|x64.Build.0 = Debug|Any CPU
		{573B2211-F37C-4AB2-815B-9A43D732D055}.Debug|x86.ActiveCfg = Debug|Any CPU
		{573B2211-F37C-4AB2-815B-9A43D732D055}.Debug|x86.Build.0 = Debug|Any CPU
		{573B2211-F37C-4AB2-815B-9A43D732D055}.Release|Any CPU.ActiveCfg = Release|Any CPU
		{573B2211-F37C-4AB2-815B-9A43D732D055}.Release|Any CPU.Build.0 = Release|Any CPU
		{573B2211-F37C-4AB2-815B-9A43D732D055}.Release|x64.ActiveCfg = Release|Any CPU
		{573B2211-F37C-4AB2-815B-9A43D732D055}.Release|x64.Build.0 = Release|Any CPU
		{573B2211-F37C-4AB2-815B-9A43D732D055}.Release|x86.ActiveCfg = Release|Any CPU
		{573B2211-F37C-4AB2-815B-9A43D732D055}.Release|x86.Build.0 = Release|Any CPU
		{F34E19C9-3786-49A3-98BB-A6358663D2F2}.Debug|Any CPU.ActiveCfg = Debug|Any CPU
		{F34E19C9-3786-49A3-98BB-A6358663D2F2}.Debug|Any CPU.Build.0 = Debug|Any CPU
		{F34E19C9-3786-49A3-98BB-A6358663D2F2}.Debug|x64.ActiveCfg = Debug|Any CPU
		{F34E19C9-3786-49A3-98BB-A6358663D2F2}.Debug|x64.Build.0 = Debug|Any CPU
		{F34E19C9-3786-49A3-98BB-A6358663D2F2}.Debug|x86.ActiveCfg = Debug|Any CPU
		{F34E19C9-3786-49A3-98BB-A6358663D2F2}.Debug|x86.Build.0 = Debug|Any CPU
		{F34E19C9-3786-49A3-98BB-A6358663D2F2}.Release|Any CPU.ActiveCfg = Release|Any CPU
		{F34E19C9-3786-49A3-98BB-A6358663D2F2}.Release|Any CPU.Build.0 = Release|Any CPU
		{F34E19C9-3786-49A3-98BB-A6358663D2F2}.Release|x64.ActiveCfg = Release|Any CPU
		{F34E19C9-3786-49A3-98BB-A6358663D2F2}.Release|x64.Build.0 = Release|Any CPU
		{F34E19C9-3786-49A3-98BB-A6358663D2F2}.Release|x86.ActiveCfg = Release|Any CPU
		{F34E19C9-3786-49A3-98BB-A6358663D2F2}.Release|x86.Build.0 = Release|Any CPU
		{55EB72C6-48DE-4468-A281-90099206D643}.Debug|Any CPU.ActiveCfg = Debug|Any CPU
		{55EB72C6-48DE-4468-A281-90099206D643}.Debug|Any CPU.Build.0 = Debug|Any CPU
		{55EB72C6-48DE-4468-A281-90099206D643}.Debug|x64.ActiveCfg = Debug|Any CPU
		{55EB72C6-48DE-4468-A281-90099206D643}.Debug|x64.Build.0 = Debug|Any CPU
		{55EB72C6-48DE-4468-A281-90099206D643}.Debug|x86.ActiveCfg = Debug|Any CPU
		{55EB72C6-48DE-4468-A281-90099206D643}.Debug|x86.Build.0 = Debug|Any CPU
		{55EB72C6-48DE-4468-A281-90099206D643}.Release|Any CPU.ActiveCfg = Release|Any CPU
		{55EB72C6-48DE-4468-A281-90099206D643}.Release|Any CPU.Build.0 = Release|Any CPU
		{55EB72C6-48DE-4468-A281-90099206D643}.Release|x64.ActiveCfg = Release|Any CPU
		{55EB72C6-48DE-4468-A281-90099206D643}.Release|x64.Build.0 = Release|Any CPU
		{55EB72C6-48DE-4468-A281-90099206D643}.Release|x86.ActiveCfg = Release|Any CPU
		{55EB72C6-48DE-4468-A281-90099206D643}.Release|x86.Build.0 = Release|Any CPU
		{7689755A-21F3-46FD-836C-CE6D4F175BE4}.Debug|Any CPU.ActiveCfg = Debug|Any CPU
		{7689755A-21F3-46FD-836C-CE6D4F175BE4}.Debug|Any CPU.Build.0 = Debug|Any CPU
		{7689755A-21F3-46FD-836C-CE6D4F175BE4}.Debug|x64.ActiveCfg = Debug|Any CPU
		{7689755A-21F3-46FD-836C-CE6D4F175BE4}.Debug|x64.Build.0 = Debug|Any CPU
		{7689755A-21F3-46FD-836C-CE6D4F175BE4}.Debug|x86.ActiveCfg = Debug|Any CPU
		{7689755A-21F3-46FD-836C-CE6D4F175BE4}.Debug|x86.Build.0 = Debug|Any CPU
		{7689755A-21F3-46FD-836C-CE6D4F175BE4}.Release|Any CPU.ActiveCfg = Release|Any CPU
		{7689755A-21F3-46FD-836C-CE6D4F175BE4}.Release|Any CPU.Build.0 = Release|Any CPU
		{7689755A-21F3-46FD-836C-CE6D4F175BE4}.Release|x64.ActiveCfg = Release|Any CPU
		{7689755A-21F3-46FD-836C-CE6D4F175BE4}.Release|x64.Build.0 = Release|Any CPU
		{7689755A-21F3-46FD-836C-CE6D4F175BE4}.Release|x86.ActiveCfg = Release|Any CPU
		{7689755A-21F3-46FD-836C-CE6D4F175BE4}.Release|x86.Build.0 = Release|Any CPU
		{0CA16489-C1DC-4028-8CC6-A381BC7CEF93}.Debug|Any CPU.ActiveCfg = Debug|Any CPU
		{0CA16489-C1DC-4028-8CC6-A381BC7CEF93}.Debug|Any CPU.Build.0 = Debug|Any CPU
		{0CA16489-C1DC-4028-8CC6-A381BC7CEF93}.Debug|x64.ActiveCfg = Debug|Any CPU
		{0CA16489-C1DC-4028-8CC6-A381BC7CEF93}.Debug|x64.Build.0 = Debug|Any CPU
		{0CA16489-C1DC-4028-8CC6-A381BC7CEF93}.Debug|x86.ActiveCfg = Debug|Any CPU
		{0CA16489-C1DC-4028-8CC6-A381BC7CEF93}.Debug|x86.Build.0 = Debug|Any CPU
		{0CA16489-C1DC-4028-8CC6-A381BC7CEF93}.Release|Any CPU.ActiveCfg = Release|Any CPU
		{0CA16489-C1DC-4028-8CC6-A381BC7CEF93}.Release|Any CPU.Build.0 = Release|Any CPU
		{0CA16489-C1DC-4028-8CC6-A381BC7CEF93}.Release|x64.ActiveCfg = Release|Any CPU
		{0CA16489-C1DC-4028-8CC6-A381BC7CEF93}.Release|x64.Build.0 = Release|Any CPU
		{0CA16489-C1DC-4028-8CC6-A381BC7CEF93}.Release|x86.ActiveCfg = Release|Any CPU
		{0CA16489-C1DC-4028-8CC6-A381BC7CEF93}.Release|x86.Build.0 = Release|Any CPU
		{0353EA03-BC2F-4E99-A64F-A57B1C231FCA}.Debug|Any CPU.ActiveCfg = Debug|Any CPU
		{0353EA03-BC2F-4E99-A64F-A57B1C231FCA}.Debug|Any CPU.Build.0 = Debug|Any CPU
		{0353EA03-BC2F-4E99-A64F-A57B1C231FCA}.Debug|x64.ActiveCfg = Debug|Any CPU
		{0353EA03-BC2F-4E99-A64F-A57B1C231FCA}.Debug|x64.Build.0 = Debug|Any CPU
		{0353EA03-BC2F-4E99-A64F-A57B1C231FCA}.Debug|x86.ActiveCfg = Debug|Any CPU
		{0353EA03-BC2F-4E99-A64F-A57B1C231FCA}.Debug|x86.Build.0 = Debug|Any CPU
		{0353EA03-BC2F-4E99-A64F-A57B1C231FCA}.Release|Any CPU.ActiveCfg = Release|Any CPU
		{0353EA03-BC2F-4E99-A64F-A57B1C231FCA}.Release|Any CPU.Build.0 = Release|Any CPU
		{0353EA03-BC2F-4E99-A64F-A57B1C231FCA}.Release|x64.ActiveCfg = Release|Any CPU
		{0353EA03-BC2F-4E99-A64F-A57B1C231FCA}.Release|x64.Build.0 = Release|Any CPU
		{0353EA03-BC2F-4E99-A64F-A57B1C231FCA}.Release|x86.ActiveCfg = Release|Any CPU
		{0353EA03-BC2F-4E99-A64F-A57B1C231FCA}.Release|x86.Build.0 = Release|Any CPU
		{2C4C9291-5837-499A-A909-2FC7AA9B2EBB}.Debug|Any CPU.ActiveCfg = Debug|Any CPU
		{2C4C9291-5837-499A-A909-2FC7AA9B2EBB}.Debug|Any CPU.Build.0 = Debug|Any CPU
		{2C4C9291-5837-499A-A909-2FC7AA9B2EBB}.Debug|x64.ActiveCfg = Debug|Any CPU
		{2C4C9291-5837-499A-A909-2FC7AA9B2EBB}.Debug|x64.Build.0 = Debug|Any CPU
		{2C4C9291-5837-499A-A909-2FC7AA9B2EBB}.Debug|x86.ActiveCfg = Debug|Any CPU
		{2C4C9291-5837-499A-A909-2FC7AA9B2EBB}.Debug|x86.Build.0 = Debug|Any CPU
		{2C4C9291-5837-499A-A909-2FC7AA9B2EBB}.Release|Any CPU.ActiveCfg = Release|Any CPU
		{2C4C9291-5837-499A-A909-2FC7AA9B2EBB}.Release|Any CPU.Build.0 = Release|Any CPU
		{2C4C9291-5837-499A-A909-2FC7AA9B2EBB}.Release|x64.ActiveCfg = Release|Any CPU
		{2C4C9291-5837-499A-A909-2FC7AA9B2EBB}.Release|x64.Build.0 = Release|Any CPU
		{2C4C9291-5837-499A-A909-2FC7AA9B2EBB}.Release|x86.ActiveCfg = Release|Any CPU
		{2C4C9291-5837-499A-A909-2FC7AA9B2EBB}.Release|x86.Build.0 = Release|Any CPU
		{3D5A052C-ABD6-4522-AFB4-C7C1E4FAED53}.Debug|Any CPU.ActiveCfg = Debug|Any CPU
		{3D5A052C-ABD6-4522-AFB4-C7C1E4FAED53}.Debug|Any CPU.Build.0 = Debug|Any CPU
		{3D5A052C-ABD6-4522-AFB4-C7C1E4FAED53}.Debug|x64.ActiveCfg = Debug|Any CPU
		{3D5A052C-ABD6-4522-AFB4-C7C1E4FAED53}.Debug|x64.Build.0 = Debug|Any CPU
		{3D5A052C-ABD6-4522-AFB4-C7C1E4FAED53}.Debug|x86.ActiveCfg = Debug|Any CPU
		{3D5A052C-ABD6-4522-AFB4-C7C1E4FAED53}.Debug|x86.Build.0 = Debug|Any CPU
		{3D5A052C-ABD6-4522-AFB4-C7C1E4FAED53}.Release|Any CPU.ActiveCfg = Release|Any CPU
		{3D5A052C-ABD6-4522-AFB4-C7C1E4FAED53}.Release|Any CPU.Build.0 = Release|Any CPU
		{3D5A052C-ABD6-4522-AFB4-C7C1E4FAED53}.Release|x64.ActiveCfg = Release|Any CPU
		{3D5A052C-ABD6-4522-AFB4-C7C1E4FAED53}.Release|x64.Build.0 = Release|Any CPU
		{3D5A052C-ABD6-4522-AFB4-C7C1E4FAED53}.Release|x86.ActiveCfg = Release|Any CPU
		{3D5A052C-ABD6-4522-AFB4-C7C1E4FAED53}.Release|x86.Build.0 = Release|Any CPU
		{682661E1-3E2F-497E-89D9-500174D8F6AE}.Debug|Any CPU.ActiveCfg = Debug|Any CPU
		{682661E1-3E2F-497E-89D9-500174D8F6AE}.Debug|Any CPU.Build.0 = Debug|Any CPU
		{682661E1-3E2F-497E-89D9-500174D8F6AE}.Debug|x64.ActiveCfg = Debug|Any CPU
		{682661E1-3E2F-497E-89D9-500174D8F6AE}.Debug|x64.Build.0 = Debug|Any CPU
		{682661E1-3E2F-497E-89D9-500174D8F6AE}.Debug|x86.ActiveCfg = Debug|Any CPU
		{682661E1-3E2F-497E-89D9-500174D8F6AE}.Debug|x86.Build.0 = Debug|Any CPU
		{682661E1-3E2F-497E-89D9-500174D8F6AE}.Release|Any CPU.ActiveCfg = Release|Any CPU
		{682661E1-3E2F-497E-89D9-500174D8F6AE}.Release|Any CPU.Build.0 = Release|Any CPU
		{682661E1-3E2F-497E-89D9-500174D8F6AE}.Release|x64.ActiveCfg = Release|Any CPU
		{682661E1-3E2F-497E-89D9-500174D8F6AE}.Release|x64.Build.0 = Release|Any CPU
		{682661E1-3E2F-497E-89D9-500174D8F6AE}.Release|x86.ActiveCfg = Release|Any CPU
		{682661E1-3E2F-497E-89D9-500174D8F6AE}.Release|x86.Build.0 = Release|Any CPU
		{8AE3F893-B018-44E3-ACC5-C084D9B7DE7D}.Debug|Any CPU.ActiveCfg = Debug|Any CPU
		{8AE3F893-B018-44E3-ACC5-C084D9B7DE7D}.Debug|Any CPU.Build.0 = Debug|Any CPU
		{8AE3F893-B018-44E3-ACC5-C084D9B7DE7D}.Debug|x64.ActiveCfg = Debug|Any CPU
		{8AE3F893-B018-44E3-ACC5-C084D9B7DE7D}.Debug|x64.Build.0 = Debug|Any CPU
		{8AE3F893-B018-44E3-ACC5-C084D9B7DE7D}.Debug|x86.ActiveCfg = Debug|Any CPU
		{8AE3F893-B018-44E3-ACC5-C084D9B7DE7D}.Debug|x86.Build.0 = Debug|Any CPU
		{8AE3F893-B018-44E3-ACC5-C084D9B7DE7D}.Release|Any CPU.ActiveCfg = Release|Any CPU
		{8AE3F893-B018-44E3-ACC5-C084D9B7DE7D}.Release|Any CPU.Build.0 = Release|Any CPU
		{8AE3F893-B018-44E3-ACC5-C084D9B7DE7D}.Release|x64.ActiveCfg = Release|Any CPU
		{8AE3F893-B018-44E3-ACC5-C084D9B7DE7D}.Release|x64.Build.0 = Release|Any CPU
		{8AE3F893-B018-44E3-ACC5-C084D9B7DE7D}.Release|x86.ActiveCfg = Release|Any CPU
		{8AE3F893-B018-44E3-ACC5-C084D9B7DE7D}.Release|x86.Build.0 = Release|Any CPU
		{5C4B8DE2-59D9-496D-A249-AD9B3FA959FF}.Debug|Any CPU.ActiveCfg = Debug|Any CPU
		{5C4B8DE2-59D9-496D-A249-AD9B3FA959FF}.Debug|Any CPU.Build.0 = Debug|Any CPU
		{5C4B8DE2-59D9-496D-A249-AD9B3FA959FF}.Debug|x64.ActiveCfg = Debug|Any CPU
		{5C4B8DE2-59D9-496D-A249-AD9B3FA959FF}.Debug|x64.Build.0 = Debug|Any CPU
		{5C4B8DE2-59D9-496D-A249-AD9B3FA959FF}.Debug|x86.ActiveCfg = Debug|Any CPU
		{5C4B8DE2-59D9-496D-A249-AD9B3FA959FF}.Debug|x86.Build.0 = Debug|Any CPU
		{5C4B8DE2-59D9-496D-A249-AD9B3FA959FF}.Release|Any CPU.ActiveCfg = Release|Any CPU
		{5C4B8DE2-59D9-496D-A249-AD9B3FA959FF}.Release|Any CPU.Build.0 = Release|Any CPU
		{5C4B8DE2-59D9-496D-A249-AD9B3FA959FF}.Release|x64.ActiveCfg = Release|Any CPU
		{5C4B8DE2-59D9-496D-A249-AD9B3FA959FF}.Release|x64.Build.0 = Release|Any CPU
		{5C4B8DE2-59D9-496D-A249-AD9B3FA959FF}.Release|x86.ActiveCfg = Release|Any CPU
		{5C4B8DE2-59D9-496D-A249-AD9B3FA959FF}.Release|x86.Build.0 = Release|Any CPU
		{7A8CFF4C-A242-4D2A-802A-BB46364FC808}.Debug|Any CPU.ActiveCfg = Debug|Any CPU
		{7A8CFF4C-A242-4D2A-802A-BB46364FC808}.Debug|Any CPU.Build.0 = Debug|Any CPU
		{7A8CFF4C-A242-4D2A-802A-BB46364FC808}.Debug|x64.ActiveCfg = Debug|Any CPU
		{7A8CFF4C-A242-4D2A-802A-BB46364FC808}.Debug|x64.Build.0 = Debug|Any CPU
		{7A8CFF4C-A242-4D2A-802A-BB46364FC808}.Debug|x86.ActiveCfg = Debug|Any CPU
		{7A8CFF4C-A242-4D2A-802A-BB46364FC808}.Debug|x86.Build.0 = Debug|Any CPU
		{7A8CFF4C-A242-4D2A-802A-BB46364FC808}.Release|Any CPU.ActiveCfg = Release|Any CPU
		{7A8CFF4C-A242-4D2A-802A-BB46364FC808}.Release|Any CPU.Build.0 = Release|Any CPU
		{7A8CFF4C-A242-4D2A-802A-BB46364FC808}.Release|x64.ActiveCfg = Release|Any CPU
		{7A8CFF4C-A242-4D2A-802A-BB46364FC808}.Release|x64.Build.0 = Release|Any CPU
		{7A8CFF4C-A242-4D2A-802A-BB46364FC808}.Release|x86.ActiveCfg = Release|Any CPU
		{7A8CFF4C-A242-4D2A-802A-BB46364FC808}.Release|x86.Build.0 = Release|Any CPU
		{A3EBF889-2BD5-487D-894B-1CE0E96DAFE3}.Debug|Any CPU.ActiveCfg = Debug|Any CPU
		{A3EBF889-2BD5-487D-894B-1CE0E96DAFE3}.Debug|Any CPU.Build.0 = Debug|Any CPU
		{A3EBF889-2BD5-487D-894B-1CE0E96DAFE3}.Debug|x64.ActiveCfg = Debug|Any CPU
		{A3EBF889-2BD5-487D-894B-1CE0E96DAFE3}.Debug|x64.Build.0 = Debug|Any CPU
		{A3EBF889-2BD5-487D-894B-1CE0E96DAFE3}.Debug|x86.ActiveCfg = Debug|Any CPU
		{A3EBF889-2BD5-487D-894B-1CE0E96DAFE3}.Debug|x86.Build.0 = Debug|Any CPU
		{A3EBF889-2BD5-487D-894B-1CE0E96DAFE3}.Release|Any CPU.ActiveCfg = Release|Any CPU
		{A3EBF889-2BD5-487D-894B-1CE0E96DAFE3}.Release|Any CPU.Build.0 = Release|Any CPU
		{A3EBF889-2BD5-487D-894B-1CE0E96DAFE3}.Release|x64.ActiveCfg = Release|Any CPU
		{A3EBF889-2BD5-487D-894B-1CE0E96DAFE3}.Release|x64.Build.0 = Release|Any CPU
		{A3EBF889-2BD5-487D-894B-1CE0E96DAFE3}.Release|x86.ActiveCfg = Release|Any CPU
		{A3EBF889-2BD5-487D-894B-1CE0E96DAFE3}.Release|x86.Build.0 = Release|Any CPU
		{756D0E48-31DC-40D8-8900-FF5AE0D19F35}.Debug|Any CPU.ActiveCfg = Debug|Any CPU
		{756D0E48-31DC-40D8-8900-FF5AE0D19F35}.Debug|Any CPU.Build.0 = Debug|Any CPU
		{756D0E48-31DC-40D8-8900-FF5AE0D19F35}.Debug|x64.ActiveCfg = Debug|Any CPU
		{756D0E48-31DC-40D8-8900-FF5AE0D19F35}.Debug|x64.Build.0 = Debug|Any CPU
		{756D0E48-31DC-40D8-8900-FF5AE0D19F35}.Debug|x86.ActiveCfg = Debug|Any CPU
		{756D0E48-31DC-40D8-8900-FF5AE0D19F35}.Debug|x86.Build.0 = Debug|Any CPU
		{756D0E48-31DC-40D8-8900-FF5AE0D19F35}.Release|Any CPU.ActiveCfg = Release|Any CPU
		{756D0E48-31DC-40D8-8900-FF5AE0D19F35}.Release|Any CPU.Build.0 = Release|Any CPU
		{756D0E48-31DC-40D8-8900-FF5AE0D19F35}.Release|x64.ActiveCfg = Release|Any CPU
		{756D0E48-31DC-40D8-8900-FF5AE0D19F35}.Release|x64.Build.0 = Release|Any CPU
		{756D0E48-31DC-40D8-8900-FF5AE0D19F35}.Release|x86.ActiveCfg = Release|Any CPU
		{756D0E48-31DC-40D8-8900-FF5AE0D19F35}.Release|x86.Build.0 = Release|Any CPU
		{E06B3C48-990E-4D7B-8169-2427F9BC4F43}.Debug|Any CPU.ActiveCfg = Debug|Any CPU
		{E06B3C48-990E-4D7B-8169-2427F9BC4F43}.Debug|Any CPU.Build.0 = Debug|Any CPU
		{E06B3C48-990E-4D7B-8169-2427F9BC4F43}.Debug|x64.ActiveCfg = Debug|Any CPU
		{E06B3C48-990E-4D7B-8169-2427F9BC4F43}.Debug|x64.Build.0 = Debug|Any CPU
		{E06B3C48-990E-4D7B-8169-2427F9BC4F43}.Debug|x86.ActiveCfg = Debug|Any CPU
		{E06B3C48-990E-4D7B-8169-2427F9BC4F43}.Debug|x86.Build.0 = Debug|Any CPU
		{E06B3C48-990E-4D7B-8169-2427F9BC4F43}.Release|Any CPU.ActiveCfg = Release|Any CPU
		{E06B3C48-990E-4D7B-8169-2427F9BC4F43}.Release|Any CPU.Build.0 = Release|Any CPU
		{E06B3C48-990E-4D7B-8169-2427F9BC4F43}.Release|x64.ActiveCfg = Release|Any CPU
		{E06B3C48-990E-4D7B-8169-2427F9BC4F43}.Release|x64.Build.0 = Release|Any CPU
		{E06B3C48-990E-4D7B-8169-2427F9BC4F43}.Release|x86.ActiveCfg = Release|Any CPU
		{E06B3C48-990E-4D7B-8169-2427F9BC4F43}.Release|x86.Build.0 = Release|Any CPU
		{74984D12-D12E-4D2F-9BD2-BA9EDF25FA1E}.Debug|Any CPU.ActiveCfg = Debug|Any CPU
		{74984D12-D12E-4D2F-9BD2-BA9EDF25FA1E}.Debug|Any CPU.Build.0 = Debug|Any CPU
		{74984D12-D12E-4D2F-9BD2-BA9EDF25FA1E}.Debug|x64.ActiveCfg = Debug|Any CPU
		{74984D12-D12E-4D2F-9BD2-BA9EDF25FA1E}.Debug|x64.Build.0 = Debug|Any CPU
		{74984D12-D12E-4D2F-9BD2-BA9EDF25FA1E}.Debug|x86.ActiveCfg = Debug|Any CPU
		{74984D12-D12E-4D2F-9BD2-BA9EDF25FA1E}.Debug|x86.Build.0 = Debug|Any CPU
		{74984D12-D12E-4D2F-9BD2-BA9EDF25FA1E}.Release|Any CPU.ActiveCfg = Release|Any CPU
		{74984D12-D12E-4D2F-9BD2-BA9EDF25FA1E}.Release|Any CPU.Build.0 = Release|Any CPU
		{74984D12-D12E-4D2F-9BD2-BA9EDF25FA1E}.Release|x64.ActiveCfg = Release|Any CPU
		{74984D12-D12E-4D2F-9BD2-BA9EDF25FA1E}.Release|x64.Build.0 = Release|Any CPU
		{74984D12-D12E-4D2F-9BD2-BA9EDF25FA1E}.Release|x86.ActiveCfg = Release|Any CPU
		{74984D12-D12E-4D2F-9BD2-BA9EDF25FA1E}.Release|x86.Build.0 = Release|Any CPU
		{377CD740-CCFB-40E5-B37A-E79A9AEDA680}.Debug|Any CPU.ActiveCfg = Debug|Any CPU
		{377CD740-CCFB-40E5-B37A-E79A9AEDA680}.Debug|Any CPU.Build.0 = Debug|Any CPU
		{377CD740-CCFB-40E5-B37A-E79A9AEDA680}.Debug|x64.ActiveCfg = Debug|Any CPU
		{377CD740-CCFB-40E5-B37A-E79A9AEDA680}.Debug|x64.Build.0 = Debug|Any CPU
		{377CD740-CCFB-40E5-B37A-E79A9AEDA680}.Debug|x86.ActiveCfg = Debug|Any CPU
		{377CD740-CCFB-40E5-B37A-E79A9AEDA680}.Debug|x86.Build.0 = Debug|Any CPU
		{377CD740-CCFB-40E5-B37A-E79A9AEDA680}.Release|Any CPU.ActiveCfg = Release|Any CPU
		{377CD740-CCFB-40E5-B37A-E79A9AEDA680}.Release|Any CPU.Build.0 = Release|Any CPU
		{377CD740-CCFB-40E5-B37A-E79A9AEDA680}.Release|x64.ActiveCfg = Release|Any CPU
		{377CD740-CCFB-40E5-B37A-E79A9AEDA680}.Release|x64.Build.0 = Release|Any CPU
		{377CD740-CCFB-40E5-B37A-E79A9AEDA680}.Release|x86.ActiveCfg = Release|Any CPU
		{377CD740-CCFB-40E5-B37A-E79A9AEDA680}.Release|x86.Build.0 = Release|Any CPU
		{AD4B3F26-2A3E-402B-AE66-ACECF23CF754}.Debug|Any CPU.ActiveCfg = Debug|Any CPU
		{AD4B3F26-2A3E-402B-AE66-ACECF23CF754}.Debug|Any CPU.Build.0 = Debug|Any CPU
		{AD4B3F26-2A3E-402B-AE66-ACECF23CF754}.Debug|x64.ActiveCfg = Debug|Any CPU
		{AD4B3F26-2A3E-402B-AE66-ACECF23CF754}.Debug|x64.Build.0 = Debug|Any CPU
		{AD4B3F26-2A3E-402B-AE66-ACECF23CF754}.Debug|x86.ActiveCfg = Debug|Any CPU
		{AD4B3F26-2A3E-402B-AE66-ACECF23CF754}.Debug|x86.Build.0 = Debug|Any CPU
		{AD4B3F26-2A3E-402B-AE66-ACECF23CF754}.Release|Any CPU.ActiveCfg = Release|Any CPU
		{AD4B3F26-2A3E-402B-AE66-ACECF23CF754}.Release|Any CPU.Build.0 = Release|Any CPU
		{AD4B3F26-2A3E-402B-AE66-ACECF23CF754}.Release|x64.ActiveCfg = Release|Any CPU
		{AD4B3F26-2A3E-402B-AE66-ACECF23CF754}.Release|x64.Build.0 = Release|Any CPU
		{AD4B3F26-2A3E-402B-AE66-ACECF23CF754}.Release|x86.ActiveCfg = Release|Any CPU
		{AD4B3F26-2A3E-402B-AE66-ACECF23CF754}.Release|x86.Build.0 = Release|Any CPU
		{DD0E455A-DA47-44C6-9ECC-34F891C999E6}.Debug|Any CPU.ActiveCfg = Debug|Any CPU
		{DD0E455A-DA47-44C6-9ECC-34F891C999E6}.Debug|Any CPU.Build.0 = Debug|Any CPU
		{DD0E455A-DA47-44C6-9ECC-34F891C999E6}.Debug|x64.ActiveCfg = Debug|Any CPU
		{DD0E455A-DA47-44C6-9ECC-34F891C999E6}.Debug|x64.Build.0 = Debug|Any CPU
		{DD0E455A-DA47-44C6-9ECC-34F891C999E6}.Debug|x86.ActiveCfg = Debug|Any CPU
		{DD0E455A-DA47-44C6-9ECC-34F891C999E6}.Debug|x86.Build.0 = Debug|Any CPU
		{DD0E455A-DA47-44C6-9ECC-34F891C999E6}.Release|Any CPU.ActiveCfg = Release|Any CPU
		{DD0E455A-DA47-44C6-9ECC-34F891C999E6}.Release|Any CPU.Build.0 = Release|Any CPU
		{DD0E455A-DA47-44C6-9ECC-34F891C999E6}.Release|x64.ActiveCfg = Release|Any CPU
		{DD0E455A-DA47-44C6-9ECC-34F891C999E6}.Release|x64.Build.0 = Release|Any CPU
		{DD0E455A-DA47-44C6-9ECC-34F891C999E6}.Release|x86.ActiveCfg = Release|Any CPU
		{DD0E455A-DA47-44C6-9ECC-34F891C999E6}.Release|x86.Build.0 = Release|Any CPU
		{FDA06A8E-E363-4151-B506-49A53D97FCBC}.Debug|Any CPU.ActiveCfg = Debug|Any CPU
		{FDA06A8E-E363-4151-B506-49A53D97FCBC}.Debug|Any CPU.Build.0 = Debug|Any CPU
		{FDA06A8E-E363-4151-B506-49A53D97FCBC}.Debug|x64.ActiveCfg = Debug|Any CPU
		{FDA06A8E-E363-4151-B506-49A53D97FCBC}.Debug|x64.Build.0 = Debug|Any CPU
		{FDA06A8E-E363-4151-B506-49A53D97FCBC}.Debug|x86.ActiveCfg = Debug|Any CPU
		{FDA06A8E-E363-4151-B506-49A53D97FCBC}.Debug|x86.Build.0 = Debug|Any CPU
		{FDA06A8E-E363-4151-B506-49A53D97FCBC}.Release|Any CPU.ActiveCfg = Release|Any CPU
		{FDA06A8E-E363-4151-B506-49A53D97FCBC}.Release|Any CPU.Build.0 = Release|Any CPU
		{FDA06A8E-E363-4151-B506-49A53D97FCBC}.Release|x64.ActiveCfg = Release|Any CPU
		{FDA06A8E-E363-4151-B506-49A53D97FCBC}.Release|x64.Build.0 = Release|Any CPU
		{FDA06A8E-E363-4151-B506-49A53D97FCBC}.Release|x86.ActiveCfg = Release|Any CPU
		{FDA06A8E-E363-4151-B506-49A53D97FCBC}.Release|x86.Build.0 = Release|Any CPU
		{876EC800-AEAE-44EA-AA3F-17DC805702E8}.Debug|Any CPU.ActiveCfg = Debug|Any CPU
		{876EC800-AEAE-44EA-AA3F-17DC805702E8}.Debug|Any CPU.Build.0 = Debug|Any CPU
		{876EC800-AEAE-44EA-AA3F-17DC805702E8}.Debug|x64.ActiveCfg = Debug|Any CPU
		{876EC800-AEAE-44EA-AA3F-17DC805702E8}.Debug|x64.Build.0 = Debug|Any CPU
		{876EC800-AEAE-44EA-AA3F-17DC805702E8}.Debug|x86.ActiveCfg = Debug|Any CPU
		{876EC800-AEAE-44EA-AA3F-17DC805702E8}.Debug|x86.Build.0 = Debug|Any CPU
		{876EC800-AEAE-44EA-AA3F-17DC805702E8}.Release|Any CPU.ActiveCfg = Release|Any CPU
		{876EC800-AEAE-44EA-AA3F-17DC805702E8}.Release|Any CPU.Build.0 = Release|Any CPU
		{876EC800-AEAE-44EA-AA3F-17DC805702E8}.Release|x64.ActiveCfg = Release|Any CPU
		{876EC800-AEAE-44EA-AA3F-17DC805702E8}.Release|x64.Build.0 = Release|Any CPU
		{876EC800-AEAE-44EA-AA3F-17DC805702E8}.Release|x86.ActiveCfg = Release|Any CPU
		{876EC800-AEAE-44EA-AA3F-17DC805702E8}.Release|x86.Build.0 = Release|Any CPU
		{A784D19D-1513-46C7-9CCD-183702BF5BD6}.Debug|Any CPU.ActiveCfg = Debug|Any CPU
		{A784D19D-1513-46C7-9CCD-183702BF5BD6}.Debug|Any CPU.Build.0 = Debug|Any CPU
		{A784D19D-1513-46C7-9CCD-183702BF5BD6}.Debug|x64.ActiveCfg = Debug|Any CPU
		{A784D19D-1513-46C7-9CCD-183702BF5BD6}.Debug|x64.Build.0 = Debug|Any CPU
		{A784D19D-1513-46C7-9CCD-183702BF5BD6}.Debug|x86.ActiveCfg = Debug|Any CPU
		{A784D19D-1513-46C7-9CCD-183702BF5BD6}.Debug|x86.Build.0 = Debug|Any CPU
		{A784D19D-1513-46C7-9CCD-183702BF5BD6}.Release|Any CPU.ActiveCfg = Release|Any CPU
		{A784D19D-1513-46C7-9CCD-183702BF5BD6}.Release|Any CPU.Build.0 = Release|Any CPU
		{A784D19D-1513-46C7-9CCD-183702BF5BD6}.Release|x64.ActiveCfg = Release|Any CPU
		{A784D19D-1513-46C7-9CCD-183702BF5BD6}.Release|x64.Build.0 = Release|Any CPU
		{A784D19D-1513-46C7-9CCD-183702BF5BD6}.Release|x86.ActiveCfg = Release|Any CPU
		{A784D19D-1513-46C7-9CCD-183702BF5BD6}.Release|x86.Build.0 = Release|Any CPU
		{47B5B356-753B-44BE-A5D6-8FFB5E4581B4}.Debug|Any CPU.ActiveCfg = Debug|Any CPU
		{47B5B356-753B-44BE-A5D6-8FFB5E4581B4}.Debug|Any CPU.Build.0 = Debug|Any CPU
		{47B5B356-753B-44BE-A5D6-8FFB5E4581B4}.Debug|x64.ActiveCfg = Debug|Any CPU
		{47B5B356-753B-44BE-A5D6-8FFB5E4581B4}.Debug|x64.Build.0 = Debug|Any CPU
		{47B5B356-753B-44BE-A5D6-8FFB5E4581B4}.Debug|x86.ActiveCfg = Debug|Any CPU
		{47B5B356-753B-44BE-A5D6-8FFB5E4581B4}.Debug|x86.Build.0 = Debug|Any CPU
		{47B5B356-753B-44BE-A5D6-8FFB5E4581B4}.Release|Any CPU.ActiveCfg = Release|Any CPU
		{47B5B356-753B-44BE-A5D6-8FFB5E4581B4}.Release|Any CPU.Build.0 = Release|Any CPU
		{47B5B356-753B-44BE-A5D6-8FFB5E4581B4}.Release|x64.ActiveCfg = Release|Any CPU
		{47B5B356-753B-44BE-A5D6-8FFB5E4581B4}.Release|x64.Build.0 = Release|Any CPU
		{47B5B356-753B-44BE-A5D6-8FFB5E4581B4}.Release|x86.ActiveCfg = Release|Any CPU
		{47B5B356-753B-44BE-A5D6-8FFB5E4581B4}.Release|x86.Build.0 = Release|Any CPU
		{85C9B4B3-3EDD-41E3-9E75-626E8C5E3B31}.Debug|Any CPU.ActiveCfg = Debug|Any CPU
		{85C9B4B3-3EDD-41E3-9E75-626E8C5E3B31}.Debug|Any CPU.Build.0 = Debug|Any CPU
		{85C9B4B3-3EDD-41E3-9E75-626E8C5E3B31}.Debug|x64.ActiveCfg = Debug|Any CPU
		{85C9B4B3-3EDD-41E3-9E75-626E8C5E3B31}.Debug|x64.Build.0 = Debug|Any CPU
		{85C9B4B3-3EDD-41E3-9E75-626E8C5E3B31}.Debug|x86.ActiveCfg = Debug|Any CPU
		{85C9B4B3-3EDD-41E3-9E75-626E8C5E3B31}.Debug|x86.Build.0 = Debug|Any CPU
		{85C9B4B3-3EDD-41E3-9E75-626E8C5E3B31}.Release|Any CPU.ActiveCfg = Release|Any CPU
		{85C9B4B3-3EDD-41E3-9E75-626E8C5E3B31}.Release|Any CPU.Build.0 = Release|Any CPU
		{85C9B4B3-3EDD-41E3-9E75-626E8C5E3B31}.Release|x64.ActiveCfg = Release|Any CPU
		{85C9B4B3-3EDD-41E3-9E75-626E8C5E3B31}.Release|x64.Build.0 = Release|Any CPU
		{85C9B4B3-3EDD-41E3-9E75-626E8C5E3B31}.Release|x86.ActiveCfg = Release|Any CPU
		{85C9B4B3-3EDD-41E3-9E75-626E8C5E3B31}.Release|x86.Build.0 = Release|Any CPU
		{C6EEE547-08F1-41D9-867E-CC633CA09C06}.Debug|Any CPU.ActiveCfg = Debug|Any CPU
		{C6EEE547-08F1-41D9-867E-CC633CA09C06}.Debug|Any CPU.Build.0 = Debug|Any CPU
		{C6EEE547-08F1-41D9-867E-CC633CA09C06}.Debug|x64.ActiveCfg = Debug|Any CPU
		{C6EEE547-08F1-41D9-867E-CC633CA09C06}.Debug|x64.Build.0 = Debug|Any CPU
		{C6EEE547-08F1-41D9-867E-CC633CA09C06}.Debug|x86.ActiveCfg = Debug|Any CPU
		{C6EEE547-08F1-41D9-867E-CC633CA09C06}.Debug|x86.Build.0 = Debug|Any CPU
		{C6EEE547-08F1-41D9-867E-CC633CA09C06}.Release|Any CPU.ActiveCfg = Release|Any CPU
		{C6EEE547-08F1-41D9-867E-CC633CA09C06}.Release|Any CPU.Build.0 = Release|Any CPU
		{C6EEE547-08F1-41D9-867E-CC633CA09C06}.Release|x64.ActiveCfg = Release|Any CPU
		{C6EEE547-08F1-41D9-867E-CC633CA09C06}.Release|x64.Build.0 = Release|Any CPU
		{C6EEE547-08F1-41D9-867E-CC633CA09C06}.Release|x86.ActiveCfg = Release|Any CPU
		{C6EEE547-08F1-41D9-867E-CC633CA09C06}.Release|x86.Build.0 = Release|Any CPU
		{C4C329CB-B76B-4E87-9FA9-4C7EEE921668}.Debug|Any CPU.ActiveCfg = Debug|Any CPU
		{C4C329CB-B76B-4E87-9FA9-4C7EEE921668}.Debug|Any CPU.Build.0 = Debug|Any CPU
		{C4C329CB-B76B-4E87-9FA9-4C7EEE921668}.Debug|x64.ActiveCfg = Debug|Any CPU
		{C4C329CB-B76B-4E87-9FA9-4C7EEE921668}.Debug|x64.Build.0 = Debug|Any CPU
		{C4C329CB-B76B-4E87-9FA9-4C7EEE921668}.Debug|x86.ActiveCfg = Debug|Any CPU
		{C4C329CB-B76B-4E87-9FA9-4C7EEE921668}.Debug|x86.Build.0 = Debug|Any CPU
		{C4C329CB-B76B-4E87-9FA9-4C7EEE921668}.Release|Any CPU.ActiveCfg = Release|Any CPU
		{C4C329CB-B76B-4E87-9FA9-4C7EEE921668}.Release|Any CPU.Build.0 = Release|Any CPU
		{C4C329CB-B76B-4E87-9FA9-4C7EEE921668}.Release|x64.ActiveCfg = Release|Any CPU
		{C4C329CB-B76B-4E87-9FA9-4C7EEE921668}.Release|x64.Build.0 = Release|Any CPU
		{C4C329CB-B76B-4E87-9FA9-4C7EEE921668}.Release|x86.ActiveCfg = Release|Any CPU
		{C4C329CB-B76B-4E87-9FA9-4C7EEE921668}.Release|x86.Build.0 = Release|Any CPU
		{E92519C8-0F2F-4412-AF77-1A24265A2002}.Debug|Any CPU.ActiveCfg = Debug|Any CPU
		{E92519C8-0F2F-4412-AF77-1A24265A2002}.Debug|Any CPU.Build.0 = Debug|Any CPU
		{E92519C8-0F2F-4412-AF77-1A24265A2002}.Debug|x64.ActiveCfg = Debug|Any CPU
		{E92519C8-0F2F-4412-AF77-1A24265A2002}.Debug|x64.Build.0 = Debug|Any CPU
		{E92519C8-0F2F-4412-AF77-1A24265A2002}.Debug|x86.ActiveCfg = Debug|Any CPU
		{E92519C8-0F2F-4412-AF77-1A24265A2002}.Debug|x86.Build.0 = Debug|Any CPU
		{E92519C8-0F2F-4412-AF77-1A24265A2002}.Release|Any CPU.ActiveCfg = Release|Any CPU
		{E92519C8-0F2F-4412-AF77-1A24265A2002}.Release|Any CPU.Build.0 = Release|Any CPU
		{E92519C8-0F2F-4412-AF77-1A24265A2002}.Release|x64.ActiveCfg = Release|Any CPU
		{E92519C8-0F2F-4412-AF77-1A24265A2002}.Release|x64.Build.0 = Release|Any CPU
		{E92519C8-0F2F-4412-AF77-1A24265A2002}.Release|x86.ActiveCfg = Release|Any CPU
		{E92519C8-0F2F-4412-AF77-1A24265A2002}.Release|x86.Build.0 = Release|Any CPU
		{14D885C2-8D53-4053-82BF-864A2AE493ED}.Debug|Any CPU.ActiveCfg = Debug|Any CPU
		{14D885C2-8D53-4053-82BF-864A2AE493ED}.Debug|Any CPU.Build.0 = Debug|Any CPU
		{14D885C2-8D53-4053-82BF-864A2AE493ED}.Debug|x64.ActiveCfg = Debug|Any CPU
		{14D885C2-8D53-4053-82BF-864A2AE493ED}.Debug|x64.Build.0 = Debug|Any CPU
		{14D885C2-8D53-4053-82BF-864A2AE493ED}.Debug|x86.ActiveCfg = Debug|Any CPU
		{14D885C2-8D53-4053-82BF-864A2AE493ED}.Debug|x86.Build.0 = Debug|Any CPU
		{14D885C2-8D53-4053-82BF-864A2AE493ED}.Release|Any CPU.ActiveCfg = Release|Any CPU
		{14D885C2-8D53-4053-82BF-864A2AE493ED}.Release|Any CPU.Build.0 = Release|Any CPU
		{14D885C2-8D53-4053-82BF-864A2AE493ED}.Release|x64.ActiveCfg = Release|Any CPU
		{14D885C2-8D53-4053-82BF-864A2AE493ED}.Release|x64.Build.0 = Release|Any CPU
		{14D885C2-8D53-4053-82BF-864A2AE493ED}.Release|x86.ActiveCfg = Release|Any CPU
		{14D885C2-8D53-4053-82BF-864A2AE493ED}.Release|x86.Build.0 = Release|Any CPU
		{C6B214D2-3908-40A5-BF89-F04FDE379F05}.Debug|Any CPU.ActiveCfg = Debug|Any CPU
		{C6B214D2-3908-40A5-BF89-F04FDE379F05}.Debug|Any CPU.Build.0 = Debug|Any CPU
		{C6B214D2-3908-40A5-BF89-F04FDE379F05}.Debug|x64.ActiveCfg = Debug|Any CPU
		{C6B214D2-3908-40A5-BF89-F04FDE379F05}.Debug|x64.Build.0 = Debug|Any CPU
		{C6B214D2-3908-40A5-BF89-F04FDE379F05}.Debug|x86.ActiveCfg = Debug|Any CPU
		{C6B214D2-3908-40A5-BF89-F04FDE379F05}.Debug|x86.Build.0 = Debug|Any CPU
		{C6B214D2-3908-40A5-BF89-F04FDE379F05}.Release|Any CPU.ActiveCfg = Release|Any CPU
		{C6B214D2-3908-40A5-BF89-F04FDE379F05}.Release|Any CPU.Build.0 = Release|Any CPU
		{C6B214D2-3908-40A5-BF89-F04FDE379F05}.Release|x64.ActiveCfg = Release|Any CPU
		{C6B214D2-3908-40A5-BF89-F04FDE379F05}.Release|x64.Build.0 = Release|Any CPU
		{C6B214D2-3908-40A5-BF89-F04FDE379F05}.Release|x86.ActiveCfg = Release|Any CPU
		{C6B214D2-3908-40A5-BF89-F04FDE379F05}.Release|x86.Build.0 = Release|Any CPU
		{8FDE976D-D004-40FC-BF0E-176206925D51}.Debug|Any CPU.ActiveCfg = Debug|Any CPU
		{8FDE976D-D004-40FC-BF0E-176206925D51}.Debug|Any CPU.Build.0 = Debug|Any CPU
		{8FDE976D-D004-40FC-BF0E-176206925D51}.Debug|x64.ActiveCfg = Debug|Any CPU
		{8FDE976D-D004-40FC-BF0E-176206925D51}.Debug|x64.Build.0 = Debug|Any CPU
		{8FDE976D-D004-40FC-BF0E-176206925D51}.Debug|x86.ActiveCfg = Debug|Any CPU
		{8FDE976D-D004-40FC-BF0E-176206925D51}.Debug|x86.Build.0 = Debug|Any CPU
		{8FDE976D-D004-40FC-BF0E-176206925D51}.Release|Any CPU.ActiveCfg = Release|Any CPU
		{8FDE976D-D004-40FC-BF0E-176206925D51}.Release|Any CPU.Build.0 = Release|Any CPU
		{8FDE976D-D004-40FC-BF0E-176206925D51}.Release|x64.ActiveCfg = Release|Any CPU
		{8FDE976D-D004-40FC-BF0E-176206925D51}.Release|x64.Build.0 = Release|Any CPU
		{8FDE976D-D004-40FC-BF0E-176206925D51}.Release|x86.ActiveCfg = Release|Any CPU
		{8FDE976D-D004-40FC-BF0E-176206925D51}.Release|x86.Build.0 = Release|Any CPU
		{840C9FAA-4480-40B5-9382-99FADCDAFB91}.Debug|Any CPU.ActiveCfg = Debug|Any CPU
		{840C9FAA-4480-40B5-9382-99FADCDAFB91}.Debug|Any CPU.Build.0 = Debug|Any CPU
		{840C9FAA-4480-40B5-9382-99FADCDAFB91}.Debug|x64.ActiveCfg = Debug|Any CPU
		{840C9FAA-4480-40B5-9382-99FADCDAFB91}.Debug|x64.Build.0 = Debug|Any CPU
		{840C9FAA-4480-40B5-9382-99FADCDAFB91}.Debug|x86.ActiveCfg = Debug|Any CPU
		{840C9FAA-4480-40B5-9382-99FADCDAFB91}.Debug|x86.Build.0 = Debug|Any CPU
		{840C9FAA-4480-40B5-9382-99FADCDAFB91}.Release|Any CPU.ActiveCfg = Release|Any CPU
		{840C9FAA-4480-40B5-9382-99FADCDAFB91}.Release|Any CPU.Build.0 = Release|Any CPU
		{840C9FAA-4480-40B5-9382-99FADCDAFB91}.Release|x64.ActiveCfg = Release|Any CPU
		{840C9FAA-4480-40B5-9382-99FADCDAFB91}.Release|x64.Build.0 = Release|Any CPU
		{840C9FAA-4480-40B5-9382-99FADCDAFB91}.Release|x86.ActiveCfg = Release|Any CPU
		{840C9FAA-4480-40B5-9382-99FADCDAFB91}.Release|x86.Build.0 = Release|Any CPU
		{F349E346-BCCC-493F-9EB1-64B419805093}.Debug|Any CPU.ActiveCfg = Debug|Any CPU
		{F349E346-BCCC-493F-9EB1-64B419805093}.Debug|Any CPU.Build.0 = Debug|Any CPU
		{F349E346-BCCC-493F-9EB1-64B419805093}.Debug|x64.ActiveCfg = Debug|Any CPU
		{F349E346-BCCC-493F-9EB1-64B419805093}.Debug|x64.Build.0 = Debug|Any CPU
		{F349E346-BCCC-493F-9EB1-64B419805093}.Debug|x86.ActiveCfg = Debug|Any CPU
		{F349E346-BCCC-493F-9EB1-64B419805093}.Debug|x86.Build.0 = Debug|Any CPU
		{F349E346-BCCC-493F-9EB1-64B419805093}.Release|Any CPU.ActiveCfg = Release|Any CPU
		{F349E346-BCCC-493F-9EB1-64B419805093}.Release|Any CPU.Build.0 = Release|Any CPU
		{F349E346-BCCC-493F-9EB1-64B419805093}.Release|x64.ActiveCfg = Release|Any CPU
		{F349E346-BCCC-493F-9EB1-64B419805093}.Release|x64.Build.0 = Release|Any CPU
		{F349E346-BCCC-493F-9EB1-64B419805093}.Release|x86.ActiveCfg = Release|Any CPU
		{F349E346-BCCC-493F-9EB1-64B419805093}.Release|x86.Build.0 = Release|Any CPU
		{7D38691D-19E7-4D85-B474-FE272FFED25E}.Debug|Any CPU.ActiveCfg = Debug|Any CPU
		{7D38691D-19E7-4D85-B474-FE272FFED25E}.Debug|Any CPU.Build.0 = Debug|Any CPU
		{7D38691D-19E7-4D85-B474-FE272FFED25E}.Debug|x64.ActiveCfg = Debug|Any CPU
		{7D38691D-19E7-4D85-B474-FE272FFED25E}.Debug|x64.Build.0 = Debug|Any CPU
		{7D38691D-19E7-4D85-B474-FE272FFED25E}.Debug|x86.ActiveCfg = Debug|Any CPU
		{7D38691D-19E7-4D85-B474-FE272FFED25E}.Debug|x86.Build.0 = Debug|Any CPU
		{7D38691D-19E7-4D85-B474-FE272FFED25E}.Release|Any CPU.ActiveCfg = Release|Any CPU
		{7D38691D-19E7-4D85-B474-FE272FFED25E}.Release|Any CPU.Build.0 = Release|Any CPU
		{7D38691D-19E7-4D85-B474-FE272FFED25E}.Release|x64.ActiveCfg = Release|Any CPU
		{7D38691D-19E7-4D85-B474-FE272FFED25E}.Release|x64.Build.0 = Release|Any CPU
		{7D38691D-19E7-4D85-B474-FE272FFED25E}.Release|x86.ActiveCfg = Release|Any CPU
		{7D38691D-19E7-4D85-B474-FE272FFED25E}.Release|x86.Build.0 = Release|Any CPU
		{BA69C9EA-5146-46B1-9F9B-F91AACC34AF4}.Debug|Any CPU.ActiveCfg = Debug|Any CPU
		{BA69C9EA-5146-46B1-9F9B-F91AACC34AF4}.Debug|Any CPU.Build.0 = Debug|Any CPU
		{BA69C9EA-5146-46B1-9F9B-F91AACC34AF4}.Debug|x64.ActiveCfg = Debug|Any CPU
		{BA69C9EA-5146-46B1-9F9B-F91AACC34AF4}.Debug|x64.Build.0 = Debug|Any CPU
		{BA69C9EA-5146-46B1-9F9B-F91AACC34AF4}.Debug|x86.ActiveCfg = Debug|Any CPU
		{BA69C9EA-5146-46B1-9F9B-F91AACC34AF4}.Debug|x86.Build.0 = Debug|Any CPU
		{BA69C9EA-5146-46B1-9F9B-F91AACC34AF4}.Release|Any CPU.ActiveCfg = Release|Any CPU
		{BA69C9EA-5146-46B1-9F9B-F91AACC34AF4}.Release|Any CPU.Build.0 = Release|Any CPU
		{BA69C9EA-5146-46B1-9F9B-F91AACC34AF4}.Release|x64.ActiveCfg = Release|Any CPU
		{BA69C9EA-5146-46B1-9F9B-F91AACC34AF4}.Release|x64.Build.0 = Release|Any CPU
		{BA69C9EA-5146-46B1-9F9B-F91AACC34AF4}.Release|x86.ActiveCfg = Release|Any CPU
		{BA69C9EA-5146-46B1-9F9B-F91AACC34AF4}.Release|x86.Build.0 = Release|Any CPU
		{D5DE4763-3F97-4DE5-A9FE-C6920EFE33E9}.Debug|Any CPU.ActiveCfg = Debug|Any CPU
		{D5DE4763-3F97-4DE5-A9FE-C6920EFE33E9}.Debug|Any CPU.Build.0 = Debug|Any CPU
		{D5DE4763-3F97-4DE5-A9FE-C6920EFE33E9}.Debug|x64.ActiveCfg = Debug|Any CPU
		{D5DE4763-3F97-4DE5-A9FE-C6920EFE33E9}.Debug|x64.Build.0 = Debug|Any CPU
		{D5DE4763-3F97-4DE5-A9FE-C6920EFE33E9}.Debug|x86.ActiveCfg = Debug|Any CPU
		{D5DE4763-3F97-4DE5-A9FE-C6920EFE33E9}.Debug|x86.Build.0 = Debug|Any CPU
		{D5DE4763-3F97-4DE5-A9FE-C6920EFE33E9}.Release|Any CPU.ActiveCfg = Release|Any CPU
		{D5DE4763-3F97-4DE5-A9FE-C6920EFE33E9}.Release|Any CPU.Build.0 = Release|Any CPU
		{D5DE4763-3F97-4DE5-A9FE-C6920EFE33E9}.Release|x64.ActiveCfg = Release|Any CPU
		{D5DE4763-3F97-4DE5-A9FE-C6920EFE33E9}.Release|x64.Build.0 = Release|Any CPU
		{D5DE4763-3F97-4DE5-A9FE-C6920EFE33E9}.Release|x86.ActiveCfg = Release|Any CPU
		{D5DE4763-3F97-4DE5-A9FE-C6920EFE33E9}.Release|x86.Build.0 = Release|Any CPU
		{23DE0001-1C1A-445F-8033-79E05B5713C6}.Debug|Any CPU.ActiveCfg = Debug|Any CPU
		{23DE0001-1C1A-445F-8033-79E05B5713C6}.Debug|Any CPU.Build.0 = Debug|Any CPU
		{23DE0001-1C1A-445F-8033-79E05B5713C6}.Debug|x64.ActiveCfg = Debug|Any CPU
		{23DE0001-1C1A-445F-8033-79E05B5713C6}.Debug|x64.Build.0 = Debug|Any CPU
		{23DE0001-1C1A-445F-8033-79E05B5713C6}.Debug|x86.ActiveCfg = Debug|Any CPU
		{23DE0001-1C1A-445F-8033-79E05B5713C6}.Debug|x86.Build.0 = Debug|Any CPU
		{23DE0001-1C1A-445F-8033-79E05B5713C6}.Release|Any CPU.ActiveCfg = Release|Any CPU
		{23DE0001-1C1A-445F-8033-79E05B5713C6}.Release|Any CPU.Build.0 = Release|Any CPU
		{23DE0001-1C1A-445F-8033-79E05B5713C6}.Release|x64.ActiveCfg = Release|Any CPU
		{23DE0001-1C1A-445F-8033-79E05B5713C6}.Release|x64.Build.0 = Release|Any CPU
		{23DE0001-1C1A-445F-8033-79E05B5713C6}.Release|x86.ActiveCfg = Release|Any CPU
		{23DE0001-1C1A-445F-8033-79E05B5713C6}.Release|x86.Build.0 = Release|Any CPU
		{3568C949-3100-4774-87B9-0E5431C221A6}.Debug|Any CPU.ActiveCfg = Debug|Any CPU
		{3568C949-3100-4774-87B9-0E5431C221A6}.Debug|Any CPU.Build.0 = Debug|Any CPU
		{3568C949-3100-4774-87B9-0E5431C221A6}.Debug|x64.ActiveCfg = Debug|Any CPU
		{3568C949-3100-4774-87B9-0E5431C221A6}.Debug|x64.Build.0 = Debug|Any CPU
		{3568C949-3100-4774-87B9-0E5431C221A6}.Debug|x86.ActiveCfg = Debug|Any CPU
		{3568C949-3100-4774-87B9-0E5431C221A6}.Debug|x86.Build.0 = Debug|Any CPU
		{3568C949-3100-4774-87B9-0E5431C221A6}.Release|Any CPU.ActiveCfg = Release|Any CPU
		{3568C949-3100-4774-87B9-0E5431C221A6}.Release|Any CPU.Build.0 = Release|Any CPU
		{3568C949-3100-4774-87B9-0E5431C221A6}.Release|x64.ActiveCfg = Release|Any CPU
		{3568C949-3100-4774-87B9-0E5431C221A6}.Release|x64.Build.0 = Release|Any CPU
		{3568C949-3100-4774-87B9-0E5431C221A6}.Release|x86.ActiveCfg = Release|Any CPU
		{3568C949-3100-4774-87B9-0E5431C221A6}.Release|x86.Build.0 = Release|Any CPU
		{3D4DC0F4-70A6-4616-9C29-8441CD5A6747}.Debug|Any CPU.ActiveCfg = Debug|Any CPU
		{3D4DC0F4-70A6-4616-9C29-8441CD5A6747}.Debug|Any CPU.Build.0 = Debug|Any CPU
		{3D4DC0F4-70A6-4616-9C29-8441CD5A6747}.Debug|x64.ActiveCfg = Debug|Any CPU
		{3D4DC0F4-70A6-4616-9C29-8441CD5A6747}.Debug|x64.Build.0 = Debug|Any CPU
		{3D4DC0F4-70A6-4616-9C29-8441CD5A6747}.Debug|x86.ActiveCfg = Debug|Any CPU
		{3D4DC0F4-70A6-4616-9C29-8441CD5A6747}.Debug|x86.Build.0 = Debug|Any CPU
		{3D4DC0F4-70A6-4616-9C29-8441CD5A6747}.Release|Any CPU.ActiveCfg = Release|Any CPU
		{3D4DC0F4-70A6-4616-9C29-8441CD5A6747}.Release|Any CPU.Build.0 = Release|Any CPU
		{3D4DC0F4-70A6-4616-9C29-8441CD5A6747}.Release|x64.ActiveCfg = Release|Any CPU
		{3D4DC0F4-70A6-4616-9C29-8441CD5A6747}.Release|x64.Build.0 = Release|Any CPU
		{3D4DC0F4-70A6-4616-9C29-8441CD5A6747}.Release|x86.ActiveCfg = Release|Any CPU
		{3D4DC0F4-70A6-4616-9C29-8441CD5A6747}.Release|x86.Build.0 = Release|Any CPU
		{7F6E215A-9A0A-44DA-BCC0-041D7A566FD4}.Debug|Any CPU.ActiveCfg = Debug|Any CPU
		{7F6E215A-9A0A-44DA-BCC0-041D7A566FD4}.Debug|Any CPU.Build.0 = Debug|Any CPU
		{7F6E215A-9A0A-44DA-BCC0-041D7A566FD4}.Debug|x64.ActiveCfg = Debug|Any CPU
		{7F6E215A-9A0A-44DA-BCC0-041D7A566FD4}.Debug|x64.Build.0 = Debug|Any CPU
		{7F6E215A-9A0A-44DA-BCC0-041D7A566FD4}.Debug|x86.ActiveCfg = Debug|Any CPU
		{7F6E215A-9A0A-44DA-BCC0-041D7A566FD4}.Debug|x86.Build.0 = Debug|Any CPU
		{7F6E215A-9A0A-44DA-BCC0-041D7A566FD4}.Release|Any CPU.ActiveCfg = Release|Any CPU
		{7F6E215A-9A0A-44DA-BCC0-041D7A566FD4}.Release|Any CPU.Build.0 = Release|Any CPU
		{7F6E215A-9A0A-44DA-BCC0-041D7A566FD4}.Release|x64.ActiveCfg = Release|Any CPU
		{7F6E215A-9A0A-44DA-BCC0-041D7A566FD4}.Release|x64.Build.0 = Release|Any CPU
		{7F6E215A-9A0A-44DA-BCC0-041D7A566FD4}.Release|x86.ActiveCfg = Release|Any CPU
		{7F6E215A-9A0A-44DA-BCC0-041D7A566FD4}.Release|x86.Build.0 = Release|Any CPU
		{23FBF243-4295-4918-B73C-B3B7FF7B9238}.Debug|Any CPU.ActiveCfg = Debug|Any CPU
		{23FBF243-4295-4918-B73C-B3B7FF7B9238}.Debug|Any CPU.Build.0 = Debug|Any CPU
		{23FBF243-4295-4918-B73C-B3B7FF7B9238}.Debug|x64.ActiveCfg = Debug|Any CPU
		{23FBF243-4295-4918-B73C-B3B7FF7B9238}.Debug|x64.Build.0 = Debug|Any CPU
		{23FBF243-4295-4918-B73C-B3B7FF7B9238}.Debug|x86.ActiveCfg = Debug|Any CPU
		{23FBF243-4295-4918-B73C-B3B7FF7B9238}.Debug|x86.Build.0 = Debug|Any CPU
		{23FBF243-4295-4918-B73C-B3B7FF7B9238}.Release|Any CPU.ActiveCfg = Release|Any CPU
		{23FBF243-4295-4918-B73C-B3B7FF7B9238}.Release|Any CPU.Build.0 = Release|Any CPU
		{23FBF243-4295-4918-B73C-B3B7FF7B9238}.Release|x64.ActiveCfg = Release|Any CPU
		{23FBF243-4295-4918-B73C-B3B7FF7B9238}.Release|x64.Build.0 = Release|Any CPU
		{23FBF243-4295-4918-B73C-B3B7FF7B9238}.Release|x86.ActiveCfg = Release|Any CPU
		{23FBF243-4295-4918-B73C-B3B7FF7B9238}.Release|x86.Build.0 = Release|Any CPU
		{F9EB6678-E21C-4B33-A90E-CC1CA95BE9FC}.Debug|Any CPU.ActiveCfg = Debug|Any CPU
		{F9EB6678-E21C-4B33-A90E-CC1CA95BE9FC}.Debug|Any CPU.Build.0 = Debug|Any CPU
		{F9EB6678-E21C-4B33-A90E-CC1CA95BE9FC}.Debug|x64.ActiveCfg = Debug|Any CPU
		{F9EB6678-E21C-4B33-A90E-CC1CA95BE9FC}.Debug|x64.Build.0 = Debug|Any CPU
		{F9EB6678-E21C-4B33-A90E-CC1CA95BE9FC}.Debug|x86.ActiveCfg = Debug|Any CPU
		{F9EB6678-E21C-4B33-A90E-CC1CA95BE9FC}.Debug|x86.Build.0 = Debug|Any CPU
		{F9EB6678-E21C-4B33-A90E-CC1CA95BE9FC}.Release|Any CPU.ActiveCfg = Release|Any CPU
		{F9EB6678-E21C-4B33-A90E-CC1CA95BE9FC}.Release|Any CPU.Build.0 = Release|Any CPU
		{F9EB6678-E21C-4B33-A90E-CC1CA95BE9FC}.Release|x64.ActiveCfg = Release|Any CPU
		{F9EB6678-E21C-4B33-A90E-CC1CA95BE9FC}.Release|x64.Build.0 = Release|Any CPU
		{F9EB6678-E21C-4B33-A90E-CC1CA95BE9FC}.Release|x86.ActiveCfg = Release|Any CPU
		{F9EB6678-E21C-4B33-A90E-CC1CA95BE9FC}.Release|x86.Build.0 = Release|Any CPU
		{DF04C99D-1557-45CE-AB8E-F07EA6B8B4DF}.Debug|Any CPU.ActiveCfg = Debug|Any CPU
		{DF04C99D-1557-45CE-AB8E-F07EA6B8B4DF}.Debug|Any CPU.Build.0 = Debug|Any CPU
		{DF04C99D-1557-45CE-AB8E-F07EA6B8B4DF}.Debug|x64.ActiveCfg = Debug|Any CPU
		{DF04C99D-1557-45CE-AB8E-F07EA6B8B4DF}.Debug|x64.Build.0 = Debug|Any CPU
		{DF04C99D-1557-45CE-AB8E-F07EA6B8B4DF}.Debug|x86.ActiveCfg = Debug|Any CPU
		{DF04C99D-1557-45CE-AB8E-F07EA6B8B4DF}.Debug|x86.Build.0 = Debug|Any CPU
		{DF04C99D-1557-45CE-AB8E-F07EA6B8B4DF}.Release|Any CPU.ActiveCfg = Release|Any CPU
		{DF04C99D-1557-45CE-AB8E-F07EA6B8B4DF}.Release|Any CPU.Build.0 = Release|Any CPU
		{DF04C99D-1557-45CE-AB8E-F07EA6B8B4DF}.Release|x64.ActiveCfg = Release|Any CPU
		{DF04C99D-1557-45CE-AB8E-F07EA6B8B4DF}.Release|x64.Build.0 = Release|Any CPU
		{DF04C99D-1557-45CE-AB8E-F07EA6B8B4DF}.Release|x86.ActiveCfg = Release|Any CPU
		{DF04C99D-1557-45CE-AB8E-F07EA6B8B4DF}.Release|x86.Build.0 = Release|Any CPU
		{D9D33793-A024-4247-86C0-2553C6EEF79C}.Debug|Any CPU.ActiveCfg = Debug|Any CPU
		{D9D33793-A024-4247-86C0-2553C6EEF79C}.Debug|Any CPU.Build.0 = Debug|Any CPU
		{D9D33793-A024-4247-86C0-2553C6EEF79C}.Debug|x64.ActiveCfg = Debug|Any CPU
		{D9D33793-A024-4247-86C0-2553C6EEF79C}.Debug|x64.Build.0 = Debug|Any CPU
		{D9D33793-A024-4247-86C0-2553C6EEF79C}.Debug|x86.ActiveCfg = Debug|Any CPU
		{D9D33793-A024-4247-86C0-2553C6EEF79C}.Debug|x86.Build.0 = Debug|Any CPU
		{D9D33793-A024-4247-86C0-2553C6EEF79C}.Release|Any CPU.ActiveCfg = Release|Any CPU
		{D9D33793-A024-4247-86C0-2553C6EEF79C}.Release|Any CPU.Build.0 = Release|Any CPU
		{D9D33793-A024-4247-86C0-2553C6EEF79C}.Release|x64.ActiveCfg = Release|Any CPU
		{D9D33793-A024-4247-86C0-2553C6EEF79C}.Release|x64.Build.0 = Release|Any CPU
		{D9D33793-A024-4247-86C0-2553C6EEF79C}.Release|x86.ActiveCfg = Release|Any CPU
		{D9D33793-A024-4247-86C0-2553C6EEF79C}.Release|x86.Build.0 = Release|Any CPU
		{8CDDABAB-017C-408F-A485-DD759EA9B701}.Debug|Any CPU.ActiveCfg = Debug|Any CPU
		{8CDDABAB-017C-408F-A485-DD759EA9B701}.Debug|Any CPU.Build.0 = Debug|Any CPU
		{8CDDABAB-017C-408F-A485-DD759EA9B701}.Debug|x64.ActiveCfg = Debug|Any CPU
		{8CDDABAB-017C-408F-A485-DD759EA9B701}.Debug|x64.Build.0 = Debug|Any CPU
		{8CDDABAB-017C-408F-A485-DD759EA9B701}.Debug|x86.ActiveCfg = Debug|Any CPU
		{8CDDABAB-017C-408F-A485-DD759EA9B701}.Debug|x86.Build.0 = Debug|Any CPU
		{8CDDABAB-017C-408F-A485-DD759EA9B701}.Release|Any CPU.ActiveCfg = Release|Any CPU
		{8CDDABAB-017C-408F-A485-DD759EA9B701}.Release|Any CPU.Build.0 = Release|Any CPU
		{8CDDABAB-017C-408F-A485-DD759EA9B701}.Release|x64.ActiveCfg = Release|Any CPU
		{8CDDABAB-017C-408F-A485-DD759EA9B701}.Release|x64.Build.0 = Release|Any CPU
		{8CDDABAB-017C-408F-A485-DD759EA9B701}.Release|x86.ActiveCfg = Release|Any CPU
		{8CDDABAB-017C-408F-A485-DD759EA9B701}.Release|x86.Build.0 = Release|Any CPU
		{A94821A6-537D-48CA-9E92-5631270FEDF8}.Debug|Any CPU.ActiveCfg = Debug|Any CPU
		{A94821A6-537D-48CA-9E92-5631270FEDF8}.Debug|Any CPU.Build.0 = Debug|Any CPU
		{A94821A6-537D-48CA-9E92-5631270FEDF8}.Debug|x64.ActiveCfg = Debug|Any CPU
		{A94821A6-537D-48CA-9E92-5631270FEDF8}.Debug|x64.Build.0 = Debug|Any CPU
		{A94821A6-537D-48CA-9E92-5631270FEDF8}.Debug|x86.ActiveCfg = Debug|Any CPU
		{A94821A6-537D-48CA-9E92-5631270FEDF8}.Debug|x86.Build.0 = Debug|Any CPU
		{A94821A6-537D-48CA-9E92-5631270FEDF8}.Release|Any CPU.ActiveCfg = Release|Any CPU
		{A94821A6-537D-48CA-9E92-5631270FEDF8}.Release|Any CPU.Build.0 = Release|Any CPU
		{A94821A6-537D-48CA-9E92-5631270FEDF8}.Release|x64.ActiveCfg = Release|Any CPU
		{A94821A6-537D-48CA-9E92-5631270FEDF8}.Release|x64.Build.0 = Release|Any CPU
		{A94821A6-537D-48CA-9E92-5631270FEDF8}.Release|x86.ActiveCfg = Release|Any CPU
		{A94821A6-537D-48CA-9E92-5631270FEDF8}.Release|x86.Build.0 = Release|Any CPU
		{6F8F57F2-86A6-428F-9954-CDDBADA106C2}.Debug|Any CPU.ActiveCfg = Debug|Any CPU
		{6F8F57F2-86A6-428F-9954-CDDBADA106C2}.Debug|Any CPU.Build.0 = Debug|Any CPU
		{6F8F57F2-86A6-428F-9954-CDDBADA106C2}.Debug|x64.ActiveCfg = Debug|Any CPU
		{6F8F57F2-86A6-428F-9954-CDDBADA106C2}.Debug|x64.Build.0 = Debug|Any CPU
		{6F8F57F2-86A6-428F-9954-CDDBADA106C2}.Debug|x86.ActiveCfg = Debug|Any CPU
		{6F8F57F2-86A6-428F-9954-CDDBADA106C2}.Debug|x86.Build.0 = Debug|Any CPU
		{6F8F57F2-86A6-428F-9954-CDDBADA106C2}.Release|Any CPU.ActiveCfg = Release|Any CPU
		{6F8F57F2-86A6-428F-9954-CDDBADA106C2}.Release|Any CPU.Build.0 = Release|Any CPU
		{6F8F57F2-86A6-428F-9954-CDDBADA106C2}.Release|x64.ActiveCfg = Release|Any CPU
		{6F8F57F2-86A6-428F-9954-CDDBADA106C2}.Release|x64.Build.0 = Release|Any CPU
		{6F8F57F2-86A6-428F-9954-CDDBADA106C2}.Release|x86.ActiveCfg = Release|Any CPU
		{6F8F57F2-86A6-428F-9954-CDDBADA106C2}.Release|x86.Build.0 = Release|Any CPU
		{B3AFAF5C-F6BF-4DE0-8804-7C519A8D1C21}.Debug|Any CPU.ActiveCfg = Debug|Any CPU
		{B3AFAF5C-F6BF-4DE0-8804-7C519A8D1C21}.Debug|Any CPU.Build.0 = Debug|Any CPU
		{B3AFAF5C-F6BF-4DE0-8804-7C519A8D1C21}.Debug|x64.ActiveCfg = Debug|Any CPU
		{B3AFAF5C-F6BF-4DE0-8804-7C519A8D1C21}.Debug|x64.Build.0 = Debug|Any CPU
		{B3AFAF5C-F6BF-4DE0-8804-7C519A8D1C21}.Debug|x86.ActiveCfg = Debug|Any CPU
		{B3AFAF5C-F6BF-4DE0-8804-7C519A8D1C21}.Debug|x86.Build.0 = Debug|Any CPU
		{B3AFAF5C-F6BF-4DE0-8804-7C519A8D1C21}.Release|Any CPU.ActiveCfg = Release|Any CPU
		{B3AFAF5C-F6BF-4DE0-8804-7C519A8D1C21}.Release|Any CPU.Build.0 = Release|Any CPU
		{B3AFAF5C-F6BF-4DE0-8804-7C519A8D1C21}.Release|x64.ActiveCfg = Release|Any CPU
		{B3AFAF5C-F6BF-4DE0-8804-7C519A8D1C21}.Release|x64.Build.0 = Release|Any CPU
		{B3AFAF5C-F6BF-4DE0-8804-7C519A8D1C21}.Release|x86.ActiveCfg = Release|Any CPU
		{B3AFAF5C-F6BF-4DE0-8804-7C519A8D1C21}.Release|x86.Build.0 = Release|Any CPU
		{E81FEF04-9DD7-401A-B378-E1E11C5B0A8F}.Debug|Any CPU.ActiveCfg = Debug|Any CPU
		{E81FEF04-9DD7-401A-B378-E1E11C5B0A8F}.Debug|Any CPU.Build.0 = Debug|Any CPU
		{E81FEF04-9DD7-401A-B378-E1E11C5B0A8F}.Debug|x64.ActiveCfg = Debug|Any CPU
		{E81FEF04-9DD7-401A-B378-E1E11C5B0A8F}.Debug|x64.Build.0 = Debug|Any CPU
		{E81FEF04-9DD7-401A-B378-E1E11C5B0A8F}.Debug|x86.ActiveCfg = Debug|Any CPU
		{E81FEF04-9DD7-401A-B378-E1E11C5B0A8F}.Debug|x86.Build.0 = Debug|Any CPU
		{E81FEF04-9DD7-401A-B378-E1E11C5B0A8F}.Release|Any CPU.ActiveCfg = Release|Any CPU
		{E81FEF04-9DD7-401A-B378-E1E11C5B0A8F}.Release|Any CPU.Build.0 = Release|Any CPU
		{E81FEF04-9DD7-401A-B378-E1E11C5B0A8F}.Release|x64.ActiveCfg = Release|Any CPU
		{E81FEF04-9DD7-401A-B378-E1E11C5B0A8F}.Release|x64.Build.0 = Release|Any CPU
		{E81FEF04-9DD7-401A-B378-E1E11C5B0A8F}.Release|x86.ActiveCfg = Release|Any CPU
		{E81FEF04-9DD7-401A-B378-E1E11C5B0A8F}.Release|x86.Build.0 = Release|Any CPU
		{1DCF2D3F-4321-45CC-AB5C-0CE1AEF75EC7}.Debug|Any CPU.ActiveCfg = Debug|Any CPU
		{1DCF2D3F-4321-45CC-AB5C-0CE1AEF75EC7}.Debug|Any CPU.Build.0 = Debug|Any CPU
		{1DCF2D3F-4321-45CC-AB5C-0CE1AEF75EC7}.Debug|x64.ActiveCfg = Debug|Any CPU
		{1DCF2D3F-4321-45CC-AB5C-0CE1AEF75EC7}.Debug|x64.Build.0 = Debug|Any CPU
		{1DCF2D3F-4321-45CC-AB5C-0CE1AEF75EC7}.Debug|x86.ActiveCfg = Debug|Any CPU
		{1DCF2D3F-4321-45CC-AB5C-0CE1AEF75EC7}.Debug|x86.Build.0 = Debug|Any CPU
		{1DCF2D3F-4321-45CC-AB5C-0CE1AEF75EC7}.Release|Any CPU.ActiveCfg = Release|Any CPU
		{1DCF2D3F-4321-45CC-AB5C-0CE1AEF75EC7}.Release|Any CPU.Build.0 = Release|Any CPU
		{1DCF2D3F-4321-45CC-AB5C-0CE1AEF75EC7}.Release|x64.ActiveCfg = Release|Any CPU
		{1DCF2D3F-4321-45CC-AB5C-0CE1AEF75EC7}.Release|x64.Build.0 = Release|Any CPU
		{1DCF2D3F-4321-45CC-AB5C-0CE1AEF75EC7}.Release|x86.ActiveCfg = Release|Any CPU
		{1DCF2D3F-4321-45CC-AB5C-0CE1AEF75EC7}.Release|x86.Build.0 = Release|Any CPU
		{50DA1BDB-6BFB-4995-84DA-0202B0BC9B98}.Debug|Any CPU.ActiveCfg = Debug|Any CPU
		{50DA1BDB-6BFB-4995-84DA-0202B0BC9B98}.Debug|Any CPU.Build.0 = Debug|Any CPU
		{50DA1BDB-6BFB-4995-84DA-0202B0BC9B98}.Debug|x64.ActiveCfg = Debug|Any CPU
		{50DA1BDB-6BFB-4995-84DA-0202B0BC9B98}.Debug|x64.Build.0 = Debug|Any CPU
		{50DA1BDB-6BFB-4995-84DA-0202B0BC9B98}.Debug|x86.ActiveCfg = Debug|Any CPU
		{50DA1BDB-6BFB-4995-84DA-0202B0BC9B98}.Debug|x86.Build.0 = Debug|Any CPU
		{50DA1BDB-6BFB-4995-84DA-0202B0BC9B98}.Release|Any CPU.ActiveCfg = Release|Any CPU
		{50DA1BDB-6BFB-4995-84DA-0202B0BC9B98}.Release|Any CPU.Build.0 = Release|Any CPU
		{50DA1BDB-6BFB-4995-84DA-0202B0BC9B98}.Release|x64.ActiveCfg = Release|Any CPU
		{50DA1BDB-6BFB-4995-84DA-0202B0BC9B98}.Release|x64.Build.0 = Release|Any CPU
		{50DA1BDB-6BFB-4995-84DA-0202B0BC9B98}.Release|x86.ActiveCfg = Release|Any CPU
		{50DA1BDB-6BFB-4995-84DA-0202B0BC9B98}.Release|x86.Build.0 = Release|Any CPU
		{82102D92-68B2-48E4-A1F3-72BAE03E614F}.Debug|Any CPU.ActiveCfg = Debug|Any CPU
		{82102D92-68B2-48E4-A1F3-72BAE03E614F}.Debug|Any CPU.Build.0 = Debug|Any CPU
		{82102D92-68B2-48E4-A1F3-72BAE03E614F}.Debug|x64.ActiveCfg = Debug|Any CPU
		{82102D92-68B2-48E4-A1F3-72BAE03E614F}.Debug|x64.Build.0 = Debug|Any CPU
		{82102D92-68B2-48E4-A1F3-72BAE03E614F}.Debug|x86.ActiveCfg = Debug|Any CPU
		{82102D92-68B2-48E4-A1F3-72BAE03E614F}.Debug|x86.Build.0 = Debug|Any CPU
		{82102D92-68B2-48E4-A1F3-72BAE03E614F}.Release|Any CPU.ActiveCfg = Release|Any CPU
		{82102D92-68B2-48E4-A1F3-72BAE03E614F}.Release|Any CPU.Build.0 = Release|Any CPU
		{82102D92-68B2-48E4-A1F3-72BAE03E614F}.Release|x64.ActiveCfg = Release|Any CPU
		{82102D92-68B2-48E4-A1F3-72BAE03E614F}.Release|x64.Build.0 = Release|Any CPU
		{82102D92-68B2-48E4-A1F3-72BAE03E614F}.Release|x86.ActiveCfg = Release|Any CPU
		{82102D92-68B2-48E4-A1F3-72BAE03E614F}.Release|x86.Build.0 = Release|Any CPU
		{B5ECB826-1B42-4305-AF2F-446EAA196AC7}.Debug|Any CPU.ActiveCfg = Debug|Any CPU
		{B5ECB826-1B42-4305-AF2F-446EAA196AC7}.Debug|Any CPU.Build.0 = Debug|Any CPU
		{B5ECB826-1B42-4305-AF2F-446EAA196AC7}.Debug|x64.ActiveCfg = Debug|Any CPU
		{B5ECB826-1B42-4305-AF2F-446EAA196AC7}.Debug|x64.Build.0 = Debug|Any CPU
		{B5ECB826-1B42-4305-AF2F-446EAA196AC7}.Debug|x86.ActiveCfg = Debug|Any CPU
		{B5ECB826-1B42-4305-AF2F-446EAA196AC7}.Debug|x86.Build.0 = Debug|Any CPU
		{B5ECB826-1B42-4305-AF2F-446EAA196AC7}.Release|Any CPU.ActiveCfg = Release|Any CPU
		{B5ECB826-1B42-4305-AF2F-446EAA196AC7}.Release|Any CPU.Build.0 = Release|Any CPU
		{B5ECB826-1B42-4305-AF2F-446EAA196AC7}.Release|x64.ActiveCfg = Release|Any CPU
		{B5ECB826-1B42-4305-AF2F-446EAA196AC7}.Release|x64.Build.0 = Release|Any CPU
		{B5ECB826-1B42-4305-AF2F-446EAA196AC7}.Release|x86.ActiveCfg = Release|Any CPU
		{B5ECB826-1B42-4305-AF2F-446EAA196AC7}.Release|x86.Build.0 = Release|Any CPU
		{63E0C910-37B1-4E11-A525-060AA9A2E6E6}.Debug|Any CPU.ActiveCfg = Debug|Any CPU
		{63E0C910-37B1-4E11-A525-060AA9A2E6E6}.Debug|Any CPU.Build.0 = Debug|Any CPU
		{63E0C910-37B1-4E11-A525-060AA9A2E6E6}.Debug|x64.ActiveCfg = Debug|Any CPU
		{63E0C910-37B1-4E11-A525-060AA9A2E6E6}.Debug|x64.Build.0 = Debug|Any CPU
		{63E0C910-37B1-4E11-A525-060AA9A2E6E6}.Debug|x86.ActiveCfg = Debug|Any CPU
		{63E0C910-37B1-4E11-A525-060AA9A2E6E6}.Debug|x86.Build.0 = Debug|Any CPU
		{63E0C910-37B1-4E11-A525-060AA9A2E6E6}.Release|Any CPU.ActiveCfg = Release|Any CPU
		{63E0C910-37B1-4E11-A525-060AA9A2E6E6}.Release|Any CPU.Build.0 = Release|Any CPU
		{63E0C910-37B1-4E11-A525-060AA9A2E6E6}.Release|x64.ActiveCfg = Release|Any CPU
		{63E0C910-37B1-4E11-A525-060AA9A2E6E6}.Release|x64.Build.0 = Release|Any CPU
		{63E0C910-37B1-4E11-A525-060AA9A2E6E6}.Release|x86.ActiveCfg = Release|Any CPU
		{63E0C910-37B1-4E11-A525-060AA9A2E6E6}.Release|x86.Build.0 = Release|Any CPU
		{06F054EB-C0D5-4223-8427-4A8B274AB57A}.Debug|Any CPU.ActiveCfg = Debug|Any CPU
		{06F054EB-C0D5-4223-8427-4A8B274AB57A}.Debug|Any CPU.Build.0 = Debug|Any CPU
		{06F054EB-C0D5-4223-8427-4A8B274AB57A}.Debug|x64.ActiveCfg = Debug|Any CPU
		{06F054EB-C0D5-4223-8427-4A8B274AB57A}.Debug|x64.Build.0 = Debug|Any CPU
		{06F054EB-C0D5-4223-8427-4A8B274AB57A}.Debug|x86.ActiveCfg = Debug|Any CPU
		{06F054EB-C0D5-4223-8427-4A8B274AB57A}.Debug|x86.Build.0 = Debug|Any CPU
		{06F054EB-C0D5-4223-8427-4A8B274AB57A}.Release|Any CPU.ActiveCfg = Release|Any CPU
		{06F054EB-C0D5-4223-8427-4A8B274AB57A}.Release|Any CPU.Build.0 = Release|Any CPU
		{06F054EB-C0D5-4223-8427-4A8B274AB57A}.Release|x64.ActiveCfg = Release|Any CPU
		{06F054EB-C0D5-4223-8427-4A8B274AB57A}.Release|x64.Build.0 = Release|Any CPU
		{06F054EB-C0D5-4223-8427-4A8B274AB57A}.Release|x86.ActiveCfg = Release|Any CPU
		{06F054EB-C0D5-4223-8427-4A8B274AB57A}.Release|x86.Build.0 = Release|Any CPU
		{7A5F5F9C-F00A-431A-8F70-778E2BD5F292}.Debug|Any CPU.ActiveCfg = Debug|Any CPU
		{7A5F5F9C-F00A-431A-8F70-778E2BD5F292}.Debug|Any CPU.Build.0 = Debug|Any CPU
		{7A5F5F9C-F00A-431A-8F70-778E2BD5F292}.Debug|x64.ActiveCfg = Debug|Any CPU
		{7A5F5F9C-F00A-431A-8F70-778E2BD5F292}.Debug|x64.Build.0 = Debug|Any CPU
		{7A5F5F9C-F00A-431A-8F70-778E2BD5F292}.Debug|x86.ActiveCfg = Debug|Any CPU
		{7A5F5F9C-F00A-431A-8F70-778E2BD5F292}.Debug|x86.Build.0 = Debug|Any CPU
		{7A5F5F9C-F00A-431A-8F70-778E2BD5F292}.Release|Any CPU.ActiveCfg = Release|Any CPU
		{7A5F5F9C-F00A-431A-8F70-778E2BD5F292}.Release|Any CPU.Build.0 = Release|Any CPU
		{7A5F5F9C-F00A-431A-8F70-778E2BD5F292}.Release|x64.ActiveCfg = Release|Any CPU
		{7A5F5F9C-F00A-431A-8F70-778E2BD5F292}.Release|x64.Build.0 = Release|Any CPU
		{7A5F5F9C-F00A-431A-8F70-778E2BD5F292}.Release|x86.ActiveCfg = Release|Any CPU
		{7A5F5F9C-F00A-431A-8F70-778E2BD5F292}.Release|x86.Build.0 = Release|Any CPU
		{8C9EED18-BF4F-45D1-885E-E624C75EE267}.Debug|Any CPU.ActiveCfg = Debug|Any CPU
		{8C9EED18-BF4F-45D1-885E-E624C75EE267}.Debug|Any CPU.Build.0 = Debug|Any CPU
		{8C9EED18-BF4F-45D1-885E-E624C75EE267}.Debug|x64.ActiveCfg = Debug|Any CPU
		{8C9EED18-BF4F-45D1-885E-E624C75EE267}.Debug|x64.Build.0 = Debug|Any CPU
		{8C9EED18-BF4F-45D1-885E-E624C75EE267}.Debug|x86.ActiveCfg = Debug|Any CPU
		{8C9EED18-BF4F-45D1-885E-E624C75EE267}.Debug|x86.Build.0 = Debug|Any CPU
		{8C9EED18-BF4F-45D1-885E-E624C75EE267}.Release|Any CPU.ActiveCfg = Release|Any CPU
		{8C9EED18-BF4F-45D1-885E-E624C75EE267}.Release|Any CPU.Build.0 = Release|Any CPU
		{8C9EED18-BF4F-45D1-885E-E624C75EE267}.Release|x64.ActiveCfg = Release|Any CPU
		{8C9EED18-BF4F-45D1-885E-E624C75EE267}.Release|x64.Build.0 = Release|Any CPU
		{8C9EED18-BF4F-45D1-885E-E624C75EE267}.Release|x86.ActiveCfg = Release|Any CPU
		{8C9EED18-BF4F-45D1-885E-E624C75EE267}.Release|x86.Build.0 = Release|Any CPU
		{544641AD-09D9-4292-8B1F-B6E23773B0D4}.Debug|Any CPU.ActiveCfg = Debug|Any CPU
		{544641AD-09D9-4292-8B1F-B6E23773B0D4}.Debug|Any CPU.Build.0 = Debug|Any CPU
		{544641AD-09D9-4292-8B1F-B6E23773B0D4}.Debug|x64.ActiveCfg = Debug|Any CPU
		{544641AD-09D9-4292-8B1F-B6E23773B0D4}.Debug|x64.Build.0 = Debug|Any CPU
		{544641AD-09D9-4292-8B1F-B6E23773B0D4}.Debug|x86.ActiveCfg = Debug|Any CPU
		{544641AD-09D9-4292-8B1F-B6E23773B0D4}.Debug|x86.Build.0 = Debug|Any CPU
		{544641AD-09D9-4292-8B1F-B6E23773B0D4}.Release|Any CPU.ActiveCfg = Release|Any CPU
		{544641AD-09D9-4292-8B1F-B6E23773B0D4}.Release|Any CPU.Build.0 = Release|Any CPU
		{544641AD-09D9-4292-8B1F-B6E23773B0D4}.Release|x64.ActiveCfg = Release|Any CPU
		{544641AD-09D9-4292-8B1F-B6E23773B0D4}.Release|x64.Build.0 = Release|Any CPU
		{544641AD-09D9-4292-8B1F-B6E23773B0D4}.Release|x86.ActiveCfg = Release|Any CPU
		{544641AD-09D9-4292-8B1F-B6E23773B0D4}.Release|x86.Build.0 = Release|Any CPU
		{398C7C4D-E29B-40FA-B2CF-7181B4AA24A4}.Debug|Any CPU.ActiveCfg = Debug|Any CPU
		{398C7C4D-E29B-40FA-B2CF-7181B4AA24A4}.Debug|Any CPU.Build.0 = Debug|Any CPU
		{398C7C4D-E29B-40FA-B2CF-7181B4AA24A4}.Debug|x64.ActiveCfg = Debug|Any CPU
		{398C7C4D-E29B-40FA-B2CF-7181B4AA24A4}.Debug|x64.Build.0 = Debug|Any CPU
		{398C7C4D-E29B-40FA-B2CF-7181B4AA24A4}.Debug|x86.ActiveCfg = Debug|Any CPU
		{398C7C4D-E29B-40FA-B2CF-7181B4AA24A4}.Debug|x86.Build.0 = Debug|Any CPU
		{398C7C4D-E29B-40FA-B2CF-7181B4AA24A4}.Release|Any CPU.ActiveCfg = Release|Any CPU
		{398C7C4D-E29B-40FA-B2CF-7181B4AA24A4}.Release|Any CPU.Build.0 = Release|Any CPU
		{398C7C4D-E29B-40FA-B2CF-7181B4AA24A4}.Release|x64.ActiveCfg = Release|Any CPU
		{398C7C4D-E29B-40FA-B2CF-7181B4AA24A4}.Release|x64.Build.0 = Release|Any CPU
		{398C7C4D-E29B-40FA-B2CF-7181B4AA24A4}.Release|x86.ActiveCfg = Release|Any CPU
		{398C7C4D-E29B-40FA-B2CF-7181B4AA24A4}.Release|x86.Build.0 = Release|Any CPU
		{F56E874E-F1C2-49B4-A6B1-AE7A2FA6086C}.Debug|Any CPU.ActiveCfg = Debug|Any CPU
		{F56E874E-F1C2-49B4-A6B1-AE7A2FA6086C}.Debug|Any CPU.Build.0 = Debug|Any CPU
		{F56E874E-F1C2-49B4-A6B1-AE7A2FA6086C}.Debug|x64.ActiveCfg = Debug|Any CPU
		{F56E874E-F1C2-49B4-A6B1-AE7A2FA6086C}.Debug|x64.Build.0 = Debug|Any CPU
		{F56E874E-F1C2-49B4-A6B1-AE7A2FA6086C}.Debug|x86.ActiveCfg = Debug|Any CPU
		{F56E874E-F1C2-49B4-A6B1-AE7A2FA6086C}.Debug|x86.Build.0 = Debug|Any CPU
		{F56E874E-F1C2-49B4-A6B1-AE7A2FA6086C}.Release|Any CPU.ActiveCfg = Release|Any CPU
		{F56E874E-F1C2-49B4-A6B1-AE7A2FA6086C}.Release|Any CPU.Build.0 = Release|Any CPU
		{F56E874E-F1C2-49B4-A6B1-AE7A2FA6086C}.Release|x64.ActiveCfg = Release|Any CPU
		{F56E874E-F1C2-49B4-A6B1-AE7A2FA6086C}.Release|x64.Build.0 = Release|Any CPU
		{F56E874E-F1C2-49B4-A6B1-AE7A2FA6086C}.Release|x86.ActiveCfg = Release|Any CPU
		{F56E874E-F1C2-49B4-A6B1-AE7A2FA6086C}.Release|x86.Build.0 = Release|Any CPU
		{03AB2F8D-D5F6-4645-9B8F-DC0B30272B4F}.Debug|Any CPU.ActiveCfg = Debug|Any CPU
		{03AB2F8D-D5F6-4645-9B8F-DC0B30272B4F}.Debug|Any CPU.Build.0 = Debug|Any CPU
		{03AB2F8D-D5F6-4645-9B8F-DC0B30272B4F}.Debug|x64.ActiveCfg = Debug|Any CPU
		{03AB2F8D-D5F6-4645-9B8F-DC0B30272B4F}.Debug|x64.Build.0 = Debug|Any CPU
		{03AB2F8D-D5F6-4645-9B8F-DC0B30272B4F}.Debug|x86.ActiveCfg = Debug|Any CPU
		{03AB2F8D-D5F6-4645-9B8F-DC0B30272B4F}.Debug|x86.Build.0 = Debug|Any CPU
		{03AB2F8D-D5F6-4645-9B8F-DC0B30272B4F}.Release|Any CPU.ActiveCfg = Release|Any CPU
		{03AB2F8D-D5F6-4645-9B8F-DC0B30272B4F}.Release|Any CPU.Build.0 = Release|Any CPU
		{03AB2F8D-D5F6-4645-9B8F-DC0B30272B4F}.Release|x64.ActiveCfg = Release|Any CPU
		{03AB2F8D-D5F6-4645-9B8F-DC0B30272B4F}.Release|x64.Build.0 = Release|Any CPU
		{03AB2F8D-D5F6-4645-9B8F-DC0B30272B4F}.Release|x86.ActiveCfg = Release|Any CPU
		{03AB2F8D-D5F6-4645-9B8F-DC0B30272B4F}.Release|x86.Build.0 = Release|Any CPU
		{9B4671F6-1CFD-4C23-8874-C752B6C24EE7}.Debug|Any CPU.ActiveCfg = Debug|Any CPU
		{9B4671F6-1CFD-4C23-8874-C752B6C24EE7}.Debug|Any CPU.Build.0 = Debug|Any CPU
		{9B4671F6-1CFD-4C23-8874-C752B6C24EE7}.Debug|x64.ActiveCfg = Debug|Any CPU
		{9B4671F6-1CFD-4C23-8874-C752B6C24EE7}.Debug|x64.Build.0 = Debug|Any CPU
		{9B4671F6-1CFD-4C23-8874-C752B6C24EE7}.Debug|x86.ActiveCfg = Debug|Any CPU
		{9B4671F6-1CFD-4C23-8874-C752B6C24EE7}.Debug|x86.Build.0 = Debug|Any CPU
		{9B4671F6-1CFD-4C23-8874-C752B6C24EE7}.Release|Any CPU.ActiveCfg = Release|Any CPU
		{9B4671F6-1CFD-4C23-8874-C752B6C24EE7}.Release|Any CPU.Build.0 = Release|Any CPU
		{9B4671F6-1CFD-4C23-8874-C752B6C24EE7}.Release|x64.ActiveCfg = Release|Any CPU
		{9B4671F6-1CFD-4C23-8874-C752B6C24EE7}.Release|x64.Build.0 = Release|Any CPU
		{9B4671F6-1CFD-4C23-8874-C752B6C24EE7}.Release|x86.ActiveCfg = Release|Any CPU
		{9B4671F6-1CFD-4C23-8874-C752B6C24EE7}.Release|x86.Build.0 = Release|Any CPU
		{1C641923-C319-40FF-8A9C-70F007F75243}.Debug|Any CPU.ActiveCfg = Debug|Any CPU
		{1C641923-C319-40FF-8A9C-70F007F75243}.Debug|Any CPU.Build.0 = Debug|Any CPU
		{1C641923-C319-40FF-8A9C-70F007F75243}.Debug|x64.ActiveCfg = Debug|Any CPU
		{1C641923-C319-40FF-8A9C-70F007F75243}.Debug|x64.Build.0 = Debug|Any CPU
		{1C641923-C319-40FF-8A9C-70F007F75243}.Debug|x86.ActiveCfg = Debug|Any CPU
		{1C641923-C319-40FF-8A9C-70F007F75243}.Debug|x86.Build.0 = Debug|Any CPU
		{1C641923-C319-40FF-8A9C-70F007F75243}.Release|Any CPU.ActiveCfg = Release|Any CPU
		{1C641923-C319-40FF-8A9C-70F007F75243}.Release|Any CPU.Build.0 = Release|Any CPU
		{1C641923-C319-40FF-8A9C-70F007F75243}.Release|x64.ActiveCfg = Release|Any CPU
		{1C641923-C319-40FF-8A9C-70F007F75243}.Release|x64.Build.0 = Release|Any CPU
		{1C641923-C319-40FF-8A9C-70F007F75243}.Release|x86.ActiveCfg = Release|Any CPU
		{1C641923-C319-40FF-8A9C-70F007F75243}.Release|x86.Build.0 = Release|Any CPU
		{5607270A-986B-4EEC-9535-4D02503FDD36}.Debug|Any CPU.ActiveCfg = Debug|Any CPU
		{5607270A-986B-4EEC-9535-4D02503FDD36}.Debug|Any CPU.Build.0 = Debug|Any CPU
		{5607270A-986B-4EEC-9535-4D02503FDD36}.Debug|x64.ActiveCfg = Debug|Any CPU
		{5607270A-986B-4EEC-9535-4D02503FDD36}.Debug|x64.Build.0 = Debug|Any CPU
		{5607270A-986B-4EEC-9535-4D02503FDD36}.Debug|x86.ActiveCfg = Debug|Any CPU
		{5607270A-986B-4EEC-9535-4D02503FDD36}.Debug|x86.Build.0 = Debug|Any CPU
		{5607270A-986B-4EEC-9535-4D02503FDD36}.Release|Any CPU.ActiveCfg = Release|Any CPU
		{5607270A-986B-4EEC-9535-4D02503FDD36}.Release|Any CPU.Build.0 = Release|Any CPU
		{5607270A-986B-4EEC-9535-4D02503FDD36}.Release|x64.ActiveCfg = Release|Any CPU
		{5607270A-986B-4EEC-9535-4D02503FDD36}.Release|x64.Build.0 = Release|Any CPU
		{5607270A-986B-4EEC-9535-4D02503FDD36}.Release|x86.ActiveCfg = Release|Any CPU
		{5607270A-986B-4EEC-9535-4D02503FDD36}.Release|x86.Build.0 = Release|Any CPU
		{0CCCA0ED-79F6-45B9-8E77-B020A51ADC76}.Debug|Any CPU.ActiveCfg = Debug|Any CPU
		{0CCCA0ED-79F6-45B9-8E77-B020A51ADC76}.Debug|Any CPU.Build.0 = Debug|Any CPU
		{0CCCA0ED-79F6-45B9-8E77-B020A51ADC76}.Debug|x64.ActiveCfg = Debug|Any CPU
		{0CCCA0ED-79F6-45B9-8E77-B020A51ADC76}.Debug|x64.Build.0 = Debug|Any CPU
		{0CCCA0ED-79F6-45B9-8E77-B020A51ADC76}.Debug|x86.ActiveCfg = Debug|Any CPU
		{0CCCA0ED-79F6-45B9-8E77-B020A51ADC76}.Debug|x86.Build.0 = Debug|Any CPU
		{0CCCA0ED-79F6-45B9-8E77-B020A51ADC76}.Release|Any CPU.ActiveCfg = Release|Any CPU
		{0CCCA0ED-79F6-45B9-8E77-B020A51ADC76}.Release|Any CPU.Build.0 = Release|Any CPU
		{0CCCA0ED-79F6-45B9-8E77-B020A51ADC76}.Release|x64.ActiveCfg = Release|Any CPU
		{0CCCA0ED-79F6-45B9-8E77-B020A51ADC76}.Release|x64.Build.0 = Release|Any CPU
		{0CCCA0ED-79F6-45B9-8E77-B020A51ADC76}.Release|x86.ActiveCfg = Release|Any CPU
		{0CCCA0ED-79F6-45B9-8E77-B020A51ADC76}.Release|x86.Build.0 = Release|Any CPU
		{5AE2C394-1EE7-495E-9C39-59CF05B40B09}.Debug|Any CPU.ActiveCfg = Debug|Any CPU
		{5AE2C394-1EE7-495E-9C39-59CF05B40B09}.Debug|Any CPU.Build.0 = Debug|Any CPU
		{5AE2C394-1EE7-495E-9C39-59CF05B40B09}.Debug|x64.ActiveCfg = Debug|Any CPU
		{5AE2C394-1EE7-495E-9C39-59CF05B40B09}.Debug|x64.Build.0 = Debug|Any CPU
		{5AE2C394-1EE7-495E-9C39-59CF05B40B09}.Debug|x86.ActiveCfg = Debug|Any CPU
		{5AE2C394-1EE7-495E-9C39-59CF05B40B09}.Debug|x86.Build.0 = Debug|Any CPU
		{5AE2C394-1EE7-495E-9C39-59CF05B40B09}.Release|Any CPU.ActiveCfg = Release|Any CPU
		{5AE2C394-1EE7-495E-9C39-59CF05B40B09}.Release|Any CPU.Build.0 = Release|Any CPU
		{5AE2C394-1EE7-495E-9C39-59CF05B40B09}.Release|x64.ActiveCfg = Release|Any CPU
		{5AE2C394-1EE7-495E-9C39-59CF05B40B09}.Release|x64.Build.0 = Release|Any CPU
		{5AE2C394-1EE7-495E-9C39-59CF05B40B09}.Release|x86.ActiveCfg = Release|Any CPU
		{5AE2C394-1EE7-495E-9C39-59CF05B40B09}.Release|x86.Build.0 = Release|Any CPU
	EndGlobalSection
	GlobalSection(SolutionProperties) = preSolution
		HideSolutionNode = FALSE
	EndGlobalSection
	GlobalSection(NestedProjects) = preSolution
		{6F20BB50-5073-42C3-BC70-3559BFF40987} = {5E961B02-5046-4F57-A52E-6A28C0DE54E7}
		{D32563E5-02B2-43FA-ADBE-D3CEA9C656FF} = {B587CCD7-BC41-41B9-AF4F-D1255BDF8F29}
		{163C29A4-E164-40ED-B4FE-0A32A00EDB57} = {B587CCD7-BC41-41B9-AF4F-D1255BDF8F29}
		{57EB4DDA-0444-482C-9339-B3F762FC56C2} = {B587CCD7-BC41-41B9-AF4F-D1255BDF8F29}
		{672871A3-1EEA-4026-B7AF-6147FCC59BFA} = {B587CCD7-BC41-41B9-AF4F-D1255BDF8F29}
		{067A7C02-D041-45E7-828A-FF76AE580776} = {B587CCD7-BC41-41B9-AF4F-D1255BDF8F29}
		{AEFDB310-0CF8-4373-9C01-CB291F34B811} = {B587CCD7-BC41-41B9-AF4F-D1255BDF8F29}
		{573B2211-F37C-4AB2-815B-9A43D732D055} = {B587CCD7-BC41-41B9-AF4F-D1255BDF8F29}
		{F34E19C9-3786-49A3-98BB-A6358663D2F2} = {B587CCD7-BC41-41B9-AF4F-D1255BDF8F29}
		{55EB72C6-48DE-4468-A281-90099206D643} = {B587CCD7-BC41-41B9-AF4F-D1255BDF8F29}
		{7689755A-21F3-46FD-836C-CE6D4F175BE4} = {B587CCD7-BC41-41B9-AF4F-D1255BDF8F29}
		{0CA16489-C1DC-4028-8CC6-A381BC7CEF93} = {B587CCD7-BC41-41B9-AF4F-D1255BDF8F29}
		{0353EA03-BC2F-4E99-A64F-A57B1C231FCA} = {B587CCD7-BC41-41B9-AF4F-D1255BDF8F29}
		{2C4C9291-5837-499A-A909-2FC7AA9B2EBB} = {B587CCD7-BC41-41B9-AF4F-D1255BDF8F29}
		{3D5A052C-ABD6-4522-AFB4-C7C1E4FAED53} = {B587CCD7-BC41-41B9-AF4F-D1255BDF8F29}
		{682661E1-3E2F-497E-89D9-500174D8F6AE} = {B587CCD7-BC41-41B9-AF4F-D1255BDF8F29}
		{8AE3F893-B018-44E3-ACC5-C084D9B7DE7D} = {B587CCD7-BC41-41B9-AF4F-D1255BDF8F29}
		{5C4B8DE2-59D9-496D-A249-AD9B3FA959FF} = {B587CCD7-BC41-41B9-AF4F-D1255BDF8F29}
		{7A8CFF4C-A242-4D2A-802A-BB46364FC808} = {B587CCD7-BC41-41B9-AF4F-D1255BDF8F29}
		{A3EBF889-2BD5-487D-894B-1CE0E96DAFE3} = {B587CCD7-BC41-41B9-AF4F-D1255BDF8F29}
		{756D0E48-31DC-40D8-8900-FF5AE0D19F35} = {B587CCD7-BC41-41B9-AF4F-D1255BDF8F29}
		{E06B3C48-990E-4D7B-8169-2427F9BC4F43} = {B587CCD7-BC41-41B9-AF4F-D1255BDF8F29}
		{74984D12-D12E-4D2F-9BD2-BA9EDF25FA1E} = {B587CCD7-BC41-41B9-AF4F-D1255BDF8F29}
		{377CD740-CCFB-40E5-B37A-E79A9AEDA680} = {B587CCD7-BC41-41B9-AF4F-D1255BDF8F29}
		{AD4B3F26-2A3E-402B-AE66-ACECF23CF754} = {B587CCD7-BC41-41B9-AF4F-D1255BDF8F29}
		{DD0E455A-DA47-44C6-9ECC-34F891C999E6} = {B587CCD7-BC41-41B9-AF4F-D1255BDF8F29}
		{FDA06A8E-E363-4151-B506-49A53D97FCBC} = {B587CCD7-BC41-41B9-AF4F-D1255BDF8F29}
		{876EC800-AEAE-44EA-AA3F-17DC805702E8} = {B587CCD7-BC41-41B9-AF4F-D1255BDF8F29}
		{A784D19D-1513-46C7-9CCD-183702BF5BD6} = {B587CCD7-BC41-41B9-AF4F-D1255BDF8F29}
		{47B5B356-753B-44BE-A5D6-8FFB5E4581B4} = {B587CCD7-BC41-41B9-AF4F-D1255BDF8F29}
		{85C9B4B3-3EDD-41E3-9E75-626E8C5E3B31} = {B587CCD7-BC41-41B9-AF4F-D1255BDF8F29}
		{C6EEE547-08F1-41D9-867E-CC633CA09C06} = {B587CCD7-BC41-41B9-AF4F-D1255BDF8F29}
		{C4C329CB-B76B-4E87-9FA9-4C7EEE921668} = {B587CCD7-BC41-41B9-AF4F-D1255BDF8F29}
		{E92519C8-0F2F-4412-AF77-1A24265A2002} = {B587CCD7-BC41-41B9-AF4F-D1255BDF8F29}
		{14D885C2-8D53-4053-82BF-864A2AE493ED} = {B587CCD7-BC41-41B9-AF4F-D1255BDF8F29}
		{C6B214D2-3908-40A5-BF89-F04FDE379F05} = {B587CCD7-BC41-41B9-AF4F-D1255BDF8F29}
		{8FDE976D-D004-40FC-BF0E-176206925D51} = {B587CCD7-BC41-41B9-AF4F-D1255BDF8F29}
		{840C9FAA-4480-40B5-9382-99FADCDAFB91} = {B587CCD7-BC41-41B9-AF4F-D1255BDF8F29}
		{F349E346-BCCC-493F-9EB1-64B419805093} = {B587CCD7-BC41-41B9-AF4F-D1255BDF8F29}
		{7D38691D-19E7-4D85-B474-FE272FFED25E} = {B587CCD7-BC41-41B9-AF4F-D1255BDF8F29}
		{BA69C9EA-5146-46B1-9F9B-F91AACC34AF4} = {B587CCD7-BC41-41B9-AF4F-D1255BDF8F29}
		{D5DE4763-3F97-4DE5-A9FE-C6920EFE33E9} = {B587CCD7-BC41-41B9-AF4F-D1255BDF8F29}
		{23DE0001-1C1A-445F-8033-79E05B5713C6} = {B587CCD7-BC41-41B9-AF4F-D1255BDF8F29}
		{3568C949-3100-4774-87B9-0E5431C221A6} = {B587CCD7-BC41-41B9-AF4F-D1255BDF8F29}
		{3D4DC0F4-70A6-4616-9C29-8441CD5A6747} = {B587CCD7-BC41-41B9-AF4F-D1255BDF8F29}
		{7F6E215A-9A0A-44DA-BCC0-041D7A566FD4} = {B587CCD7-BC41-41B9-AF4F-D1255BDF8F29}
		{23FBF243-4295-4918-B73C-B3B7FF7B9238} = {B587CCD7-BC41-41B9-AF4F-D1255BDF8F29}
		{F9EB6678-E21C-4B33-A90E-CC1CA95BE9FC} = {B587CCD7-BC41-41B9-AF4F-D1255BDF8F29}
		{DF04C99D-1557-45CE-AB8E-F07EA6B8B4DF} = {B587CCD7-BC41-41B9-AF4F-D1255BDF8F29}
		{D9D33793-A024-4247-86C0-2553C6EEF79C} = {B587CCD7-BC41-41B9-AF4F-D1255BDF8F29}
		{8CDDABAB-017C-408F-A485-DD759EA9B701} = {B587CCD7-BC41-41B9-AF4F-D1255BDF8F29}
		{A94821A6-537D-48CA-9E92-5631270FEDF8} = {B587CCD7-BC41-41B9-AF4F-D1255BDF8F29}
		{6F8F57F2-86A6-428F-9954-CDDBADA106C2} = {B587CCD7-BC41-41B9-AF4F-D1255BDF8F29}
		{B3AFAF5C-F6BF-4DE0-8804-7C519A8D1C21} = {B587CCD7-BC41-41B9-AF4F-D1255BDF8F29}
		{E81FEF04-9DD7-401A-B378-E1E11C5B0A8F} = {B587CCD7-BC41-41B9-AF4F-D1255BDF8F29}
		{1DCF2D3F-4321-45CC-AB5C-0CE1AEF75EC7} = {B587CCD7-BC41-41B9-AF4F-D1255BDF8F29}
		{63E0C910-37B1-4E11-A525-060AA9A2E6E6} = {B587CCD7-BC41-41B9-AF4F-D1255BDF8F29}
		{1C641923-C319-40FF-8A9C-70F007F75243} = {B587CCD7-BC41-41B9-AF4F-D1255BDF8F29}
		{5607270A-986B-4EEC-9535-4D02503FDD36} = {B587CCD7-BC41-41B9-AF4F-D1255BDF8F29}
		{0CCCA0ED-79F6-45B9-8E77-B020A51ADC76} = {B587CCD7-BC41-41B9-AF4F-D1255BDF8F29}
		{5AE2C394-1EE7-495E-9C39-59CF05B40B09} = {B587CCD7-BC41-41B9-AF4F-D1255BDF8F29}
	EndGlobalSection
	GlobalSection(ExtensibilityGlobals) = postSolution
		SolutionGuid = {BEFE43C5-EABD-4BA6-AE5A-F18EFCF8DD1C}
	EndGlobalSection
EndGlobal
