
Microsoft Visual Studio Solution File, Format Version 12.00
# Visual Studio Version 16
VisualStudioVersion = 16.0.30114.105
MinimumVisualStudioVersion = 10.0.40219.1
Project("{FAE04EC0-301F-11D3-BF4B-00C04F79EFBC}") = "R5T.Capua", "R5T.Capua\R5T.Capua.csproj", "{8BF1DF0D-6891-4FF8-A714-892AB4F25849}"
EndProject
Project("{FAE04EC0-301F-11D3-BF4B-00C04F79EFBC}") = "R5T.Capua.Base", "R5T.Capua.Base\R5T.Capua.Base.csproj", "{472084EB-CDB0-4645-9936-5B8DA5B180D1}"
EndProject
Project("{FAE04EC0-301F-11D3-BF4B-00C04F79EFBC}") = "R5T.Capua.Construction", "R5T.Capua.Construction\R5T.Capua.Construction.csproj", "{97DC6337-5642-4B6B-9918-DBF635F20BF1}"
EndProject
Project("{FAE04EC0-301F-11D3-BF4B-00C04F79EFBC}") = "R5T.Capua.Default", "R5T.Capua.Default\R5T.Capua.Default.csproj", "{EB253C19-A220-48CE-9B3D-3C4F719AF51A}"
EndProject
Project("{FAE04EC0-301F-11D3-BF4B-00C04F79EFBC}") = "R5T.Capua.Destination.Base", "R5T.Capua.Destination.Base\R5T.Capua.Destination.Base.csproj", "{89800E59-0EBA-476E-9520-B5C084F025A9}"
EndProject
Project("{FAE04EC0-301F-11D3-BF4B-00C04F79EFBC}") = "R5T.Capua.Destination.Default", "R5T.Capua.Destination.Default\R5T.Capua.Destination.Default.csproj", "{DA7C4489-60CB-48C0-A9D9-1295D0BE7CA8}"
EndProject
Project("{FAE04EC0-301F-11D3-BF4B-00C04F79EFBC}") = "R5T.Capua.Standard", "R5T.Capua.Standard\R5T.Capua.Standard.csproj", "{C79F908B-6B70-45D3-87DB-545612446F8E}"
EndProject
Project("{FAE04EC0-301F-11D3-BF4B-00C04F79EFBC}") = "R5T.Capua.Testing", "R5T.Capua.Testing\R5T.Capua.Testing.csproj", "{582C9F82-DD3B-4555-B865-B918E003BFD1}"
EndProject
Project("{FAE04EC0-301F-11D3-BF4B-00C04F79EFBC}") = "R5T.Capua.Teutonia", "R5T.Capua.Teutonia\R5T.Capua.Teutonia.csproj", "{F455CF15-1C91-4B7F-A7EB-DF91541AC729}"
EndProject
Project("{FAE04EC0-301F-11D3-BF4B-00C04F79EFBC}") = "R5T.Gepidia.Destination.Base", "R5T.Gepidia.Destination.Base\R5T.Gepidia.Destination.Base.csproj", "{12ADFE35-6675-4CE6-96B1-5F31EFF2F8DF}"
EndProject
Project("{FAE04EC0-301F-11D3-BF4B-00C04F79EFBC}") = "R5T.Gepidia.Source.Base", "R5T.Gepidia.Source.Base\R5T.Gepidia.Source.Base.csproj", "{5A8B8F58-D774-41BB-B5B0-09CA3D98AC09}"
EndProject
Global
	GlobalSection(SolutionConfigurationPlatforms) = preSolution
		Debug|Any CPU = Debug|Any CPU
		Debug|x64 = Debug|x64
		Debug|x86 = Debug|x86
		Release|Any CPU = Release|Any CPU
		Release|x64 = Release|x64
		Release|x86 = Release|x86
	EndGlobalSection
	GlobalSection(SolutionProperties) = preSolution
		HideSolutionNode = FALSE
	EndGlobalSection
	GlobalSection(ProjectConfigurationPlatforms) = postSolution
		{8BF1DF0D-6891-4FF8-A714-892AB4F25849}.Debug|Any CPU.ActiveCfg = Debug|Any CPU
		{8BF1DF0D-6891-4FF8-A714-892AB4F25849}.Debug|Any CPU.Build.0 = Debug|Any CPU
		{8BF1DF0D-6891-4FF8-A714-892AB4F25849}.Debug|x64.ActiveCfg = Debug|Any CPU
		{8BF1DF0D-6891-4FF8-A714-892AB4F25849}.Debug|x64.Build.0 = Debug|Any CPU
		{8BF1DF0D-6891-4FF8-A714-892AB4F25849}.Debug|x86.ActiveCfg = Debug|Any CPU
		{8BF1DF0D-6891-4FF8-A714-892AB4F25849}.Debug|x86.Build.0 = Debug|Any CPU
		{8BF1DF0D-6891-4FF8-A714-892AB4F25849}.Release|Any CPU.ActiveCfg = Release|Any CPU
		{8BF1DF0D-6891-4FF8-A714-892AB4F25849}.Release|Any CPU.Build.0 = Release|Any CPU
		{8BF1DF0D-6891-4FF8-A714-892AB4F25849}.Release|x64.ActiveCfg = Release|Any CPU
		{8BF1DF0D-6891-4FF8-A714-892AB4F25849}.Release|x64.Build.0 = Release|Any CPU
		{8BF1DF0D-6891-4FF8-A714-892AB4F25849}.Release|x86.ActiveCfg = Release|Any CPU
		{8BF1DF0D-6891-4FF8-A714-892AB4F25849}.Release|x86.Build.0 = Release|Any CPU
		{472084EB-CDB0-4645-9936-5B8DA5B180D1}.Debug|Any CPU.ActiveCfg = Debug|Any CPU
		{472084EB-CDB0-4645-9936-5B8DA5B180D1}.Debug|Any CPU.Build.0 = Debug|Any CPU
		{472084EB-CDB0-4645-9936-5B8DA5B180D1}.Debug|x64.ActiveCfg = Debug|Any CPU
		{472084EB-CDB0-4645-9936-5B8DA5B180D1}.Debug|x64.Build.0 = Debug|Any CPU
		{472084EB-CDB0-4645-9936-5B8DA5B180D1}.Debug|x86.ActiveCfg = Debug|Any CPU
		{472084EB-CDB0-4645-9936-5B8DA5B180D1}.Debug|x86.Build.0 = Debug|Any CPU
		{472084EB-CDB0-4645-9936-5B8DA5B180D1}.Release|Any CPU.ActiveCfg = Release|Any CPU
		{472084EB-CDB0-4645-9936-5B8DA5B180D1}.Release|Any CPU.Build.0 = Release|Any CPU
		{472084EB-CDB0-4645-9936-5B8DA5B180D1}.Release|x64.ActiveCfg = Release|Any CPU
		{472084EB-CDB0-4645-9936-5B8DA5B180D1}.Release|x64.Build.0 = Release|Any CPU
		{472084EB-CDB0-4645-9936-5B8DA5B180D1}.Release|x86.ActiveCfg = Release|Any CPU
		{472084EB-CDB0-4645-9936-5B8DA5B180D1}.Release|x86.Build.0 = Release|Any CPU
		{97DC6337-5642-4B6B-9918-DBF635F20BF1}.Debug|Any CPU.ActiveCfg = Debug|Any CPU
		{97DC6337-5642-4B6B-9918-DBF635F20BF1}.Debug|Any CPU.Build.0 = Debug|Any CPU
		{97DC6337-5642-4B6B-9918-DBF635F20BF1}.Debug|x64.ActiveCfg = Debug|Any CPU
		{97DC6337-5642-4B6B-9918-DBF635F20BF1}.Debug|x64.Build.0 = Debug|Any CPU
		{97DC6337-5642-4B6B-9918-DBF635F20BF1}.Debug|x86.ActiveCfg = Debug|Any CPU
		{97DC6337-5642-4B6B-9918-DBF635F20BF1}.Debug|x86.Build.0 = Debug|Any CPU
		{97DC6337-5642-4B6B-9918-DBF635F20BF1}.Release|Any CPU.ActiveCfg = Release|Any CPU
		{97DC6337-5642-4B6B-9918-DBF635F20BF1}.Release|Any CPU.Build.0 = Release|Any CPU
		{97DC6337-5642-4B6B-9918-DBF635F20BF1}.Release|x64.ActiveCfg = Release|Any CPU
		{97DC6337-5642-4B6B-9918-DBF635F20BF1}.Release|x64.Build.0 = Release|Any CPU
		{97DC6337-5642-4B6B-9918-DBF635F20BF1}.Release|x86.ActiveCfg = Release|Any CPU
		{97DC6337-5642-4B6B-9918-DBF635F20BF1}.Release|x86.Build.0 = Release|Any CPU
		{EB253C19-A220-48CE-9B3D-3C4F719AF51A}.Debug|Any CPU.ActiveCfg = Debug|Any CPU
		{EB253C19-A220-48CE-9B3D-3C4F719AF51A}.Debug|Any CPU.Build.0 = Debug|Any CPU
		{EB253C19-A220-48CE-9B3D-3C4F719AF51A}.Debug|x64.ActiveCfg = Debug|Any CPU
		{EB253C19-A220-48CE-9B3D-3C4F719AF51A}.Debug|x64.Build.0 = Debug|Any CPU
		{EB253C19-A220-48CE-9B3D-3C4F719AF51A}.Debug|x86.ActiveCfg = Debug|Any CPU
		{EB253C19-A220-48CE-9B3D-3C4F719AF51A}.Debug|x86.Build.0 = Debug|Any CPU
		{EB253C19-A220-48CE-9B3D-3C4F719AF51A}.Release|Any CPU.ActiveCfg = Release|Any CPU
		{EB253C19-A220-48CE-9B3D-3C4F719AF51A}.Release|Any CPU.Build.0 = Release|Any CPU
		{EB253C19-A220-48CE-9B3D-3C4F719AF51A}.Release|x64.ActiveCfg = Release|Any CPU
		{EB253C19-A220-48CE-9B3D-3C4F719AF51A}.Release|x64.Build.0 = Release|Any CPU
		{EB253C19-A220-48CE-9B3D-3C4F719AF51A}.Release|x86.ActiveCfg = Release|Any CPU
		{EB253C19-A220-48CE-9B3D-3C4F719AF51A}.Release|x86.Build.0 = Release|Any CPU
		{89800E59-0EBA-476E-9520-B5C084F025A9}.Debug|Any CPU.ActiveCfg = Debug|Any CPU
		{89800E59-0EBA-476E-9520-B5C084F025A9}.Debug|Any CPU.Build.0 = Debug|Any CPU
		{89800E59-0EBA-476E-9520-B5C084F025A9}.Debug|x64.ActiveCfg = Debug|Any CPU
		{89800E59-0EBA-476E-9520-B5C084F025A9}.Debug|x64.Build.0 = Debug|Any CPU
		{89800E59-0EBA-476E-9520-B5C084F025A9}.Debug|x86.ActiveCfg = Debug|Any CPU
		{89800E59-0EBA-476E-9520-B5C084F025A9}.Debug|x86.Build.0 = Debug|Any CPU
		{89800E59-0EBA-476E-9520-B5C084F025A9}.Release|Any CPU.ActiveCfg = Release|Any CPU
		{89800E59-0EBA-476E-9520-B5C084F025A9}.Release|Any CPU.Build.0 = Release|Any CPU
		{89800E59-0EBA-476E-9520-B5C084F025A9}.Release|x64.ActiveCfg = Release|Any CPU
		{89800E59-0EBA-476E-9520-B5C084F025A9}.Release|x64.Build.0 = Release|Any CPU
		{89800E59-0EBA-476E-9520-B5C084F025A9}.Release|x86.ActiveCfg = Release|Any CPU
		{89800E59-0EBA-476E-9520-B5C084F025A9}.Release|x86.Build.0 = Release|Any CPU
		{DA7C4489-60CB-48C0-A9D9-1295D0BE7CA8}.Debug|Any CPU.ActiveCfg = Debug|Any CPU
		{DA7C4489-60CB-48C0-A9D9-1295D0BE7CA8}.Debug|Any CPU.Build.0 = Debug|Any CPU
		{DA7C4489-60CB-48C0-A9D9-1295D0BE7CA8}.Debug|x64.ActiveCfg = Debug|Any CPU
		{DA7C4489-60CB-48C0-A9D9-1295D0BE7CA8}.Debug|x64.Build.0 = Debug|Any CPU
		{DA7C4489-60CB-48C0-A9D9-1295D0BE7CA8}.Debug|x86.ActiveCfg = Debug|Any CPU
		{DA7C4489-60CB-48C0-A9D9-1295D0BE7CA8}.Debug|x86.Build.0 = Debug|Any CPU
		{DA7C4489-60CB-48C0-A9D9-1295D0BE7CA8}.Release|Any CPU.ActiveCfg = Release|Any CPU
		{DA7C4489-60CB-48C0-A9D9-1295D0BE7CA8}.Release|Any CPU.Build.0 = Release|Any CPU
		{DA7C4489-60CB-48C0-A9D9-1295D0BE7CA8}.Release|x64.ActiveCfg = Release|Any CPU
		{DA7C4489-60CB-48C0-A9D9-1295D0BE7CA8}.Release|x64.Build.0 = Release|Any CPU
		{DA7C4489-60CB-48C0-A9D9-1295D0BE7CA8}.Release|x86.ActiveCfg = Release|Any CPU
		{DA7C4489-60CB-48C0-A9D9-1295D0BE7CA8}.Release|x86.Build.0 = Release|Any CPU
		{C79F908B-6B70-45D3-87DB-545612446F8E}.Debug|Any CPU.ActiveCfg = Debug|Any CPU
		{C79F908B-6B70-45D3-87DB-545612446F8E}.Debug|Any CPU.Build.0 = Debug|Any CPU
		{C79F908B-6B70-45D3-87DB-545612446F8E}.Debug|x64.ActiveCfg = Debug|Any CPU
		{C79F908B-6B70-45D3-87DB-545612446F8E}.Debug|x64.Build.0 = Debug|Any CPU
		{C79F908B-6B70-45D3-87DB-545612446F8E}.Debug|x86.ActiveCfg = Debug|Any CPU
		{C79F908B-6B70-45D3-87DB-545612446F8E}.Debug|x86.Build.0 = Debug|Any CPU
		{C79F908B-6B70-45D3-87DB-545612446F8E}.Release|Any CPU.ActiveCfg = Release|Any CPU
		{C79F908B-6B70-45D3-87DB-545612446F8E}.Release|Any CPU.Build.0 = Release|Any CPU
		{C79F908B-6B70-45D3-87DB-545612446F8E}.Release|x64.ActiveCfg = Release|Any CPU
		{C79F908B-6B70-45D3-87DB-545612446F8E}.Release|x64.Build.0 = Release|Any CPU
		{C79F908B-6B70-45D3-87DB-545612446F8E}.Release|x86.ActiveCfg = Release|Any CPU
		{C79F908B-6B70-45D3-87DB-545612446F8E}.Release|x86.Build.0 = Release|Any CPU
		{582C9F82-DD3B-4555-B865-B918E003BFD1}.Debug|Any CPU.ActiveCfg = Debug|Any CPU
		{582C9F82-DD3B-4555-B865-B918E003BFD1}.Debug|Any CPU.Build.0 = Debug|Any CPU
		{582C9F82-DD3B-4555-B865-B918E003BFD1}.Debug|x64.ActiveCfg = Debug|Any CPU
		{582C9F82-DD3B-4555-B865-B918E003BFD1}.Debug|x64.Build.0 = Debug|Any CPU
		{582C9F82-DD3B-4555-B865-B918E003BFD1}.Debug|x86.ActiveCfg = Debug|Any CPU
		{582C9F82-DD3B-4555-B865-B918E003BFD1}.Debug|x86.Build.0 = Debug|Any CPU
		{582C9F82-DD3B-4555-B865-B918E003BFD1}.Release|Any CPU.ActiveCfg = Release|Any CPU
		{582C9F82-DD3B-4555-B865-B918E003BFD1}.Release|Any CPU.Build.0 = Release|Any CPU
		{582C9F82-DD3B-4555-B865-B918E003BFD1}.Release|x64.ActiveCfg = Release|Any CPU
		{582C9F82-DD3B-4555-B865-B918E003BFD1}.Release|x64.Build.0 = Release|Any CPU
		{582C9F82-DD3B-4555-B865-B918E003BFD1}.Release|x86.ActiveCfg = Release|Any CPU
		{582C9F82-DD3B-4555-B865-B918E003BFD1}.Release|x86.Build.0 = Release|Any CPU
		{F455CF15-1C91-4B7F-A7EB-DF91541AC729}.Debug|Any CPU.ActiveCfg = Debug|Any CPU
		{F455CF15-1C91-4B7F-A7EB-DF91541AC729}.Debug|Any CPU.Build.0 = Debug|Any CPU
		{F455CF15-1C91-4B7F-A7EB-DF91541AC729}.Debug|x64.ActiveCfg = Debug|Any CPU
		{F455CF15-1C91-4B7F-A7EB-DF91541AC729}.Debug|x64.Build.0 = Debug|Any CPU
		{F455CF15-1C91-4B7F-A7EB-DF91541AC729}.Debug|x86.ActiveCfg = Debug|Any CPU
		{F455CF15-1C91-4B7F-A7EB-DF91541AC729}.Debug|x86.Build.0 = Debug|Any CPU
		{F455CF15-1C91-4B7F-A7EB-DF91541AC729}.Release|Any CPU.ActiveCfg = Release|Any CPU
		{F455CF15-1C91-4B7F-A7EB-DF91541AC729}.Release|Any CPU.Build.0 = Release|Any CPU
		{F455CF15-1C91-4B7F-A7EB-DF91541AC729}.Release|x64.ActiveCfg = Release|Any CPU
		{F455CF15-1C91-4B7F-A7EB-DF91541AC729}.Release|x64.Build.0 = Release|Any CPU
		{F455CF15-1C91-4B7F-A7EB-DF91541AC729}.Release|x86.ActiveCfg = Release|Any CPU
		{F455CF15-1C91-4B7F-A7EB-DF91541AC729}.Release|x86.Build.0 = Release|Any CPU
		{12ADFE35-6675-4CE6-96B1-5F31EFF2F8DF}.Debug|Any CPU.ActiveCfg = Debug|Any CPU
		{12ADFE35-6675-4CE6-96B1-5F31EFF2F8DF}.Debug|Any CPU.Build.0 = Debug|Any CPU
		{12ADFE35-6675-4CE6-96B1-5F31EFF2F8DF}.Debug|x64.ActiveCfg = Debug|Any CPU
		{12ADFE35-6675-4CE6-96B1-5F31EFF2F8DF}.Debug|x64.Build.0 = Debug|Any CPU
		{12ADFE35-6675-4CE6-96B1-5F31EFF2F8DF}.Debug|x86.ActiveCfg = Debug|Any CPU
		{12ADFE35-6675-4CE6-96B1-5F31EFF2F8DF}.Debug|x86.Build.0 = Debug|Any CPU
		{12ADFE35-6675-4CE6-96B1-5F31EFF2F8DF}.Release|Any CPU.ActiveCfg = Release|Any CPU
		{12ADFE35-6675-4CE6-96B1-5F31EFF2F8DF}.Release|Any CPU.Build.0 = Release|Any CPU
		{12ADFE35-6675-4CE6-96B1-5F31EFF2F8DF}.Release|x64.ActiveCfg = Release|Any CPU
		{12ADFE35-6675-4CE6-96B1-5F31EFF2F8DF}.Release|x64.Build.0 = Release|Any CPU
		{12ADFE35-6675-4CE6-96B1-5F31EFF2F8DF}.Release|x86.ActiveCfg = Release|Any CPU
		{12ADFE35-6675-4CE6-96B1-5F31EFF2F8DF}.Release|x86.Build.0 = Release|Any CPU
		{5A8B8F58-D774-41BB-B5B0-09CA3D98AC09}.Debug|Any CPU.ActiveCfg = Debug|Any CPU
		{5A8B8F58-D774-41BB-B5B0-09CA3D98AC09}.Debug|Any CPU.Build.0 = Debug|Any CPU
		{5A8B8F58-D774-41BB-B5B0-09CA3D98AC09}.Debug|x64.ActiveCfg = Debug|Any CPU
		{5A8B8F58-D774-41BB-B5B0-09CA3D98AC09}.Debug|x64.Build.0 = Debug|Any CPU
		{5A8B8F58-D774-41BB-B5B0-09CA3D98AC09}.Debug|x86.ActiveCfg = Debug|Any CPU
		{5A8B8F58-D774-41BB-B5B0-09CA3D98AC09}.Debug|x86.Build.0 = Debug|Any CPU
		{5A8B8F58-D774-41BB-B5B0-09CA3D98AC09}.Release|Any CPU.ActiveCfg = Release|Any CPU
		{5A8B8F58-D774-41BB-B5B0-09CA3D98AC09}.Release|Any CPU.Build.0 = Release|Any CPU
		{5A8B8F58-D774-41BB-B5B0-09CA3D98AC09}.Release|x64.ActiveCfg = Release|Any CPU
		{5A8B8F58-D774-41BB-B5B0-09CA3D98AC09}.Release|x64.Build.0 = Release|Any CPU
		{5A8B8F58-D774-41BB-B5B0-09CA3D98AC09}.Release|x86.ActiveCfg = Release|Any CPU
		{5A8B8F58-D774-41BB-B5B0-09CA3D98AC09}.Release|x86.Build.0 = Release|Any CPU
	EndGlobalSection
EndGlobal
